// !$*UTF8*$!
{
	archiveVersion = 1;
	classes = {
	};
	objectVersion = 46;
	objects = {

/* Begin PBXBuildFile section */
		050855391557074100609C31 /* pencil.png in Resources */ = {isa = PBXBuildFile; fileRef = 050855371557074100609C31 /* pencil.png */; };
		0508553A1557074100609C31 /* pencil@2x.png in Resources */ = {isa = PBXBuildFile; fileRef = 050855381557074100609C31 /* pencil@2x.png */; };
		050CF12814F96A9100A31059 /* ContainerViewController.m in Sources */ = {isa = PBXBuildFile; fileRef = 050CF12614F96A9100A31059 /* ContainerViewController.m */; };
		050CF12914F96A9100A31059 /* ContainerViewController.xib in Resources */ = {isa = PBXBuildFile; fileRef = 050CF12714F96A9100A31059 /* ContainerViewController.xib */; };
		050CF15014F9A27D00A31059 /* CameraViewController.xib in Resources */ = {isa = PBXBuildFile; fileRef = 050CF14F14F9A27D00A31059 /* CameraViewController.xib */; };
		0529A7C71501D41900235B95 /* TransitionGestureRecognizer.m in Sources */ = {isa = PBXBuildFile; fileRef = 0529A7C61501D41900235B95 /* TransitionGestureRecognizer.m */; };
		052AE17B1528941F005D57B1 /* AssetsLibrary.framework in Frameworks */ = {isa = PBXBuildFile; fileRef = 052AE17A1528941F005D57B1 /* AssetsLibrary.framework */; };
		052AE17E1528943E005D57B1 /* CoreMedia.framework in Frameworks */ = {isa = PBXBuildFile; fileRef = 052AE17D1528943E005D57B1 /* CoreMedia.framework */; };
		0542DAE6151FFD85002C62A0 /* StreamOfViews.m in Sources */ = {isa = PBXBuildFile; fileRef = 0542DAE5151FFD85002C62A0 /* StreamOfViews.m */; };
		0542DAF91523EDA7002C62A0 /* flash-on.png in Resources */ = {isa = PBXBuildFile; fileRef = 0542DAF71523EDA7002C62A0 /* flash-on.png */; };
		0542DAFA1523EDA7002C62A0 /* flash-on@2x.png in Resources */ = {isa = PBXBuildFile; fileRef = 0542DAF81523EDA7002C62A0 /* flash-on@2x.png */; };
		0554A47B1503DDD000B9C76D /* DragGridView.m in Sources */ = {isa = PBXBuildFile; fileRef = 0554A47A1503DDD000B9C76D /* DragGridView.m */; };
		0554A47F1503DDFE00B9C76D /* DragRowView.m in Sources */ = {isa = PBXBuildFile; fileRef = 0554A47E1503DDFE00B9C76D /* DragRowView.m */; };
		05809C9815573EC900AF2079 /* whitestar.png in Resources */ = {isa = PBXBuildFile; fileRef = 05809C9415573EC900AF2079 /* whitestar.png */; };
		05809C9915573EC900AF2079 /* whitestar@2x.png in Resources */ = {isa = PBXBuildFile; fileRef = 05809C9515573EC900AF2079 /* whitestar@2x.png */; };
		05809C9A15573EC900AF2079 /* yellowstar.png in Resources */ = {isa = PBXBuildFile; fileRef = 05809C9615573EC900AF2079 /* yellowstar.png */; };
		05809C9B15573EC900AF2079 /* yellowstar@2x.png in Resources */ = {isa = PBXBuildFile; fileRef = 05809C9715573EC900AF2079 /* yellowstar@2x.png */; };
		05809CA3155742FE00AF2079 /* Capture.m in Sources */ = {isa = PBXBuildFile; fileRef = 05809CA2155742FE00AF2079 /* Capture.m */; };
		05809CB2155B3C6800AF2079 /* CommentViewController.m in Sources */ = {isa = PBXBuildFile; fileRef = 05809CB0155B3C6700AF2079 /* CommentViewController.m */; };
		05809CB3155B3C6800AF2079 /* CommentViewController.xib in Resources */ = {isa = PBXBuildFile; fileRef = 05809CB1155B3C6700AF2079 /* CommentViewController.xib */; };
		05809CBD155EE72900AF2079 /* TakePhotoView.m in Sources */ = {isa = PBXBuildFile; fileRef = 05809CBC155EE72800AF2079 /* TakePhotoView.m */; };
		058736B815556898007A5654 /* ImageEditView.xib in Resources */ = {isa = PBXBuildFile; fileRef = 058736B715556897007A5654 /* ImageEditView.xib */; };
		058736BA15556941007A5654 /* ImageMetaDataEditView.xib in Resources */ = {isa = PBXBuildFile; fileRef = 058736B915556941007A5654 /* ImageMetaDataEditView.xib */; };
		058A48E415620959002199F7 /* CoreImage.framework in Frameworks */ = {isa = PBXBuildFile; fileRef = 058A48E315620959002199F7 /* CoreImage.framework */; };
		058A48EC1562CD02002199F7 /* ParameterSliderView.m in Sources */ = {isa = PBXBuildFile; fileRef = 058A48EB1562CD02002199F7 /* ParameterSliderView.m */; };
		058B4FB715196B1F0087F717 /* LocalesViewController.m in Sources */ = {isa = PBXBuildFile; fileRef = 058B4FB515196B1F0087F717 /* LocalesViewController.m */; };
		058B4FB815196B1F0087F717 /* LocalesViewController.xib in Resources */ = {isa = PBXBuildFile; fileRef = 058B4FB615196B1F0087F717 /* LocalesViewController.xib */; };
		058B4FBC15196D840087F717 /* LocaleView.m in Sources */ = {isa = PBXBuildFile; fileRef = 058B4FBB15196D840087F717 /* LocaleView.m */; };
		0590C743153B3D8F0065AB42 /* CalendarDayView.m in Sources */ = {isa = PBXBuildFile; fileRef = 0590C739153B3D8F0065AB42 /* CalendarDayView.m */; };
		0590C744153B3D8F0065AB42 /* CalendarDayBackgroundView.m in Sources */ = {isa = PBXBuildFile; fileRef = 0590C73B153B3D8F0065AB42 /* CalendarDayBackgroundView.m */; };
		0590C745153B3D8F0065AB42 /* CalendarDayOfWeekView.m in Sources */ = {isa = PBXBuildFile; fileRef = 0590C73D153B3D8F0065AB42 /* CalendarDayOfWeekView.m */; };
		0590C746153B3D8F0065AB42 /* CalendarEntryView.m in Sources */ = {isa = PBXBuildFile; fileRef = 0590C73F153B3D8F0065AB42 /* CalendarEntryView.m */; };
		0590C747153B3D8F0065AB42 /* CalendarViewController.m in Sources */ = {isa = PBXBuildFile; fileRef = 0590C741153B3D8F0065AB42 /* CalendarViewController.m */; };
		0590C748153B3D8F0065AB42 /* CalendarViewController.xib in Resources */ = {isa = PBXBuildFile; fileRef = 0590C742153B3D8F0065AB42 /* CalendarViewController.xib */; };
		059772F51527D787008F3A1B /* Camera.m in Sources */ = {isa = PBXBuildFile; fileRef = 059772F01527D787008F3A1B /* Camera.m */; };
		059772F71527D787008F3A1B /* CameraViewController.m in Sources */ = {isa = PBXBuildFile; fileRef = 059772F41527D787008F3A1B /* CameraViewController.m */; };
		059772F91527D7B5008F3A1B /* AVFoundation.framework in Frameworks */ = {isa = PBXBuildFile; fileRef = 059772F81527D7B5008F3A1B /* AVFoundation.framework */; };
		05A0F0B9154354410082947D /* CalendarMonthAndYearView.m in Sources */ = {isa = PBXBuildFile; fileRef = 05A0F0B8154354410082947D /* CalendarMonthAndYearView.m */; };
		05AC025D1548CBCF00A29139 /* NSArray+Extensions.m in Sources */ = {isa = PBXBuildFile; fileRef = 05AC025C1548CBCF00A29139 /* NSArray+Extensions.m */; };
		05AED9311531E7F500E277BE /* Tag.m in Sources */ = {isa = PBXBuildFile; fileRef = 05AED9301531E7F500E277BE /* Tag.m */; };
		05AF480F154DCCAE0099576A /* ImageEntriesView.m in Sources */ = {isa = PBXBuildFile; fileRef = 05AF480E154DCCAE0099576A /* ImageEntriesView.m */; };
		05B2A7561533BBFC00499F6F /* Image.m in Sources */ = {isa = PBXBuildFile; fileRef = 05B2A7551533BBFC00499F6F /* Image.m */; };
		05B8371A152E6C5F00D99A40 /* ImageInspectView.m in Sources */ = {isa = PBXBuildFile; fileRef = 05B83719152E6C5F00D99A40 /* ImageInspectView.m */; };
		05B8372815309FB400D99A40 /* CoreData.framework in Frameworks */ = {isa = PBXBuildFile; fileRef = 05B8372715309FB400D99A40 /* CoreData.framework */; };
		05B837621530B5B500D99A40 /* photio.xcdatamodeld in Sources */ = {isa = PBXBuildFile; fileRef = 05B837601530B5B500D99A40 /* photio.xcdatamodeld */; };
		05B837731530C45100D99A40 /* UIImageToDataTransformer.m in Sources */ = {isa = PBXBuildFile; fileRef = 05B837721530C45100D99A40 /* UIImageToDataTransformer.m */; };
		05B837791530C6B800D99A40 /* Locale.m in Sources */ = {isa = PBXBuildFile; fileRef = 05B837781530C6B800D99A40 /* Locale.m */; };
		05B8377B1530DA1300D99A40 /* CoreLocation.framework in Frameworks */ = {isa = PBXBuildFile; fileRef = 05B8377A1530DA1200D99A40 /* CoreLocation.framework */; };
		05B8BB301561A0C80023346F /* ProgressView.m in Sources */ = {isa = PBXBuildFile; fileRef = 05B8BB2F1561A0C80023346F /* ProgressView.m */; };
		05B8BB331561A19A0023346F /* RoundedCornersView.m in Sources */ = {isa = PBXBuildFile; fileRef = 05B8BB321561A19A0023346F /* RoundedCornersView.m */; };
		05C59C3D14F5D157009AC823 /* ViewGeneral.m in Sources */ = {isa = PBXBuildFile; fileRef = 05C59C3C14F5D157009AC823 /* ViewGeneral.m */; };
		05C6050C156402AD00E02532 /* FilteredImage.m in Sources */ = {isa = PBXBuildFile; fileRef = 05C6050B156402AC00E02532 /* FilteredImage.m */; };
		05C99EC114F0585C00D09F3E /* UIKit.framework in Frameworks */ = {isa = PBXBuildFile; fileRef = 05C99EC014F0585C00D09F3E /* UIKit.framework */; };
		05C99EC314F0585C00D09F3E /* Foundation.framework in Frameworks */ = {isa = PBXBuildFile; fileRef = 05C99EC214F0585C00D09F3E /* Foundation.framework */; };
		05C99EC514F0585C00D09F3E /* CoreGraphics.framework in Frameworks */ = {isa = PBXBuildFile; fileRef = 05C99EC414F0585C00D09F3E /* CoreGraphics.framework */; };
		05C99ECB14F0585C00D09F3E /* InfoPlist.strings in Resources */ = {isa = PBXBuildFile; fileRef = 05C99EC914F0585C00D09F3E /* InfoPlist.strings */; };
		05C99ECD14F0585C00D09F3E /* main.m in Sources */ = {isa = PBXBuildFile; fileRef = 05C99ECC14F0585C00D09F3E /* main.m */; };
		05C99ED114F0585C00D09F3E /* PhotioAppDelegate.m in Sources */ = {isa = PBXBuildFile; fileRef = 05C99ED014F0585C00D09F3E /* PhotioAppDelegate.m */; };
		05CCEF9E15557711004FBD21 /* NSObject+Extensions.m in Sources */ = {isa = PBXBuildFile; fileRef = 05CCEF9D15557711004FBD21 /* NSObject+Extensions.m */; };
		05CCEFA215558EFB004FBD21 /* UIView+Extensions.m in Sources */ = {isa = PBXBuildFile; fileRef = 05CCEFA115558EFB004FBD21 /* UIView+Extensions.m */; };
		05CCEFA51555E0E9004FBD21 /* ImageControlView.m in Sources */ = {isa = PBXBuildFile; fileRef = 05CCEFA41555E0E8004FBD21 /* ImageControlView.m */; };
		05CCEFB61555F459004FBD21 /* export.png in Resources */ = {isa = PBXBuildFile; fileRef = 05CCEFB41555F459004FBD21 /* export.png */; };
		05CCEFB71555F459004FBD21 /* export@2x.png in Resources */ = {isa = PBXBuildFile; fileRef = 05CCEFB51555F459004FBD21 /* export@2x.png */; };
		05CCEFBA1556302D004FBD21 /* twitter.png in Resources */ = {isa = PBXBuildFile; fileRef = 05CCEFB81556302D004FBD21 /* twitter.png */; };
		05CCEFBB1556302D004FBD21 /* twitter@2x.png in Resources */ = {isa = PBXBuildFile; fileRef = 05CCEFB91556302D004FBD21 /* twitter@2x.png */; };
		05DE436A14F17503005FF6B0 /* UIImage+Alpha.m in Sources */ = {isa = PBXBuildFile; fileRef = 05DE436514F17503005FF6B0 /* UIImage+Alpha.m */; };
		05DE436B14F17503005FF6B0 /* UIImage+Resize.m in Sources */ = {isa = PBXBuildFile; fileRef = 05DE436714F17503005FF6B0 /* UIImage+Resize.m */; };
		05DE436C14F17503005FF6B0 /* UIImage+RoundedCorner.m in Sources */ = {isa = PBXBuildFile; fileRef = 05DE436914F17503005FF6B0 /* UIImage+RoundedCorner.m */; };
		05DE437114F1E51D005FF6B0 /* ImageInspectViewController.m in Sources */ = {isa = PBXBuildFile; fileRef = 05DE436F14F1E51C005FF6B0 /* ImageInspectViewController.m */; };
		05DE437214F1E51D005FF6B0 /* ImageInspectViewController.xib in Resources */ = {isa = PBXBuildFile; fileRef = 05DE437014F1E51C005FF6B0 /* ImageInspectViewController.xib */; };
		05DE439514F20064005FF6B0 /* QuartzCore.framework in Frameworks */ = {isa = PBXBuildFile; fileRef = 05DE439414F20064005FF6B0 /* QuartzCore.framework */; };
		05E4C21F1552233600C7266E /* ImageEditViewController.m in Sources */ = {isa = PBXBuildFile; fileRef = 05E4C21D1552233600C7266E /* ImageEditViewController.m */; };
		05E4C2201552233600C7266E /* ImageEditViewController.xib in Resources */ = {isa = PBXBuildFile; fileRef = 05E4C21E1552233600C7266E /* ImageEditViewController.xib */; };
		05E4C224155224D400C7266E /* ImageMetaDataEditView.m in Sources */ = {isa = PBXBuildFile; fileRef = 05E4C223155224D400C7266E /* ImageMetaDataEditView.m */; };
		05E4C2271552259800C7266E /* ImageEditView.m in Sources */ = {isa = PBXBuildFile; fileRef = 05E4C2261552259800C7266E /* ImageEditView.m */; };
		05EE0E8715366ACF00E5E541 /* DiagonalGestureRecognizer.m in Sources */ = {isa = PBXBuildFile; fileRef = 05EE0E8615366ACF00E5E541 /* DiagonalGestureRecognizer.m */; };
/* End PBXBuildFile section */

/* Begin PBXFileReference section */
		050855371557074100609C31 /* pencil.png */ = {isa = PBXFileReference; lastKnownFileType = image.png; name = pencil.png; path = photio/Images/pencil.png; sourceTree = SOURCE_ROOT; };
		050855381557074100609C31 /* pencil@2x.png */ = {isa = PBXFileReference; lastKnownFileType = image.png; name = "pencil@2x.png"; path = "photio/Images/pencil@2x.png"; sourceTree = SOURCE_ROOT; };
		050CF12514F96A9100A31059 /* ContainerViewController.h */ = {isa = PBXFileReference; fileEncoding = 4; lastKnownFileType = sourcecode.c.h; path = ContainerViewController.h; sourceTree = "<group>"; };
		050CF12614F96A9100A31059 /* ContainerViewController.m */ = {isa = PBXFileReference; fileEncoding = 4; lastKnownFileType = sourcecode.c.objc; path = ContainerViewController.m; sourceTree = "<group>"; };
		050CF12714F96A9100A31059 /* ContainerViewController.xib */ = {isa = PBXFileReference; fileEncoding = 4; lastKnownFileType = file.xib; path = ContainerViewController.xib; sourceTree = "<group>"; };
		050CF14F14F9A27D00A31059 /* CameraViewController.xib */ = {isa = PBXFileReference; fileEncoding = 4; lastKnownFileType = file.xib; path = CameraViewController.xib; sourceTree = "<group>"; };
		0529A7C51501D41900235B95 /* TransitionGestureRecognizer.h */ = {isa = PBXFileReference; fileEncoding = 4; lastKnownFileType = sourcecode.c.h; path = TransitionGestureRecognizer.h; sourceTree = "<group>"; };
		0529A7C61501D41900235B95 /* TransitionGestureRecognizer.m */ = {isa = PBXFileReference; fileEncoding = 4; lastKnownFileType = sourcecode.c.objc; path = TransitionGestureRecognizer.m; sourceTree = "<group>"; };
		052AE17A1528941F005D57B1 /* AssetsLibrary.framework */ = {isa = PBXFileReference; lastKnownFileType = wrapper.framework; name = AssetsLibrary.framework; path = System/Library/Frameworks/AssetsLibrary.framework; sourceTree = SDKROOT; };
		052AE17D1528943E005D57B1 /* CoreMedia.framework */ = {isa = PBXFileReference; lastKnownFileType = wrapper.framework; name = CoreMedia.framework; path = System/Library/Frameworks/CoreMedia.framework; sourceTree = SDKROOT; };
		052AE17F1528944F005D57B1 /* CoreVideo.framework */ = {isa = PBXFileReference; lastKnownFileType = wrapper.framework; name = CoreVideo.framework; path = System/Library/Frameworks/CoreVideo.framework; sourceTree = SDKROOT; };
		0542DAE4151FFD85002C62A0 /* StreamOfViews.h */ = {isa = PBXFileReference; fileEncoding = 4; lastKnownFileType = sourcecode.c.h; path = StreamOfViews.h; sourceTree = "<group>"; };
		0542DAE5151FFD85002C62A0 /* StreamOfViews.m */ = {isa = PBXFileReference; fileEncoding = 4; lastKnownFileType = sourcecode.c.objc; path = StreamOfViews.m; sourceTree = "<group>"; };
		0542DAF71523EDA7002C62A0 /* flash-on.png */ = {isa = PBXFileReference; lastKnownFileType = image.png; path = "flash-on.png"; sourceTree = "<group>"; };
		0542DAF81523EDA7002C62A0 /* flash-on@2x.png */ = {isa = PBXFileReference; lastKnownFileType = image.png; path = "flash-on@2x.png"; sourceTree = "<group>"; };
		0554A4791503DDD000B9C76D /* DragGridView.h */ = {isa = PBXFileReference; fileEncoding = 4; lastKnownFileType = sourcecode.c.h; path = DragGridView.h; sourceTree = "<group>"; };
		0554A47A1503DDD000B9C76D /* DragGridView.m */ = {isa = PBXFileReference; fileEncoding = 4; lastKnownFileType = sourcecode.c.objc; path = DragGridView.m; sourceTree = "<group>"; };
		0554A47D1503DDFE00B9C76D /* DragRowView.h */ = {isa = PBXFileReference; fileEncoding = 4; lastKnownFileType = sourcecode.c.h; path = DragRowView.h; sourceTree = "<group>"; };
		0554A47E1503DDFE00B9C76D /* DragRowView.m */ = {isa = PBXFileReference; fileEncoding = 4; lastKnownFileType = sourcecode.c.objc; path = DragRowView.m; sourceTree = "<group>"; };
		05809C9415573EC900AF2079 /* whitestar.png */ = {isa = PBXFileReference; lastKnownFileType = image.png; name = whitestar.png; path = photio/Images/whitestar.png; sourceTree = SOURCE_ROOT; };
		05809C9515573EC900AF2079 /* whitestar@2x.png */ = {isa = PBXFileReference; lastKnownFileType = image.png; name = "whitestar@2x.png"; path = "photio/Images/whitestar@2x.png"; sourceTree = SOURCE_ROOT; };
		05809C9615573EC900AF2079 /* yellowstar.png */ = {isa = PBXFileReference; lastKnownFileType = image.png; name = yellowstar.png; path = photio/Images/yellowstar.png; sourceTree = SOURCE_ROOT; };
		05809C9715573EC900AF2079 /* yellowstar@2x.png */ = {isa = PBXFileReference; lastKnownFileType = image.png; name = "yellowstar@2x.png"; path = "photio/Images/yellowstar@2x.png"; sourceTree = SOURCE_ROOT; };
		05809CA1155742FE00AF2079 /* Capture.h */ = {isa = PBXFileReference; fileEncoding = 4; lastKnownFileType = sourcecode.c.h; path = Capture.h; sourceTree = "<group>"; };
		05809CA2155742FE00AF2079 /* Capture.m */ = {isa = PBXFileReference; fileEncoding = 4; lastKnownFileType = sourcecode.c.objc; path = Capture.m; sourceTree = "<group>"; };
		05809CAF155B3C6700AF2079 /* CommentViewController.h */ = {isa = PBXFileReference; fileEncoding = 4; lastKnownFileType = sourcecode.c.h; name = CommentViewController.h; path = photio/PhotoAlbum/CommentViewController.h; sourceTree = SOURCE_ROOT; };
		05809CB0155B3C6700AF2079 /* CommentViewController.m */ = {isa = PBXFileReference; fileEncoding = 4; lastKnownFileType = sourcecode.c.objc; name = CommentViewController.m; path = photio/PhotoAlbum/CommentViewController.m; sourceTree = SOURCE_ROOT; };
		05809CB1155B3C6700AF2079 /* CommentViewController.xib */ = {isa = PBXFileReference; fileEncoding = 4; lastKnownFileType = file.xib; name = CommentViewController.xib; path = photio/PhotoAlbum/CommentViewController.xib; sourceTree = SOURCE_ROOT; };
		05809CBB155EE72600AF2079 /* TakePhotoView.h */ = {isa = PBXFileReference; fileEncoding = 4; lastKnownFileType = sourcecode.c.h; name = TakePhotoView.h; path = photio/PhotoAlbum/TakePhotoView.h; sourceTree = SOURCE_ROOT; };
		05809CBC155EE72800AF2079 /* TakePhotoView.m */ = {isa = PBXFileReference; fileEncoding = 4; lastKnownFileType = sourcecode.c.objc; name = TakePhotoView.m; path = photio/PhotoAlbum/TakePhotoView.m; sourceTree = SOURCE_ROOT; };
		058736B715556897007A5654 /* ImageEditView.xib */ = {isa = PBXFileReference; fileEncoding = 4; lastKnownFileType = file.xib; name = ImageEditView.xib; path = photio/PhotoAlbum/ImageEditView.xib; sourceTree = SOURCE_ROOT; };
		058736B915556941007A5654 /* ImageMetaDataEditView.xib */ = {isa = PBXFileReference; fileEncoding = 4; lastKnownFileType = file.xib; name = ImageMetaDataEditView.xib; path = photio/PhotoAlbum/ImageMetaDataEditView.xib; sourceTree = SOURCE_ROOT; };
		058A48E315620959002199F7 /* CoreImage.framework */ = {isa = PBXFileReference; lastKnownFileType = wrapper.framework; name = CoreImage.framework; path = System/Library/Frameworks/CoreImage.framework; sourceTree = SDKROOT; };
		058A48EA1562CD02002199F7 /* ParameterSliderView.h */ = {isa = PBXFileReference; fileEncoding = 4; lastKnownFileType = sourcecode.c.h; name = ParameterSliderView.h; path = photio/Library/ParameterSliderView.h; sourceTree = SOURCE_ROOT; };
		058A48EB1562CD02002199F7 /* ParameterSliderView.m */ = {isa = PBXFileReference; fileEncoding = 4; lastKnownFileType = sourcecode.c.objc; name = ParameterSliderView.m; path = photio/Library/ParameterSliderView.m; sourceTree = SOURCE_ROOT; };
		058B4FB415196B1F0087F717 /* LocalesViewController.h */ = {isa = PBXFileReference; fileEncoding = 4; lastKnownFileType = sourcecode.c.h; path = LocalesViewController.h; sourceTree = "<group>"; };
		058B4FB515196B1F0087F717 /* LocalesViewController.m */ = {isa = PBXFileReference; fileEncoding = 4; lastKnownFileType = sourcecode.c.objc; path = LocalesViewController.m; sourceTree = "<group>"; };
		058B4FB615196B1F0087F717 /* LocalesViewController.xib */ = {isa = PBXFileReference; fileEncoding = 4; lastKnownFileType = file.xib; path = LocalesViewController.xib; sourceTree = "<group>"; };
		058B4FBA15196D840087F717 /* LocaleView.h */ = {isa = PBXFileReference; fileEncoding = 4; lastKnownFileType = sourcecode.c.h; path = LocaleView.h; sourceTree = "<group>"; };
		058B4FBB15196D840087F717 /* LocaleView.m */ = {isa = PBXFileReference; fileEncoding = 4; lastKnownFileType = sourcecode.c.objc; path = LocaleView.m; sourceTree = "<group>"; };
		0590C738153B3D8F0065AB42 /* CalendarDayView.h */ = {isa = PBXFileReference; fileEncoding = 4; lastKnownFileType = sourcecode.c.h; path = CalendarDayView.h; sourceTree = "<group>"; };
		0590C739153B3D8F0065AB42 /* CalendarDayView.m */ = {isa = PBXFileReference; fileEncoding = 4; lastKnownFileType = sourcecode.c.objc; path = CalendarDayView.m; sourceTree = "<group>"; };
		0590C73A153B3D8F0065AB42 /* CalendarDayBackgroundView.h */ = {isa = PBXFileReference; fileEncoding = 4; lastKnownFileType = sourcecode.c.h; path = CalendarDayBackgroundView.h; sourceTree = "<group>"; };
		0590C73B153B3D8F0065AB42 /* CalendarDayBackgroundView.m */ = {isa = PBXFileReference; fileEncoding = 4; lastKnownFileType = sourcecode.c.objc; path = CalendarDayBackgroundView.m; sourceTree = "<group>"; };
		0590C73C153B3D8F0065AB42 /* CalendarDayOfWeekView.h */ = {isa = PBXFileReference; fileEncoding = 4; lastKnownFileType = sourcecode.c.h; path = CalendarDayOfWeekView.h; sourceTree = "<group>"; };
		0590C73D153B3D8F0065AB42 /* CalendarDayOfWeekView.m */ = {isa = PBXFileReference; fileEncoding = 4; lastKnownFileType = sourcecode.c.objc; path = CalendarDayOfWeekView.m; sourceTree = "<group>"; };
		0590C73E153B3D8F0065AB42 /* CalendarEntryView.h */ = {isa = PBXFileReference; fileEncoding = 4; lastKnownFileType = sourcecode.c.h; path = CalendarEntryView.h; sourceTree = "<group>"; };
		0590C73F153B3D8F0065AB42 /* CalendarEntryView.m */ = {isa = PBXFileReference; fileEncoding = 4; lastKnownFileType = sourcecode.c.objc; path = CalendarEntryView.m; sourceTree = "<group>"; };
		0590C740153B3D8F0065AB42 /* CalendarViewController.h */ = {isa = PBXFileReference; fileEncoding = 4; lastKnownFileType = sourcecode.c.h; path = CalendarViewController.h; sourceTree = "<group>"; };
		0590C741153B3D8F0065AB42 /* CalendarViewController.m */ = {isa = PBXFileReference; fileEncoding = 4; lastKnownFileType = sourcecode.c.objc; path = CalendarViewController.m; sourceTree = "<group>"; };
		0590C742153B3D8F0065AB42 /* CalendarViewController.xib */ = {isa = PBXFileReference; fileEncoding = 4; lastKnownFileType = file.xib; path = CalendarViewController.xib; sourceTree = "<group>"; };
		059772EF1527D787008F3A1B /* Camera.h */ = {isa = PBXFileReference; fileEncoding = 4; lastKnownFileType = sourcecode.c.h; path = Camera.h; sourceTree = "<group>"; };
		059772F01527D787008F3A1B /* Camera.m */ = {isa = PBXFileReference; fileEncoding = 4; lastKnownFileType = sourcecode.c.objc; path = Camera.m; sourceTree = "<group>"; };
		059772F31527D787008F3A1B /* CameraViewController.h */ = {isa = PBXFileReference; fileEncoding = 4; lastKnownFileType = sourcecode.c.h; path = CameraViewController.h; sourceTree = "<group>"; };
		059772F41527D787008F3A1B /* CameraViewController.m */ = {isa = PBXFileReference; fileEncoding = 4; lastKnownFileType = sourcecode.c.objc; path = CameraViewController.m; sourceTree = "<group>"; };
		059772F81527D7B5008F3A1B /* AVFoundation.framework */ = {isa = PBXFileReference; lastKnownFileType = wrapper.framework; name = AVFoundation.framework; path = System/Library/Frameworks/AVFoundation.framework; sourceTree = SDKROOT; };
		05A0F0B7154354410082947D /* CalendarMonthAndYearView.h */ = {isa = PBXFileReference; fileEncoding = 4; lastKnownFileType = sourcecode.c.h; path = CalendarMonthAndYearView.h; sourceTree = "<group>"; };
		05A0F0B8154354410082947D /* CalendarMonthAndYearView.m */ = {isa = PBXFileReference; fileEncoding = 4; lastKnownFileType = sourcecode.c.objc; path = CalendarMonthAndYearView.m; sourceTree = "<group>"; };
		05AC025B1548CBCF00A29139 /* NSArray+Extensions.h */ = {isa = PBXFileReference; fileEncoding = 4; lastKnownFileType = sourcecode.c.h; path = "NSArray+Extensions.h"; sourceTree = "<group>"; };
		05AC025C1548CBCF00A29139 /* NSArray+Extensions.m */ = {isa = PBXFileReference; fileEncoding = 4; lastKnownFileType = sourcecode.c.objc; path = "NSArray+Extensions.m"; sourceTree = "<group>"; };
		05AED92F1531E7F500E277BE /* Tag.h */ = {isa = PBXFileReference; fileEncoding = 4; lastKnownFileType = sourcecode.c.h; path = Tag.h; sourceTree = "<group>"; };
		05AED9301531E7F500E277BE /* Tag.m */ = {isa = PBXFileReference; fileEncoding = 4; lastKnownFileType = sourcecode.c.objc; path = Tag.m; sourceTree = "<group>"; };
		05AF480D154DCCAE0099576A /* ImageEntriesView.h */ = {isa = PBXFileReference; fileEncoding = 4; lastKnownFileType = sourcecode.c.h; name = ImageEntriesView.h; path = photio/PhotoAlbum/ImageEntriesView.h; sourceTree = SOURCE_ROOT; };
		05AF480E154DCCAE0099576A /* ImageEntriesView.m */ = {isa = PBXFileReference; fileEncoding = 4; lastKnownFileType = sourcecode.c.objc; name = ImageEntriesView.m; path = photio/PhotoAlbum/ImageEntriesView.m; sourceTree = SOURCE_ROOT; };
		05B2A7541533BBFC00499F6F /* Image.h */ = {isa = PBXFileReference; fileEncoding = 4; lastKnownFileType = sourcecode.c.h; path = Image.h; sourceTree = "<group>"; };
		05B2A7551533BBFC00499F6F /* Image.m */ = {isa = PBXFileReference; fileEncoding = 4; lastKnownFileType = sourcecode.c.objc; path = Image.m; sourceTree = "<group>"; };
		05B83718152E6C5F00D99A40 /* ImageInspectView.h */ = {isa = PBXFileReference; fileEncoding = 4; lastKnownFileType = sourcecode.c.h; path = ImageInspectView.h; sourceTree = "<group>"; };
		05B83719152E6C5F00D99A40 /* ImageInspectView.m */ = {isa = PBXFileReference; fileEncoding = 4; lastKnownFileType = sourcecode.c.objc; path = ImageInspectView.m; sourceTree = "<group>"; };
		05B8372715309FB400D99A40 /* CoreData.framework */ = {isa = PBXFileReference; lastKnownFileType = wrapper.framework; name = CoreData.framework; path = System/Library/Frameworks/CoreData.framework; sourceTree = SDKROOT; };
		05B837611530B5B500D99A40 /* photio.xcdatamodel */ = {isa = PBXFileReference; lastKnownFileType = wrapper.xcdatamodel; path = photio.xcdatamodel; sourceTree = "<group>"; };
		05B837711530C45100D99A40 /* UIImageToDataTransformer.h */ = {isa = PBXFileReference; fileEncoding = 4; lastKnownFileType = sourcecode.c.h; path = UIImageToDataTransformer.h; sourceTree = "<group>"; };
		05B837721530C45100D99A40 /* UIImageToDataTransformer.m */ = {isa = PBXFileReference; fileEncoding = 4; lastKnownFileType = sourcecode.c.objc; path = UIImageToDataTransformer.m; sourceTree = "<group>"; };
		05B837771530C6B800D99A40 /* Locale.h */ = {isa = PBXFileReference; fileEncoding = 4; lastKnownFileType = sourcecode.c.h; path = Locale.h; sourceTree = "<group>"; };
		05B837781530C6B800D99A40 /* Locale.m */ = {isa = PBXFileReference; fileEncoding = 4; lastKnownFileType = sourcecode.c.objc; path = Locale.m; sourceTree = "<group>"; };
		05B8377A1530DA1200D99A40 /* CoreLocation.framework */ = {isa = PBXFileReference; lastKnownFileType = wrapper.framework; name = CoreLocation.framework; path = System/Library/Frameworks/CoreLocation.framework; sourceTree = SDKROOT; };
		05B8BB2E1561A0C80023346F /* ProgressView.h */ = {isa = PBXFileReference; fileEncoding = 4; lastKnownFileType = sourcecode.c.h; name = ProgressView.h; path = photio/Library/ProgressView.h; sourceTree = SOURCE_ROOT; };
		05B8BB2F1561A0C80023346F /* ProgressView.m */ = {isa = PBXFileReference; fileEncoding = 4; lastKnownFileType = sourcecode.c.objc; name = ProgressView.m; path = photio/Library/ProgressView.m; sourceTree = SOURCE_ROOT; };
		05B8BB311561A19A0023346F /* RoundedCornersView.h */ = {isa = PBXFileReference; fileEncoding = 4; lastKnownFileType = sourcecode.c.h; name = RoundedCornersView.h; path = photio/Library/RoundedCornersView.h; sourceTree = SOURCE_ROOT; };
		05B8BB321561A19A0023346F /* RoundedCornersView.m */ = {isa = PBXFileReference; fileEncoding = 4; lastKnownFileType = sourcecode.c.objc; name = RoundedCornersView.m; path = photio/Library/RoundedCornersView.m; sourceTree = SOURCE_ROOT; };
		05C59C3B14F5D157009AC823 /* ViewGeneral.h */ = {isa = PBXFileReference; fileEncoding = 4; lastKnownFileType = sourcecode.c.h; path = ViewGeneral.h; sourceTree = "<group>"; };
		05C59C3C14F5D157009AC823 /* ViewGeneral.m */ = {isa = PBXFileReference; fileEncoding = 4; lastKnownFileType = sourcecode.c.objc; path = ViewGeneral.m; sourceTree = "<group>"; };
		05C6050A156402AC00E02532 /* FilteredImage.h */ = {isa = PBXFileReference; fileEncoding = 4; name = FilteredImage.h; path = Filters/FilteredImage.h; sourceTree = "<group>"; };
		05C6050B156402AC00E02532 /* FilteredImage.m */ = {isa = PBXFileReference; fileEncoding = 4; lastKnownFileType = sourcecode.c.objc; name = FilteredImage.m; path = Filters/FilteredImage.m; sourceTree = "<group>"; };
		05C99EBC14F0585C00D09F3E /* photio.app */ = {isa = PBXFileReference; explicitFileType = wrapper.application; includeInIndex = 0; path = photio.app; sourceTree = BUILT_PRODUCTS_DIR; };
		05C99EC014F0585C00D09F3E /* UIKit.framework */ = {isa = PBXFileReference; lastKnownFileType = wrapper.framework; name = UIKit.framework; path = System/Library/Frameworks/UIKit.framework; sourceTree = SDKROOT; };
		05C99EC214F0585C00D09F3E /* Foundation.framework */ = {isa = PBXFileReference; lastKnownFileType = wrapper.framework; name = Foundation.framework; path = System/Library/Frameworks/Foundation.framework; sourceTree = SDKROOT; };
		05C99EC414F0585C00D09F3E /* CoreGraphics.framework */ = {isa = PBXFileReference; lastKnownFileType = wrapper.framework; name = CoreGraphics.framework; path = System/Library/Frameworks/CoreGraphics.framework; sourceTree = SDKROOT; };
		05C99EC814F0585C00D09F3E /* photio-Info.plist */ = {isa = PBXFileReference; lastKnownFileType = text.plist.xml; path = "photio-Info.plist"; sourceTree = "<group>"; };
		05C99ECA14F0585C00D09F3E /* en */ = {isa = PBXFileReference; lastKnownFileType = text.plist.strings; name = en; path = en.lproj/InfoPlist.strings; sourceTree = "<group>"; };
		05C99ECC14F0585C00D09F3E /* main.m */ = {isa = PBXFileReference; lastKnownFileType = sourcecode.c.objc; path = main.m; sourceTree = "<group>"; };
		05C99ECE14F0585C00D09F3E /* photio-Prefix.pch */ = {isa = PBXFileReference; lastKnownFileType = sourcecode.c.h; path = "photio-Prefix.pch"; sourceTree = "<group>"; };
		05C99ECF14F0585C00D09F3E /* PhotioAppDelegate.h */ = {isa = PBXFileReference; lastKnownFileType = sourcecode.c.h; path = PhotioAppDelegate.h; sourceTree = "<group>"; };
		05C99ED014F0585C00D09F3E /* PhotioAppDelegate.m */ = {isa = PBXFileReference; lastKnownFileType = sourcecode.c.objc; path = PhotioAppDelegate.m; sourceTree = "<group>"; };
		05CCEF9C15557711004FBD21 /* NSObject+Extensions.h */ = {isa = PBXFileReference; fileEncoding = 4; lastKnownFileType = sourcecode.c.h; name = "NSObject+Extensions.h"; path = "photio/Library/NSObject+Extensions.h"; sourceTree = SOURCE_ROOT; };
		05CCEF9D15557711004FBD21 /* NSObject+Extensions.m */ = {isa = PBXFileReference; fileEncoding = 4; lastKnownFileType = sourcecode.c.objc; name = "NSObject+Extensions.m"; path = "photio/Library/NSObject+Extensions.m"; sourceTree = SOURCE_ROOT; };
		05CCEFA015558EFB004FBD21 /* UIView+Extensions.h */ = {isa = PBXFileReference; fileEncoding = 4; lastKnownFileType = sourcecode.c.h; name = "UIView+Extensions.h"; path = "photio/Library/UIView+Extensions.h"; sourceTree = SOURCE_ROOT; };
		05CCEFA115558EFB004FBD21 /* UIView+Extensions.m */ = {isa = PBXFileReference; fileEncoding = 4; lastKnownFileType = sourcecode.c.objc; name = "UIView+Extensions.m"; path = "photio/Library/UIView+Extensions.m"; sourceTree = SOURCE_ROOT; };
		05CCEFA31555E0E8004FBD21 /* ImageControlView.h */ = {isa = PBXFileReference; fileEncoding = 4; lastKnownFileType = sourcecode.c.h; name = ImageControlView.h; path = photio/PhotoAlbum/ImageControlView.h; sourceTree = SOURCE_ROOT; };
		05CCEFA41555E0E8004FBD21 /* ImageControlView.m */ = {isa = PBXFileReference; fileEncoding = 4; lastKnownFileType = sourcecode.c.objc; name = ImageControlView.m; path = photio/PhotoAlbum/ImageControlView.m; sourceTree = SOURCE_ROOT; };
		05CCEFB41555F459004FBD21 /* export.png */ = {isa = PBXFileReference; lastKnownFileType = image.png; name = export.png; path = photio/Images/export.png; sourceTree = SOURCE_ROOT; };
		05CCEFB51555F459004FBD21 /* export@2x.png */ = {isa = PBXFileReference; lastKnownFileType = image.png; name = "export@2x.png"; path = "photio/Images/export@2x.png"; sourceTree = SOURCE_ROOT; };
		05CCEFB81556302D004FBD21 /* twitter.png */ = {isa = PBXFileReference; lastKnownFileType = image.png; name = twitter.png; path = photio/Images/twitter.png; sourceTree = SOURCE_ROOT; };
		05CCEFB91556302D004FBD21 /* twitter@2x.png */ = {isa = PBXFileReference; lastKnownFileType = image.png; name = "twitter@2x.png"; path = "photio/Images/twitter@2x.png"; sourceTree = SOURCE_ROOT; };
		05DE436414F17503005FF6B0 /* UIImage+Alpha.h */ = {isa = PBXFileReference; fileEncoding = 4; lastKnownFileType = sourcecode.c.h; path = "UIImage+Alpha.h"; sourceTree = "<group>"; };
		05DE436514F17503005FF6B0 /* UIImage+Alpha.m */ = {isa = PBXFileReference; fileEncoding = 4; lastKnownFileType = sourcecode.c.objc; path = "UIImage+Alpha.m"; sourceTree = "<group>"; };
		05DE436614F17503005FF6B0 /* UIImage+Resize.h */ = {isa = PBXFileReference; fileEncoding = 4; lastKnownFileType = sourcecode.c.h; path = "UIImage+Resize.h"; sourceTree = "<group>"; };
		05DE436714F17503005FF6B0 /* UIImage+Resize.m */ = {isa = PBXFileReference; fileEncoding = 4; lastKnownFileType = sourcecode.c.objc; path = "UIImage+Resize.m"; sourceTree = "<group>"; };
		05DE436814F17503005FF6B0 /* UIImage+RoundedCorner.h */ = {isa = PBXFileReference; fileEncoding = 4; lastKnownFileType = sourcecode.c.h; path = "UIImage+RoundedCorner.h"; sourceTree = "<group>"; };
		05DE436914F17503005FF6B0 /* UIImage+RoundedCorner.m */ = {isa = PBXFileReference; fileEncoding = 4; lastKnownFileType = sourcecode.c.objc; path = "UIImage+RoundedCorner.m"; sourceTree = "<group>"; };
		05DE436E14F1E51C005FF6B0 /* ImageInspectViewController.h */ = {isa = PBXFileReference; fileEncoding = 4; lastKnownFileType = sourcecode.c.h; path = ImageInspectViewController.h; sourceTree = "<group>"; };
		05DE436F14F1E51C005FF6B0 /* ImageInspectViewController.m */ = {isa = PBXFileReference; fileEncoding = 4; lastKnownFileType = sourcecode.c.objc; path = ImageInspectViewController.m; sourceTree = "<group>"; };
		05DE437014F1E51C005FF6B0 /* ImageInspectViewController.xib */ = {isa = PBXFileReference; fileEncoding = 4; lastKnownFileType = file.xib; path = ImageInspectViewController.xib; sourceTree = "<group>"; };
		05DE439414F20064005FF6B0 /* QuartzCore.framework */ = {isa = PBXFileReference; lastKnownFileType = wrapper.framework; name = QuartzCore.framework; path = System/Library/Frameworks/QuartzCore.framework; sourceTree = SDKROOT; };
		05E4C21C1552233500C7266E /* ImageEditViewController.h */ = {isa = PBXFileReference; fileEncoding = 4; lastKnownFileType = sourcecode.c.h; name = ImageEditViewController.h; path = photio/PhotoAlbum/ImageEditViewController.h; sourceTree = SOURCE_ROOT; };
		05E4C21D1552233600C7266E /* ImageEditViewController.m */ = {isa = PBXFileReference; fileEncoding = 4; lastKnownFileType = sourcecode.c.objc; name = ImageEditViewController.m; path = photio/PhotoAlbum/ImageEditViewController.m; sourceTree = SOURCE_ROOT; };
		05E4C21E1552233600C7266E /* ImageEditViewController.xib */ = {isa = PBXFileReference; fileEncoding = 4; lastKnownFileType = file.xib; name = ImageEditViewController.xib; path = photio/PhotoAlbum/ImageEditViewController.xib; sourceTree = SOURCE_ROOT; };
		05E4C222155224D400C7266E /* ImageMetaDataEditView.h */ = {isa = PBXFileReference; fileEncoding = 4; lastKnownFileType = sourcecode.c.h; name = ImageMetaDataEditView.h; path = photio/PhotoAlbum/ImageMetaDataEditView.h; sourceTree = SOURCE_ROOT; };
		05E4C223155224D400C7266E /* ImageMetaDataEditView.m */ = {isa = PBXFileReference; fileEncoding = 4; lastKnownFileType = sourcecode.c.objc; name = ImageMetaDataEditView.m; path = photio/PhotoAlbum/ImageMetaDataEditView.m; sourceTree = SOURCE_ROOT; };
		05E4C2251552259800C7266E /* ImageEditView.h */ = {isa = PBXFileReference; fileEncoding = 4; lastKnownFileType = sourcecode.c.h; name = ImageEditView.h; path = photio/PhotoAlbum/ImageEditView.h; sourceTree = SOURCE_ROOT; };
		05E4C2261552259800C7266E /* ImageEditView.m */ = {isa = PBXFileReference; fileEncoding = 4; lastKnownFileType = sourcecode.c.objc; name = ImageEditView.m; path = photio/PhotoAlbum/ImageEditView.m; sourceTree = SOURCE_ROOT; };
		05EE0E8515366ACF00E5E541 /* DiagonalGestureRecognizer.h */ = {isa = PBXFileReference; fileEncoding = 4; lastKnownFileType = sourcecode.c.h; path = DiagonalGestureRecognizer.h; sourceTree = "<group>"; };
		05EE0E8615366ACF00E5E541 /* DiagonalGestureRecognizer.m */ = {isa = PBXFileReference; fileEncoding = 4; lastKnownFileType = sourcecode.c.objc; path = DiagonalGestureRecognizer.m; sourceTree = "<group>"; };
/* End PBXFileReference section */

/* Begin PBXFrameworksBuildPhase section */
		05C99EB914F0585C00D09F3E /* Frameworks */ = {
			isa = PBXFrameworksBuildPhase;
			buildActionMask = 2147483647;
			files = (
				058A48E415620959002199F7 /* CoreImage.framework in Frameworks */,
				05B8377B1530DA1300D99A40 /* CoreLocation.framework in Frameworks */,
				05B8372815309FB400D99A40 /* CoreData.framework in Frameworks */,
				052AE17B1528941F005D57B1 /* AssetsLibrary.framework in Frameworks */,
				059772F91527D7B5008F3A1B /* AVFoundation.framework in Frameworks */,
				052AE17E1528943E005D57B1 /* CoreMedia.framework in Frameworks */,
				05DE439514F20064005FF6B0 /* QuartzCore.framework in Frameworks */,
				05C99EC114F0585C00D09F3E /* UIKit.framework in Frameworks */,
				05C99EC314F0585C00D09F3E /* Foundation.framework in Frameworks */,
				05C99EC514F0585C00D09F3E /* CoreGraphics.framework in Frameworks */,
			);
			runOnlyForDeploymentPostprocessing = 0;
		};
/* End PBXFrameworksBuildPhase section */

/* Begin PBXGroup section */
		0590C737153B3D8F0065AB42 /* Calendar */ = {
			isa = PBXGroup;
			children = (
				0590C738153B3D8F0065AB42 /* CalendarDayView.h */,
				0590C739153B3D8F0065AB42 /* CalendarDayView.m */,
				0590C73A153B3D8F0065AB42 /* CalendarDayBackgroundView.h */,
				0590C73B153B3D8F0065AB42 /* CalendarDayBackgroundView.m */,
				0590C73C153B3D8F0065AB42 /* CalendarDayOfWeekView.h */,
				0590C73D153B3D8F0065AB42 /* CalendarDayOfWeekView.m */,
				0590C73E153B3D8F0065AB42 /* CalendarEntryView.h */,
				0590C73F153B3D8F0065AB42 /* CalendarEntryView.m */,
				05A0F0B7154354410082947D /* CalendarMonthAndYearView.h */,
				05A0F0B8154354410082947D /* CalendarMonthAndYearView.m */,
				0590C740153B3D8F0065AB42 /* CalendarViewController.h */,
				0590C741153B3D8F0065AB42 /* CalendarViewController.m */,
				0590C742153B3D8F0065AB42 /* CalendarViewController.xib */,
			);
			path = Calendar;
			sourceTree = "<group>";
		};
		059772E415277EE1008F3A1B /* Models */ = {
			isa = PBXGroup;
			children = (
				05B837601530B5B500D99A40 /* photio.xcdatamodeld */,
				05809CA1155742FE00AF2079 /* Capture.h */,
				05809CA2155742FE00AF2079 /* Capture.m */,
				05B2A7541533BBFC00499F6F /* Image.h */,
				05B2A7551533BBFC00499F6F /* Image.m */,
				05AED92F1531E7F500E277BE /* Tag.h */,
				05AED9301531E7F500E277BE /* Tag.m */,
				05B837771530C6B800D99A40 /* Locale.h */,
				05B837781530C6B800D99A40 /* Locale.m */,
			);
			name = Models;
			sourceTree = "<group>";
		};
		05B837701530C33700D99A40 /* Application */ = {
			isa = PBXGroup;
			children = (
				05C99ECF14F0585C00D09F3E /* PhotioAppDelegate.h */,
				05C99ED014F0585C00D09F3E /* PhotioAppDelegate.m */,
			);
			name = Application;
			sourceTree = "<group>";
		};
		05C59C1F14F31EF8009AC823 /* Library */ = {
			isa = PBXGroup;
			children = (
				05EE0E8515366ACF00E5E541 /* DiagonalGestureRecognizer.h */,
				05EE0E8615366ACF00E5E541 /* DiagonalGestureRecognizer.m */,
				0554A4791503DDD000B9C76D /* DragGridView.h */,
				0554A47A1503DDD000B9C76D /* DragGridView.m */,
				0554A47D1503DDFE00B9C76D /* DragRowView.h */,
				0554A47E1503DDFE00B9C76D /* DragRowView.m */,
				05AC025B1548CBCF00A29139 /* NSArray+Extensions.h */,
				05AC025C1548CBCF00A29139 /* NSArray+Extensions.m */,
				05CCEF9C15557711004FBD21 /* NSObject+Extensions.h */,
				05CCEF9D15557711004FBD21 /* NSObject+Extensions.m */,
				058A48EA1562CD02002199F7 /* ParameterSliderView.h */,
				058A48EB1562CD02002199F7 /* ParameterSliderView.m */,
				05B8BB2E1561A0C80023346F /* ProgressView.h */,
				05B8BB2F1561A0C80023346F /* ProgressView.m */,
				05B8BB311561A19A0023346F /* RoundedCornersView.h */,
				05B8BB321561A19A0023346F /* RoundedCornersView.m */,
				0542DAE4151FFD85002C62A0 /* StreamOfViews.h */,
				0542DAE5151FFD85002C62A0 /* StreamOfViews.m */,
				0529A7C51501D41900235B95 /* TransitionGestureRecognizer.h */,
				0529A7C61501D41900235B95 /* TransitionGestureRecognizer.m */,
				05B837711530C45100D99A40 /* UIImageToDataTransformer.h */,
				05B837721530C45100D99A40 /* UIImageToDataTransformer.m */,
				05CCEFA015558EFB004FBD21 /* UIView+Extensions.h */,
				05CCEFA115558EFB004FBD21 /* UIView+Extensions.m */,
			);
			name = Library;
			path = library;
			sourceTree = "<group>";
		};
		05C59C2314F331A6009AC823 /* Images */ = {
			isa = PBXGroup;
			children = (
				05CCEFB41555F459004FBD21 /* export.png */,
				05CCEFB51555F459004FBD21 /* export@2x.png */,
				0542DAF71523EDA7002C62A0 /* flash-on.png */,
				0542DAF81523EDA7002C62A0 /* flash-on@2x.png */,
				050855371557074100609C31 /* pencil.png */,
				050855381557074100609C31 /* pencil@2x.png */,
				05CCEFB81556302D004FBD21 /* twitter.png */,
				05CCEFB91556302D004FBD21 /* twitter@2x.png */,
				05809C9615573EC900AF2079 /* yellowstar.png */,
				05809C9715573EC900AF2079 /* yellowstar@2x.png */,
				05809C9415573EC900AF2079 /* whitestar.png */,
				05809C9515573EC900AF2079 /* whitestar@2x.png */,
			);
			name = Images;
			path = images;
			sourceTree = "<group>";
		};
		05C6050E156402C400E02532 /* Filter */ = {
			isa = PBXGroup;
			children = (
				05C6050A156402AC00E02532 /* FilteredImage.h */,
				05C6050B156402AC00E02532 /* FilteredImage.m */,
			);
			name = Filter;
			sourceTree = "<group>";
		};
		05C99EB114F0585C00D09F3E = {
			isa = PBXGroup;
			children = (
				058A48E315620959002199F7 /* CoreImage.framework */,
				05B8377A1530DA1200D99A40 /* CoreLocation.framework */,
				05B8372715309FB400D99A40 /* CoreData.framework */,
				052AE17F1528944F005D57B1 /* CoreVideo.framework */,
				052AE17D1528943E005D57B1 /* CoreMedia.framework */,
				052AE17A1528941F005D57B1 /* AssetsLibrary.framework */,
				059772F81527D7B5008F3A1B /* AVFoundation.framework */,
				05DE439414F20064005FF6B0 /* QuartzCore.framework */,
				05C99EC614F0585C00D09F3E /* photio */,
				05C99EBF14F0585C00D09F3E /* Frameworks */,
				05C99EBD14F0585C00D09F3E /* Products */,
			);
			sourceTree = "<group>";
		};
		05C99EBD14F0585C00D09F3E /* Products */ = {
			isa = PBXGroup;
			children = (
				05C99EBC14F0585C00D09F3E /* photio.app */,
			);
			name = Products;
			sourceTree = "<group>";
		};
		05C99EBF14F0585C00D09F3E /* Frameworks */ = {
			isa = PBXGroup;
			children = (
				05C99EC014F0585C00D09F3E /* UIKit.framework */,
				05C99EC214F0585C00D09F3E /* Foundation.framework */,
				05C99EC414F0585C00D09F3E /* CoreGraphics.framework */,
			);
			name = Frameworks;
			sourceTree = "<group>";
		};
		05C99EC614F0585C00D09F3E /* photio */ = {
			isa = PBXGroup;
			children = (
				05C6050E156402C400E02532 /* Filter */,
				0590C737153B3D8F0065AB42 /* Calendar */,
				05B837701530C33700D99A40 /* Application */,
				05C59C2314F331A6009AC823 /* Images */,
				05C59C1F14F31EF8009AC823 /* Library */,
				059772E415277EE1008F3A1B /* Models */,
				05C99EEB14F05A5500D09F3E /* PhotoAlbum */,
				05C99EC714F0585C00D09F3E /* Supporting Files */,
				050CF12514F96A9100A31059 /* ContainerViewController.h */,
				050CF12614F96A9100A31059 /* ContainerViewController.m */,
				050CF12714F96A9100A31059 /* ContainerViewController.xib */,
				058B4FB415196B1F0087F717 /* LocalesViewController.h */,
				058B4FB515196B1F0087F717 /* LocalesViewController.m */,
				058B4FB615196B1F0087F717 /* LocalesViewController.xib */,
				058B4FBA15196D840087F717 /* LocaleView.h */,
				058B4FBB15196D840087F717 /* LocaleView.m */,
				05C59C3B14F5D157009AC823 /* ViewGeneral.h */,
				05C59C3C14F5D157009AC823 /* ViewGeneral.m */,
			);
			path = photio;
			sourceTree = "<group>";
		};
		05C99EC714F0585C00D09F3E /* Supporting Files */ = {
			isa = PBXGroup;
			children = (
				05C99EC814F0585C00D09F3E /* photio-Info.plist */,
				05C99EC914F0585C00D09F3E /* InfoPlist.strings */,
				05C99ECC14F0585C00D09F3E /* main.m */,
				05C99ECE14F0585C00D09F3E /* photio-Prefix.pch */,
			);
			name = "Supporting Files";
			sourceTree = "<group>";
		};
		05C99EEB14F05A5500D09F3E /* PhotoAlbum */ = {
			isa = PBXGroup;
			children = (
				05DE436314F17503005FF6B0 /* UIImage-categories */,
				059772EF1527D787008F3A1B /* Camera.h */,
				059772F01527D787008F3A1B /* Camera.m */,
				059772F31527D787008F3A1B /* CameraViewController.h */,
				059772F41527D787008F3A1B /* CameraViewController.m */,
				050CF14F14F9A27D00A31059 /* CameraViewController.xib */,
				05809CAF155B3C6700AF2079 /* CommentViewController.h */,
				05809CB0155B3C6700AF2079 /* CommentViewController.m */,
				05809CB1155B3C6700AF2079 /* CommentViewController.xib */,
				05AF480D154DCCAE0099576A /* ImageEntriesView.h */,
				05AF480E154DCCAE0099576A /* ImageEntriesView.m */,
				05CCEFA31555E0E8004FBD21 /* ImageControlView.h */,
				05CCEFA41555E0E8004FBD21 /* ImageControlView.m */,
				05E4C2251552259800C7266E /* ImageEditView.h */,
				05E4C2261552259800C7266E /* ImageEditView.m */,
				058736B715556897007A5654 /* ImageEditView.xib */,
				05E4C21C1552233500C7266E /* ImageEditViewController.h */,
				05E4C21D1552233600C7266E /* ImageEditViewController.m */,
				05E4C21E1552233600C7266E /* ImageEditViewController.xib */,
				05B83718152E6C5F00D99A40 /* ImageInspectView.h */,
				05B83719152E6C5F00D99A40 /* ImageInspectView.m */,
				05DE436E14F1E51C005FF6B0 /* ImageInspectViewController.h */,
				05DE436F14F1E51C005FF6B0 /* ImageInspectViewController.m */,
				05DE437014F1E51C005FF6B0 /* ImageInspectViewController.xib */,
				05E4C222155224D400C7266E /* ImageMetaDataEditView.h */,
				05E4C223155224D400C7266E /* ImageMetaDataEditView.m */,
				058736B915556941007A5654 /* ImageMetaDataEditView.xib */,
				05809CBB155EE72600AF2079 /* TakePhotoView.h */,
				05809CBC155EE72800AF2079 /* TakePhotoView.m */,
			);
			name = PhotoAlbum;
			path = photoAlbum;
			sourceTree = "<group>";
		};
		05DE436314F17503005FF6B0 /* UIImage-categories */ = {
			isa = PBXGroup;
			children = (
				05DE436414F17503005FF6B0 /* UIImage+Alpha.h */,
				05DE436514F17503005FF6B0 /* UIImage+Alpha.m */,
				05DE436614F17503005FF6B0 /* UIImage+Resize.h */,
				05DE436714F17503005FF6B0 /* UIImage+Resize.m */,
				05DE436814F17503005FF6B0 /* UIImage+RoundedCorner.h */,
				05DE436914F17503005FF6B0 /* UIImage+RoundedCorner.m */,
			);
			path = "UIImage-categories";
			sourceTree = "<group>";
		};
/* End PBXGroup section */

/* Begin PBXNativeTarget section */
		05C99EBB14F0585C00D09F3E /* photio */ = {
			isa = PBXNativeTarget;
			buildConfigurationList = 05C99EDA14F0585C00D09F3E /* Build configuration list for PBXNativeTarget "photio" */;
			buildPhases = (
				05C99EB814F0585C00D09F3E /* Sources */,
				05C99EB914F0585C00D09F3E /* Frameworks */,
				05C99EBA14F0585C00D09F3E /* Resources */,
			);
			buildRules = (
			);
			dependencies = (
			);
			name = photio;
			productName = photio;
			productReference = 05C99EBC14F0585C00D09F3E /* photio.app */;
			productType = "com.apple.product-type.application";
		};
/* End PBXNativeTarget section */

/* Begin PBXProject section */
		05C99EB314F0585C00D09F3E /* Project object */ = {
			isa = PBXProject;
			attributes = {
				LastUpgradeCheck = 0430;
				ORGANIZATIONNAME = imaginaryProducts;
			};
			buildConfigurationList = 05C99EB614F0585C00D09F3E /* Build configuration list for PBXProject "photio" */;
			compatibilityVersion = "Xcode 3.2";
			developmentRegion = English;
			hasScannedForEncodings = 0;
			knownRegions = (
				en,
			);
			mainGroup = 05C99EB114F0585C00D09F3E;
			productRefGroup = 05C99EBD14F0585C00D09F3E /* Products */;
			projectDirPath = "";
			projectRoot = "";
			targets = (
				05C99EBB14F0585C00D09F3E /* photio */,
			);
		};
/* End PBXProject section */

/* Begin PBXResourcesBuildPhase section */
		05C99EBA14F0585C00D09F3E /* Resources */ = {
			isa = PBXResourcesBuildPhase;
			buildActionMask = 2147483647;
			files = (
				05C99ECB14F0585C00D09F3E /* InfoPlist.strings in Resources */,
				05DE437214F1E51D005FF6B0 /* ImageInspectViewController.xib in Resources */,
				050CF12914F96A9100A31059 /* ContainerViewController.xib in Resources */,
				050CF15014F9A27D00A31059 /* CameraViewController.xib in Resources */,
				058B4FB815196B1F0087F717 /* LocalesViewController.xib in Resources */,
				0542DAF91523EDA7002C62A0 /* flash-on.png in Resources */,
				0542DAFA1523EDA7002C62A0 /* flash-on@2x.png in Resources */,
				0590C748153B3D8F0065AB42 /* CalendarViewController.xib in Resources */,
				05E4C2201552233600C7266E /* ImageEditViewController.xib in Resources */,
				058736B815556898007A5654 /* ImageEditView.xib in Resources */,
				058736BA15556941007A5654 /* ImageMetaDataEditView.xib in Resources */,
				05CCEFB61555F459004FBD21 /* export.png in Resources */,
				05CCEFB71555F459004FBD21 /* export@2x.png in Resources */,
				05CCEFBA1556302D004FBD21 /* twitter.png in Resources */,
				05CCEFBB1556302D004FBD21 /* twitter@2x.png in Resources */,
				050855391557074100609C31 /* pencil.png in Resources */,
				0508553A1557074100609C31 /* pencil@2x.png in Resources */,
				05809C9815573EC900AF2079 /* whitestar.png in Resources */,
				05809C9915573EC900AF2079 /* whitestar@2x.png in Resources */,
				05809C9A15573EC900AF2079 /* yellowstar.png in Resources */,
				05809C9B15573EC900AF2079 /* yellowstar@2x.png in Resources */,
				05809CB3155B3C6800AF2079 /* CommentViewController.xib in Resources */,
			);
			runOnlyForDeploymentPostprocessing = 0;
		};
/* End PBXResourcesBuildPhase section */

/* Begin PBXSourcesBuildPhase section */
		05C99EB814F0585C00D09F3E /* Sources */ = {
			isa = PBXSourcesBuildPhase;
			buildActionMask = 2147483647;
			files = (
				05C99ECD14F0585C00D09F3E /* main.m in Sources */,
				05C99ED114F0585C00D09F3E /* PhotioAppDelegate.m in Sources */,
				05DE436A14F17503005FF6B0 /* UIImage+Alpha.m in Sources */,
				05DE436B14F17503005FF6B0 /* UIImage+Resize.m in Sources */,
				05DE436C14F17503005FF6B0 /* UIImage+RoundedCorner.m in Sources */,
				05DE437114F1E51D005FF6B0 /* ImageInspectViewController.m in Sources */,
				05C59C3D14F5D157009AC823 /* ViewGeneral.m in Sources */,
				050CF12814F96A9100A31059 /* ContainerViewController.m in Sources */,
				0529A7C71501D41900235B95 /* TransitionGestureRecognizer.m in Sources */,
				0554A47B1503DDD000B9C76D /* DragGridView.m in Sources */,
				0554A47F1503DDFE00B9C76D /* DragRowView.m in Sources */,
				058B4FB715196B1F0087F717 /* LocalesViewController.m in Sources */,
				058B4FBC15196D840087F717 /* LocaleView.m in Sources */,
				0542DAE6151FFD85002C62A0 /* StreamOfViews.m in Sources */,
				059772F51527D787008F3A1B /* Camera.m in Sources */,
				059772F71527D787008F3A1B /* CameraViewController.m in Sources */,
				05B8371A152E6C5F00D99A40 /* ImageInspectView.m in Sources */,
				05B837621530B5B500D99A40 /* photio.xcdatamodeld in Sources */,
				05B837731530C45100D99A40 /* UIImageToDataTransformer.m in Sources */,
				05B837791530C6B800D99A40 /* Locale.m in Sources */,
				05AED9311531E7F500E277BE /* Tag.m in Sources */,
				05B2A7561533BBFC00499F6F /* Image.m in Sources */,
				05EE0E8715366ACF00E5E541 /* DiagonalGestureRecognizer.m in Sources */,
				0590C743153B3D8F0065AB42 /* CalendarDayView.m in Sources */,
				0590C744153B3D8F0065AB42 /* CalendarDayBackgroundView.m in Sources */,
				0590C745153B3D8F0065AB42 /* CalendarDayOfWeekView.m in Sources */,
				0590C746153B3D8F0065AB42 /* CalendarEntryView.m in Sources */,
				0590C747153B3D8F0065AB42 /* CalendarViewController.m in Sources */,
				05A0F0B9154354410082947D /* CalendarMonthAndYearView.m in Sources */,
				05AC025D1548CBCF00A29139 /* NSArray+Extensions.m in Sources */,
				05AF480F154DCCAE0099576A /* ImageEntriesView.m in Sources */,
				05E4C21F1552233600C7266E /* ImageEditViewController.m in Sources */,
				05E4C224155224D400C7266E /* ImageMetaDataEditView.m in Sources */,
				05E4C2271552259800C7266E /* ImageEditView.m in Sources */,
				05CCEF9E15557711004FBD21 /* NSObject+Extensions.m in Sources */,
				05CCEFA215558EFB004FBD21 /* UIView+Extensions.m in Sources */,
				05CCEFA51555E0E9004FBD21 /* ImageControlView.m in Sources */,
				05809CA3155742FE00AF2079 /* Capture.m in Sources */,
				05809CB2155B3C6800AF2079 /* CommentViewController.m in Sources */,
				05809CBD155EE72900AF2079 /* TakePhotoView.m in Sources */,
				05B8BB301561A0C80023346F /* ProgressView.m in Sources */,
				05B8BB331561A19A0023346F /* RoundedCornersView.m in Sources */,
				058A48EC1562CD02002199F7 /* ParameterSliderView.m in Sources */,
				05C6050C156402AD00E02532 /* FilteredImage.m in Sources */,
			);
			runOnlyForDeploymentPostprocessing = 0;
		};
/* End PBXSourcesBuildPhase section */

/* Begin PBXVariantGroup section */
		05C99EC914F0585C00D09F3E /* InfoPlist.strings */ = {
			isa = PBXVariantGroup;
			children = (
				05C99ECA14F0585C00D09F3E /* en */,
			);
			name = InfoPlist.strings;
			sourceTree = "<group>";
		};
/* End PBXVariantGroup section */

/* Begin XCBuildConfiguration section */
		05C99ED814F0585C00D09F3E /* Debug */ = {
			isa = XCBuildConfiguration;
			buildSettings = {
				ALWAYS_SEARCH_USER_PATHS = NO;
				ARCHS = "$(ARCHS_STANDARD_32_BIT)";
				CLANG_ENABLE_OBJC_ARC = YES;
				CODE_SIGN_IDENTITY = "";
				"CODE_SIGN_IDENTITY[sdk=iphoneos*]" = "iPhone Developer: Troy Stribling (M8KL9DR9D4)";
				COPY_PHASE_STRIP = NO;
				GCC_C_LANGUAGE_STANDARD = gnu99;
				GCC_DYNAMIC_NO_PIC = NO;
				GCC_OPTIMIZATION_LEVEL = 0;
				GCC_PREPROCESSOR_DEFINITIONS = (
					"DEBUG=1",
					"$(inherited)",
				);
				GCC_SYMBOLS_PRIVATE_EXTERN = NO;
				GCC_VERSION = com.apple.compilers.llvm.clang.1_0;
				GCC_WARN_ABOUT_MISSING_PROTOTYPES = YES;
				GCC_WARN_ABOUT_RETURN_TYPE = YES;
				GCC_WARN_UNUSED_VARIABLE = YES;
				IPHONEOS_DEPLOYMENT_TARGET = 5.0;
				"PROVISIONING_PROFILE[sdk=iphoneos*]" = "E5BF5655-359D-425E-83FB-4A7126E4B5E6";
				SDKROOT = iphoneos;
			};
			name = Debug;
		};
		05C99ED914F0585C00D09F3E /* Release */ = {
			isa = XCBuildConfiguration;
			buildSettings = {
				ALWAYS_SEARCH_USER_PATHS = NO;
				ARCHS = "$(ARCHS_STANDARD_32_BIT)";
				CLANG_ENABLE_OBJC_ARC = YES;
				"CODE_SIGN_IDENTITY[sdk=iphoneos*]" = "iPhone Developer";
				COPY_PHASE_STRIP = YES;
				GCC_C_LANGUAGE_STANDARD = gnu99;
				GCC_VERSION = com.apple.compilers.llvm.clang.1_0;
				GCC_WARN_ABOUT_MISSING_PROTOTYPES = YES;
				GCC_WARN_ABOUT_RETURN_TYPE = YES;
				GCC_WARN_UNUSED_VARIABLE = YES;
				IPHONEOS_DEPLOYMENT_TARGET = 5.0;
				OTHER_CFLAGS = "-DNS_BLOCK_ASSERTIONS=1";
				SDKROOT = iphoneos;
				VALIDATE_PRODUCT = YES;
			};
			name = Release;
		};
		05C99EDB14F0585C00D09F3E /* Debug */ = {
			isa = XCBuildConfiguration;
			buildSettings = {
				GCC_PRECOMPILE_PREFIX_HEADER = YES;
				GCC_PREFIX_HEADER = "photio/photio-Prefix.pch";
				INFOPLIST_FILE = "photio/photio-Info.plist";
				PRODUCT_NAME = "$(TARGET_NAME)";
				WRAPPER_EXTENSION = app;
			};
			name = Debug;
		};
		05C99EDC14F0585C00D09F3E /* Release */ = {
			isa = XCBuildConfiguration;
			buildSettings = {
				GCC_PRECOMPILE_PREFIX_HEADER = YES;
				GCC_PREFIX_HEADER = "photio/photio-Prefix.pch";
				INFOPLIST_FILE = "photio/photio-Info.plist";
				PRODUCT_NAME = "$(TARGET_NAME)";
				WRAPPER_EXTENSION = app;
			};
			name = Release;
		};
/* End XCBuildConfiguration section */

/* Begin XCConfigurationList section */
		05C99EB614F0585C00D09F3E /* Build configuration list for PBXProject "photio" */ = {
			isa = XCConfigurationList;
			buildConfigurations = (
				05C99ED814F0585C00D09F3E /* Debug */,
				05C99ED914F0585C00D09F3E /* Release */,
			);
			defaultConfigurationIsVisible = 0;
			defaultConfigurationName = Release;
		};
		05C99EDA14F0585C00D09F3E /* Build configuration list for PBXNativeTarget "photio" */ = {
			isa = XCConfigurationList;
			buildConfigurations = (
				05C99EDB14F0585C00D09F3E /* Debug */,
				05C99EDC14F0585C00D09F3E /* Release */,
			);
			defaultConfigurationIsVisible = 0;
			defaultConfigurationName = Release;
		};
/* End XCConfigurationList section */

/* Begin XCVersionGroup section */
		05B837601530B5B500D99A40 /* photio.xcdatamodeld */ = {
			isa = XCVersionGroup;
			children = (
				05B837611530B5B500D99A40 /* photio.xcdatamodel */,
			);
			currentVersion = 05B837611530B5B500D99A40 /* photio.xcdatamodel */;
			path = photio.xcdatamodeld;
			sourceTree = "<group>";
			versionGroupType = wrapper.xcdatamodel;
		};
/* End XCVersionGroup section */
	};
	rootObject = 05C99EB314F0585C00D09F3E /* Project object */;
}
