// !$*UTF8*$!
{
	archiveVersion = 1;
	classes = {
	};
	objectVersion = 46;
	objects = {

/* Begin PBXBuildFile section */
		050CF12814F96A9100A31059 /* ContainerViewController.m in Sources */ = {isa = PBXBuildFile; fileRef = 050CF12614F96A9100A31059 /* ContainerViewController.m */; };
		050CF12914F96A9100A31059 /* ContainerViewController.xib in Resources */ = {isa = PBXBuildFile; fileRef = 050CF12714F96A9100A31059 /* ContainerViewController.xib */; };
		050CF15014F9A27D00A31059 /* CameraViewController.xib in Resources */ = {isa = PBXBuildFile; fileRef = 050CF14F14F9A27D00A31059 /* CameraViewController.xib */; };
		0529A7C71501D41900235B95 /* TransitionGestureRecognizer.m in Sources */ = {isa = PBXBuildFile; fileRef = 0529A7C61501D41900235B95 /* TransitionGestureRecognizer.m */; };
		0529A7D41503B35400235B95 /* CalendarViewController.m in Sources */ = {isa = PBXBuildFile; fileRef = 0529A7D21503B35400235B95 /* CalendarViewController.m */; };
		0529A7D51503B35400235B95 /* CalendarViewController.xib in Resources */ = {isa = PBXBuildFile; fileRef = 0529A7D31503B35400235B95 /* CalendarViewController.xib */; };
		052AE17B1528941F005D57B1 /* AssetsLibrary.framework in Frameworks */ = {isa = PBXBuildFile; fileRef = 052AE17A1528941F005D57B1 /* AssetsLibrary.framework */; };
		052AE17E1528943E005D57B1 /* CoreMedia.framework in Frameworks */ = {isa = PBXBuildFile; fileRef = 052AE17D1528943E005D57B1 /* CoreMedia.framework */; };
		0542DAE6151FFD85002C62A0 /* StreamOfViews.m in Sources */ = {isa = PBXBuildFile; fileRef = 0542DAE5151FFD85002C62A0 /* StreamOfViews.m */; };
		0542DAF91523EDA7002C62A0 /* flash-on.png in Resources */ = {isa = PBXBuildFile; fileRef = 0542DAF71523EDA7002C62A0 /* flash-on.png */; };
		0542DAFA1523EDA7002C62A0 /* flash-on@2x.png in Resources */ = {isa = PBXBuildFile; fileRef = 0542DAF81523EDA7002C62A0 /* flash-on@2x.png */; };
		0554A47B1503DDD000B9C76D /* DragGridView.m in Sources */ = {isa = PBXBuildFile; fileRef = 0554A47A1503DDD000B9C76D /* DragGridView.m */; };
		0554A47F1503DDFE00B9C76D /* DragRowView.m in Sources */ = {isa = PBXBuildFile; fileRef = 0554A47E1503DDFE00B9C76D /* DragRowView.m */; };
		058B4FB715196B1F0087F717 /* LocalesViewController.m in Sources */ = {isa = PBXBuildFile; fileRef = 058B4FB515196B1F0087F717 /* LocalesViewController.m */; };
		058B4FB815196B1F0087F717 /* LocalesViewController.xib in Resources */ = {isa = PBXBuildFile; fileRef = 058B4FB615196B1F0087F717 /* LocalesViewController.xib */; };
		058B4FBC15196D840087F717 /* LocaleView.m in Sources */ = {isa = PBXBuildFile; fileRef = 058B4FBB15196D840087F717 /* LocaleView.m */; };
		059772E71527961B008F3A1B /* take-photo.png in Resources */ = {isa = PBXBuildFile; fileRef = 059772E61527961B008F3A1B /* take-photo.png */; };
		059772E9152798BA008F3A1B /* take-photo@2x.png in Resources */ = {isa = PBXBuildFile; fileRef = 059772E8152798BA008F3A1B /* take-photo@2x.png */; };
		059772F51527D787008F3A1B /* Camera.m in Sources */ = {isa = PBXBuildFile; fileRef = 059772F01527D787008F3A1B /* Camera.m */; };
		059772F71527D787008F3A1B /* CameraViewController.m in Sources */ = {isa = PBXBuildFile; fileRef = 059772F41527D787008F3A1B /* CameraViewController.m */; };
		059772F91527D7B5008F3A1B /* AVFoundation.framework in Frameworks */ = {isa = PBXBuildFile; fileRef = 059772F81527D7B5008F3A1B /* AVFoundation.framework */; };
		05A1D695150BC86A009C9A11 /* CalendarEntryView.m in Sources */ = {isa = PBXBuildFile; fileRef = 05A1D694150BC86A009C9A11 /* CalendarEntryView.m */; };
		05A7013B151E2CB400BBA79E /* libsqlite3.dylib in Frameworks */ = {isa = PBXBuildFile; fileRef = 05A7013A151E2CB400BBA79E /* libsqlite3.dylib */; };
		05ACEF4B1532491B007F538E /* CalandarDateView.m in Sources */ = {isa = PBXBuildFile; fileRef = 05ACEF4A1532491B007F538E /* CalandarDateView.m */; };
		05AED929153119EF00E277BE /* Capture.m in Sources */ = {isa = PBXBuildFile; fileRef = 05AED928153119EF00E277BE /* Capture.m */; };
		05AED9311531E7F500E277BE /* Tag.m in Sources */ = {isa = PBXBuildFile; fileRef = 05AED9301531E7F500E277BE /* Tag.m */; };
		05B2A7561533BBFC00499F6F /* Image.m in Sources */ = {isa = PBXBuildFile; fileRef = 05B2A7551533BBFC00499F6F /* Image.m */; };
		05B8371A152E6C5F00D99A40 /* ImageInspectView.m in Sources */ = {isa = PBXBuildFile; fileRef = 05B83719152E6C5F00D99A40 /* ImageInspectView.m */; };
		05B8372815309FB400D99A40 /* CoreData.framework in Frameworks */ = {isa = PBXBuildFile; fileRef = 05B8372715309FB400D99A40 /* CoreData.framework */; };
		05B837621530B5B500D99A40 /* photio.xcdatamodeld in Sources */ = {isa = PBXBuildFile; fileRef = 05B837601530B5B500D99A40 /* photio.xcdatamodeld */; };
		05B837731530C45100D99A40 /* UIImageToDataTransformer.m in Sources */ = {isa = PBXBuildFile; fileRef = 05B837721530C45100D99A40 /* UIImageToDataTransformer.m */; };
		05B837791530C6B800D99A40 /* Locale.m in Sources */ = {isa = PBXBuildFile; fileRef = 05B837781530C6B800D99A40 /* Locale.m */; };
		05B8377B1530DA1300D99A40 /* CoreLocation.framework in Frameworks */ = {isa = PBXBuildFile; fileRef = 05B8377A1530DA1200D99A40 /* CoreLocation.framework */; };
		05C59C3D14F5D157009AC823 /* ViewGeneral.m in Sources */ = {isa = PBXBuildFile; fileRef = 05C59C3C14F5D157009AC823 /* ViewGeneral.m */; };
		05C99EC114F0585C00D09F3E /* UIKit.framework in Frameworks */ = {isa = PBXBuildFile; fileRef = 05C99EC014F0585C00D09F3E /* UIKit.framework */; };
		05C99EC314F0585C00D09F3E /* Foundation.framework in Frameworks */ = {isa = PBXBuildFile; fileRef = 05C99EC214F0585C00D09F3E /* Foundation.framework */; };
		05C99EC514F0585C00D09F3E /* CoreGraphics.framework in Frameworks */ = {isa = PBXBuildFile; fileRef = 05C99EC414F0585C00D09F3E /* CoreGraphics.framework */; };
		05C99ECB14F0585C00D09F3E /* InfoPlist.strings in Resources */ = {isa = PBXBuildFile; fileRef = 05C99EC914F0585C00D09F3E /* InfoPlist.strings */; };
		05C99ECD14F0585C00D09F3E /* main.m in Sources */ = {isa = PBXBuildFile; fileRef = 05C99ECC14F0585C00D09F3E /* main.m */; };
		05C99ED114F0585C00D09F3E /* PhotioAppDelegate.m in Sources */ = {isa = PBXBuildFile; fileRef = 05C99ED014F0585C00D09F3E /* PhotioAppDelegate.m */; };
		05DE436A14F17503005FF6B0 /* UIImage+Alpha.m in Sources */ = {isa = PBXBuildFile; fileRef = 05DE436514F17503005FF6B0 /* UIImage+Alpha.m */; };
		05DE436B14F17503005FF6B0 /* UIImage+Resize.m in Sources */ = {isa = PBXBuildFile; fileRef = 05DE436714F17503005FF6B0 /* UIImage+Resize.m */; };
		05DE436C14F17503005FF6B0 /* UIImage+RoundedCorner.m in Sources */ = {isa = PBXBuildFile; fileRef = 05DE436914F17503005FF6B0 /* UIImage+RoundedCorner.m */; };
		05DE437114F1E51D005FF6B0 /* ImageInspectViewController.m in Sources */ = {isa = PBXBuildFile; fileRef = 05DE436F14F1E51C005FF6B0 /* ImageInspectViewController.m */; };
		05DE437214F1E51D005FF6B0 /* ImageInspectViewController.xib in Resources */ = {isa = PBXBuildFile; fileRef = 05DE437014F1E51C005FF6B0 /* ImageInspectViewController.xib */; };
		05DE438914F1F46E005FF6B0 /* EntryViewController.m in Sources */ = {isa = PBXBuildFile; fileRef = 05DE438714F1F46D005FF6B0 /* EntryViewController.m */; };
		05DE438A14F1F46E005FF6B0 /* EntryViewController.xib in Resources */ = {isa = PBXBuildFile; fileRef = 05DE438814F1F46D005FF6B0 /* EntryViewController.xib */; };
		05DE439514F20064005FF6B0 /* QuartzCore.framework in Frameworks */ = {isa = PBXBuildFile; fileRef = 05DE439414F20064005FF6B0 /* QuartzCore.framework */; };
		05EE0E8315365AC400E5E541 /* CalendarDayBackgroundView.m in Sources */ = {isa = PBXBuildFile; fileRef = 05EE0E8215365AC400E5E541 /* CalendarDayBackgroundView.m */; };
		05EE0E8715366ACF00E5E541 /* DiagonalGestrureRecognizer.m in Sources */ = {isa = PBXBuildFile; fileRef = 05EE0E8615366ACF00E5E541 /* DiagonalGestrureRecognizer.m */; };
/* End PBXBuildFile section */

/* Begin PBXFileReference section */
		050CF12514F96A9100A31059 /* ContainerViewController.h */ = {isa = PBXFileReference; fileEncoding = 4; lastKnownFileType = sourcecode.c.h; path = ContainerViewController.h; sourceTree = "<group>"; };
		050CF12614F96A9100A31059 /* ContainerViewController.m */ = {isa = PBXFileReference; fileEncoding = 4; lastKnownFileType = sourcecode.c.objc; path = ContainerViewController.m; sourceTree = "<group>"; };
		050CF12714F96A9100A31059 /* ContainerViewController.xib */ = {isa = PBXFileReference; fileEncoding = 4; lastKnownFileType = file.xib; path = ContainerViewController.xib; sourceTree = "<group>"; };
		050CF14F14F9A27D00A31059 /* CameraViewController.xib */ = {isa = PBXFileReference; fileEncoding = 4; lastKnownFileType = file.xib; path = CameraViewController.xib; sourceTree = "<group>"; };
		0529A7C51501D41900235B95 /* TransitionGestureRecognizer.h */ = {isa = PBXFileReference; fileEncoding = 4; lastKnownFileType = sourcecode.c.h; path = TransitionGestureRecognizer.h; sourceTree = "<group>"; };
		0529A7C61501D41900235B95 /* TransitionGestureRecognizer.m */ = {isa = PBXFileReference; fileEncoding = 4; lastKnownFileType = sourcecode.c.objc; path = TransitionGestureRecognizer.m; sourceTree = "<group>"; };
		0529A7D11503B35400235B95 /* CalendarViewController.h */ = {isa = PBXFileReference; fileEncoding = 4; lastKnownFileType = sourcecode.c.h; path = CalendarViewController.h; sourceTree = "<group>"; };
		0529A7D21503B35400235B95 /* CalendarViewController.m */ = {isa = PBXFileReference; fileEncoding = 4; lastKnownFileType = sourcecode.c.objc; path = CalendarViewController.m; sourceTree = "<group>"; };
		0529A7D31503B35400235B95 /* CalendarViewController.xib */ = {isa = PBXFileReference; fileEncoding = 4; lastKnownFileType = file.xib; path = CalendarViewController.xib; sourceTree = "<group>"; };
		052AE17A1528941F005D57B1 /* AssetsLibrary.framework */ = {isa = PBXFileReference; lastKnownFileType = wrapper.framework; name = AssetsLibrary.framework; path = System/Library/Frameworks/AssetsLibrary.framework; sourceTree = SDKROOT; };
		052AE17D1528943E005D57B1 /* CoreMedia.framework */ = {isa = PBXFileReference; lastKnownFileType = wrapper.framework; name = CoreMedia.framework; path = System/Library/Frameworks/CoreMedia.framework; sourceTree = SDKROOT; };
		052AE17F1528944F005D57B1 /* CoreVideo.framework */ = {isa = PBXFileReference; lastKnownFileType = wrapper.framework; name = CoreVideo.framework; path = System/Library/Frameworks/CoreVideo.framework; sourceTree = SDKROOT; };
		0542DAE4151FFD85002C62A0 /* StreamOfViews.h */ = {isa = PBXFileReference; fileEncoding = 4; lastKnownFileType = sourcecode.c.h; path = StreamOfViews.h; sourceTree = "<group>"; };
		0542DAE5151FFD85002C62A0 /* StreamOfViews.m */ = {isa = PBXFileReference; fileEncoding = 4; lastKnownFileType = sourcecode.c.objc; path = StreamOfViews.m; sourceTree = "<group>"; };
		0542DAF71523EDA7002C62A0 /* flash-on.png */ = {isa = PBXFileReference; lastKnownFileType = image.png; path = "flash-on.png"; sourceTree = "<group>"; };
		0542DAF81523EDA7002C62A0 /* flash-on@2x.png */ = {isa = PBXFileReference; lastKnownFileType = image.png; path = "flash-on@2x.png"; sourceTree = "<group>"; };
		0554A4791503DDD000B9C76D /* DragGridView.h */ = {isa = PBXFileReference; fileEncoding = 4; lastKnownFileType = sourcecode.c.h; path = DragGridView.h; sourceTree = "<group>"; };
		0554A47A1503DDD000B9C76D /* DragGridView.m */ = {isa = PBXFileReference; fileEncoding = 4; lastKnownFileType = sourcecode.c.objc; path = DragGridView.m; sourceTree = "<group>"; };
		0554A47D1503DDFE00B9C76D /* DragRowView.h */ = {isa = PBXFileReference; fileEncoding = 4; lastKnownFileType = sourcecode.c.h; path = DragRowView.h; sourceTree = "<group>"; };
		0554A47E1503DDFE00B9C76D /* DragRowView.m */ = {isa = PBXFileReference; fileEncoding = 4; lastKnownFileType = sourcecode.c.objc; path = DragRowView.m; sourceTree = "<group>"; };
		058B4FB415196B1F0087F717 /* LocalesViewController.h */ = {isa = PBXFileReference; fileEncoding = 4; lastKnownFileType = sourcecode.c.h; path = LocalesViewController.h; sourceTree = "<group>"; };
		058B4FB515196B1F0087F717 /* LocalesViewController.m */ = {isa = PBXFileReference; fileEncoding = 4; lastKnownFileType = sourcecode.c.objc; path = LocalesViewController.m; sourceTree = "<group>"; };
		058B4FB615196B1F0087F717 /* LocalesViewController.xib */ = {isa = PBXFileReference; fileEncoding = 4; lastKnownFileType = file.xib; path = LocalesViewController.xib; sourceTree = "<group>"; };
		058B4FBA15196D840087F717 /* LocaleView.h */ = {isa = PBXFileReference; fileEncoding = 4; lastKnownFileType = sourcecode.c.h; path = LocaleView.h; sourceTree = "<group>"; };
		058B4FBB15196D840087F717 /* LocaleView.m */ = {isa = PBXFileReference; fileEncoding = 4; lastKnownFileType = sourcecode.c.objc; path = LocaleView.m; sourceTree = "<group>"; };
		059772E61527961B008F3A1B /* take-photo.png */ = {isa = PBXFileReference; lastKnownFileType = image.png; path = "take-photo.png"; sourceTree = "<group>"; };
		059772E8152798BA008F3A1B /* take-photo@2x.png */ = {isa = PBXFileReference; lastKnownFileType = image.png; path = "take-photo@2x.png"; sourceTree = "<group>"; };
		059772EF1527D787008F3A1B /* Camera.h */ = {isa = PBXFileReference; fileEncoding = 4; lastKnownFileType = sourcecode.c.h; path = Camera.h; sourceTree = "<group>"; };
		059772F01527D787008F3A1B /* Camera.m */ = {isa = PBXFileReference; fileEncoding = 4; lastKnownFileType = sourcecode.c.objc; path = Camera.m; sourceTree = "<group>"; };
		059772F31527D787008F3A1B /* CameraViewController.h */ = {isa = PBXFileReference; fileEncoding = 4; lastKnownFileType = sourcecode.c.h; path = CameraViewController.h; sourceTree = "<group>"; };
		059772F41527D787008F3A1B /* CameraViewController.m */ = {isa = PBXFileReference; fileEncoding = 4; lastKnownFileType = sourcecode.c.objc; path = CameraViewController.m; sourceTree = "<group>"; };
		059772F81527D7B5008F3A1B /* AVFoundation.framework */ = {isa = PBXFileReference; lastKnownFileType = wrapper.framework; name = AVFoundation.framework; path = System/Library/Frameworks/AVFoundation.framework; sourceTree = SDKROOT; };
		05A1D693150BC86A009C9A11 /* CalendarEntryView.h */ = {isa = PBXFileReference; fileEncoding = 4; lastKnownFileType = sourcecode.c.h; path = CalendarEntryView.h; sourceTree = "<group>"; };
		05A1D694150BC86A009C9A11 /* CalendarEntryView.m */ = {isa = PBXFileReference; fileEncoding = 4; lastKnownFileType = sourcecode.c.objc; path = CalendarEntryView.m; sourceTree = "<group>"; };
		05A7013A151E2CB400BBA79E /* libsqlite3.dylib */ = {isa = PBXFileReference; lastKnownFileType = "compiled.mach-o.dylib"; name = libsqlite3.dylib; path = usr/lib/libsqlite3.dylib; sourceTree = SDKROOT; };
		05ACEF491532491B007F538E /* CalandarDateView.h */ = {isa = PBXFileReference; fileEncoding = 4; lastKnownFileType = sourcecode.c.h; path = CalandarDateView.h; sourceTree = "<group>"; };
		05ACEF4A1532491B007F538E /* CalandarDateView.m */ = {isa = PBXFileReference; fileEncoding = 4; lastKnownFileType = sourcecode.c.objc; path = CalandarDateView.m; sourceTree = "<group>"; };
		05AED927153119EF00E277BE /* Capture.h */ = {isa = PBXFileReference; fileEncoding = 4; lastKnownFileType = sourcecode.c.h; path = Capture.h; sourceTree = "<group>"; };
		05AED928153119EF00E277BE /* Capture.m */ = {isa = PBXFileReference; fileEncoding = 4; lastKnownFileType = sourcecode.c.objc; path = Capture.m; sourceTree = "<group>"; };
		05AED92F1531E7F500E277BE /* Tag.h */ = {isa = PBXFileReference; fileEncoding = 4; lastKnownFileType = sourcecode.c.h; path = Tag.h; sourceTree = "<group>"; };
		05AED9301531E7F500E277BE /* Tag.m */ = {isa = PBXFileReference; fileEncoding = 4; lastKnownFileType = sourcecode.c.objc; path = Tag.m; sourceTree = "<group>"; };
		05B2A7541533BBFC00499F6F /* Image.h */ = {isa = PBXFileReference; fileEncoding = 4; lastKnownFileType = sourcecode.c.h; path = Image.h; sourceTree = "<group>"; };
		05B2A7551533BBFC00499F6F /* Image.m */ = {isa = PBXFileReference; fileEncoding = 4; lastKnownFileType = sourcecode.c.objc; path = Image.m; sourceTree = "<group>"; };
		05B83718152E6C5F00D99A40 /* ImageInspectView.h */ = {isa = PBXFileReference; fileEncoding = 4; lastKnownFileType = sourcecode.c.h; path = ImageInspectView.h; sourceTree = "<group>"; };
		05B83719152E6C5F00D99A40 /* ImageInspectView.m */ = {isa = PBXFileReference; fileEncoding = 4; lastKnownFileType = sourcecode.c.objc; path = ImageInspectView.m; sourceTree = "<group>"; };
		05B8372715309FB400D99A40 /* CoreData.framework */ = {isa = PBXFileReference; lastKnownFileType = wrapper.framework; name = CoreData.framework; path = System/Library/Frameworks/CoreData.framework; sourceTree = SDKROOT; };
		05B837611530B5B500D99A40 /* photio.xcdatamodel */ = {isa = PBXFileReference; lastKnownFileType = wrapper.xcdatamodel; path = photio.xcdatamodel; sourceTree = "<group>"; };
		05B837711530C45100D99A40 /* UIImageToDataTransformer.h */ = {isa = PBXFileReference; fileEncoding = 4; lastKnownFileType = sourcecode.c.h; path = UIImageToDataTransformer.h; sourceTree = "<group>"; };
		05B837721530C45100D99A40 /* UIImageToDataTransformer.m */ = {isa = PBXFileReference; fileEncoding = 4; lastKnownFileType = sourcecode.c.objc; path = UIImageToDataTransformer.m; sourceTree = "<group>"; };
		05B837771530C6B800D99A40 /* Locale.h */ = {isa = PBXFileReference; fileEncoding = 4; lastKnownFileType = sourcecode.c.h; path = Locale.h; sourceTree = "<group>"; };
		05B837781530C6B800D99A40 /* Locale.m */ = {isa = PBXFileReference; fileEncoding = 4; lastKnownFileType = sourcecode.c.objc; path = Locale.m; sourceTree = "<group>"; };
		05B8377A1530DA1200D99A40 /* CoreLocation.framework */ = {isa = PBXFileReference; lastKnownFileType = wrapper.framework; name = CoreLocation.framework; path = System/Library/Frameworks/CoreLocation.framework; sourceTree = SDKROOT; };
		05C59C3B14F5D157009AC823 /* ViewGeneral.h */ = {isa = PBXFileReference; fileEncoding = 4; lastKnownFileType = sourcecode.c.h; path = ViewGeneral.h; sourceTree = "<group>"; };
		05C59C3C14F5D157009AC823 /* ViewGeneral.m */ = {isa = PBXFileReference; fileEncoding = 4; lastKnownFileType = sourcecode.c.objc; path = ViewGeneral.m; sourceTree = "<group>"; };
		05C99EBC14F0585C00D09F3E /* photio.app */ = {isa = PBXFileReference; explicitFileType = wrapper.application; includeInIndex = 0; path = photio.app; sourceTree = BUILT_PRODUCTS_DIR; };
		05C99EC014F0585C00D09F3E /* UIKit.framework */ = {isa = PBXFileReference; lastKnownFileType = wrapper.framework; name = UIKit.framework; path = System/Library/Frameworks/UIKit.framework; sourceTree = SDKROOT; };
		05C99EC214F0585C00D09F3E /* Foundation.framework */ = {isa = PBXFileReference; lastKnownFileType = wrapper.framework; name = Foundation.framework; path = System/Library/Frameworks/Foundation.framework; sourceTree = SDKROOT; };
		05C99EC414F0585C00D09F3E /* CoreGraphics.framework */ = {isa = PBXFileReference; lastKnownFileType = wrapper.framework; name = CoreGraphics.framework; path = System/Library/Frameworks/CoreGraphics.framework; sourceTree = SDKROOT; };
		05C99EC814F0585C00D09F3E /* photio-Info.plist */ = {isa = PBXFileReference; lastKnownFileType = text.plist.xml; path = "photio-Info.plist"; sourceTree = "<group>"; };
		05C99ECA14F0585C00D09F3E /* en */ = {isa = PBXFileReference; lastKnownFileType = text.plist.strings; name = en; path = en.lproj/InfoPlist.strings; sourceTree = "<group>"; };
		05C99ECC14F0585C00D09F3E /* main.m */ = {isa = PBXFileReference; lastKnownFileType = sourcecode.c.objc; path = main.m; sourceTree = "<group>"; };
		05C99ECE14F0585C00D09F3E /* photio-Prefix.pch */ = {isa = PBXFileReference; lastKnownFileType = sourcecode.c.h; path = "photio-Prefix.pch"; sourceTree = "<group>"; };
		05C99ECF14F0585C00D09F3E /* PhotioAppDelegate.h */ = {isa = PBXFileReference; lastKnownFileType = sourcecode.c.h; path = PhotioAppDelegate.h; sourceTree = "<group>"; };
		05C99ED014F0585C00D09F3E /* PhotioAppDelegate.m */ = {isa = PBXFileReference; lastKnownFileType = sourcecode.c.objc; path = PhotioAppDelegate.m; sourceTree = "<group>"; };
		05DE436414F17503005FF6B0 /* UIImage+Alpha.h */ = {isa = PBXFileReference; fileEncoding = 4; lastKnownFileType = sourcecode.c.h; path = "UIImage+Alpha.h"; sourceTree = "<group>"; };
		05DE436514F17503005FF6B0 /* UIImage+Alpha.m */ = {isa = PBXFileReference; fileEncoding = 4; lastKnownFileType = sourcecode.c.objc; path = "UIImage+Alpha.m"; sourceTree = "<group>"; };
		05DE436614F17503005FF6B0 /* UIImage+Resize.h */ = {isa = PBXFileReference; fileEncoding = 4; lastKnownFileType = sourcecode.c.h; path = "UIImage+Resize.h"; sourceTree = "<group>"; };
		05DE436714F17503005FF6B0 /* UIImage+Resize.m */ = {isa = PBXFileReference; fileEncoding = 4; lastKnownFileType = sourcecode.c.objc; path = "UIImage+Resize.m"; sourceTree = "<group>"; };
		05DE436814F17503005FF6B0 /* UIImage+RoundedCorner.h */ = {isa = PBXFileReference; fileEncoding = 4; lastKnownFileType = sourcecode.c.h; path = "UIImage+RoundedCorner.h"; sourceTree = "<group>"; };
		05DE436914F17503005FF6B0 /* UIImage+RoundedCorner.m */ = {isa = PBXFileReference; fileEncoding = 4; lastKnownFileType = sourcecode.c.objc; path = "UIImage+RoundedCorner.m"; sourceTree = "<group>"; };
		05DE436E14F1E51C005FF6B0 /* ImageInspectViewController.h */ = {isa = PBXFileReference; fileEncoding = 4; lastKnownFileType = sourcecode.c.h; path = ImageInspectViewController.h; sourceTree = "<group>"; };
		05DE436F14F1E51C005FF6B0 /* ImageInspectViewController.m */ = {isa = PBXFileReference; fileEncoding = 4; lastKnownFileType = sourcecode.c.objc; path = ImageInspectViewController.m; sourceTree = "<group>"; };
		05DE437014F1E51C005FF6B0 /* ImageInspectViewController.xib */ = {isa = PBXFileReference; fileEncoding = 4; lastKnownFileType = file.xib; path = ImageInspectViewController.xib; sourceTree = "<group>"; };
		05DE438614F1F46D005FF6B0 /* EntryViewController.h */ = {isa = PBXFileReference; fileEncoding = 4; lastKnownFileType = sourcecode.c.h; path = EntryViewController.h; sourceTree = "<group>"; };
		05DE438714F1F46D005FF6B0 /* EntryViewController.m */ = {isa = PBXFileReference; fileEncoding = 4; lastKnownFileType = sourcecode.c.objc; path = EntryViewController.m; sourceTree = "<group>"; };
		05DE438814F1F46D005FF6B0 /* EntryViewController.xib */ = {isa = PBXFileReference; fileEncoding = 4; lastKnownFileType = file.xib; path = EntryViewController.xib; sourceTree = "<group>"; };
		05DE439414F20064005FF6B0 /* QuartzCore.framework */ = {isa = PBXFileReference; lastKnownFileType = wrapper.framework; name = QuartzCore.framework; path = System/Library/Frameworks/QuartzCore.framework; sourceTree = SDKROOT; };
		05EE0E8115365AC400E5E541 /* CalendarDayBackgroundView.h */ = {isa = PBXFileReference; fileEncoding = 4; lastKnownFileType = sourcecode.c.h; path = CalendarDayBackgroundView.h; sourceTree = "<group>"; };
		05EE0E8215365AC400E5E541 /* CalendarDayBackgroundView.m */ = {isa = PBXFileReference; fileEncoding = 4; lastKnownFileType = sourcecode.c.objc; path = CalendarDayBackgroundView.m; sourceTree = "<group>"; };
		05EE0E8515366ACF00E5E541 /* DiagonalGestrureRecognizer.h */ = {isa = PBXFileReference; fileEncoding = 4; path = DiagonalGestrureRecognizer.h; sourceTree = "<group>"; };
		05EE0E8615366ACF00E5E541 /* DiagonalGestrureRecognizer.m */ = {isa = PBXFileReference; fileEncoding = 4; lastKnownFileType = sourcecode.c.objc; path = DiagonalGestrureRecognizer.m; sourceTree = "<group>"; };
/* End PBXFileReference section */

/* Begin PBXFrameworksBuildPhase section */
		05C99EB914F0585C00D09F3E /* Frameworks */ = {
			isa = PBXFrameworksBuildPhase;
			buildActionMask = 2147483647;
			files = (
				05B8377B1530DA1300D99A40 /* CoreLocation.framework in Frameworks */,
				05B8372815309FB400D99A40 /* CoreData.framework in Frameworks */,
				05A7013B151E2CB400BBA79E /* libsqlite3.dylib in Frameworks */,
				052AE17B1528941F005D57B1 /* AssetsLibrary.framework in Frameworks */,
				059772F91527D7B5008F3A1B /* AVFoundation.framework in Frameworks */,
				052AE17E1528943E005D57B1 /* CoreMedia.framework in Frameworks */,
				05DE439514F20064005FF6B0 /* QuartzCore.framework in Frameworks */,
				05C99EC114F0585C00D09F3E /* UIKit.framework in Frameworks */,
				05C99EC314F0585C00D09F3E /* Foundation.framework in Frameworks */,
				05C99EC514F0585C00D09F3E /* CoreGraphics.framework in Frameworks */,
			);
			runOnlyForDeploymentPostprocessing = 0;
		};
/* End PBXFrameworksBuildPhase section */

/* Begin PBXGroup section */
		059772E415277EE1008F3A1B /* models */ = {
			isa = PBXGroup;
			children = (
				05AED927153119EF00E277BE /* Capture.h */,
				05AED928153119EF00E277BE /* Capture.m */,
				05B837601530B5B500D99A40 /* photio.xcdatamodeld */,
				05B2A7541533BBFC00499F6F /* Image.h */,
				05B2A7551533BBFC00499F6F /* Image.m */,
				05AED92F1531E7F500E277BE /* Tag.h */,
				05AED9301531E7F500E277BE /* Tag.m */,
				05B837771530C6B800D99A40 /* Locale.h */,
				05B837781530C6B800D99A40 /* Locale.m */,
			);
			name = models;
			sourceTree = "<group>";
		};
		05B837701530C33700D99A40 /* application */ = {
			isa = PBXGroup;
			children = (
				05C99ECF14F0585C00D09F3E /* PhotioAppDelegate.h */,
				05C99ED014F0585C00D09F3E /* PhotioAppDelegate.m */,
			);
			name = application;
			sourceTree = "<group>";
		};
		05C59C1F14F31EF8009AC823 /* library */ = {
			isa = PBXGroup;
			children = (
				05EE0E8515366ACF00E5E541 /* DiagonalGestrureRecognizer.h */,
				05EE0E8615366ACF00E5E541 /* DiagonalGestrureRecognizer.m */,
				0554A4791503DDD000B9C76D /* DragGridView.h */,
				0554A47A1503DDD000B9C76D /* DragGridView.m */,
				0554A47D1503DDFE00B9C76D /* DragRowView.h */,
				0554A47E1503DDFE00B9C76D /* DragRowView.m */,
				0542DAE4151FFD85002C62A0 /* StreamOfViews.h */,
				0542DAE5151FFD85002C62A0 /* StreamOfViews.m */,
				0529A7C51501D41900235B95 /* TransitionGestureRecognizer.h */,
				0529A7C61501D41900235B95 /* TransitionGestureRecognizer.m */,
				05B837711530C45100D99A40 /* UIImageToDataTransformer.h */,
				05B837721530C45100D99A40 /* UIImageToDataTransformer.m */,
			);
			path = library;
			sourceTree = "<group>";
		};
		05C59C2314F331A6009AC823 /* images */ = {
			isa = PBXGroup;
			children = (
				059772E8152798BA008F3A1B /* take-photo@2x.png */,
				059772E61527961B008F3A1B /* take-photo.png */,
				0542DAF71523EDA7002C62A0 /* flash-on.png */,
				0542DAF81523EDA7002C62A0 /* flash-on@2x.png */,
			);
			path = images;
			sourceTree = "<group>";
		};
		05C99EB114F0585C00D09F3E = {
			isa = PBXGroup;
			children = (
				05A7013A151E2CB400BBA79E /* libsqlite3.dylib */,
				05B8377A1530DA1200D99A40 /* CoreLocation.framework */,
				05B8372715309FB400D99A40 /* CoreData.framework */,
				052AE17F1528944F005D57B1 /* CoreVideo.framework */,
				052AE17D1528943E005D57B1 /* CoreMedia.framework */,
				052AE17A1528941F005D57B1 /* AssetsLibrary.framework */,
				059772F81527D7B5008F3A1B /* AVFoundation.framework */,
				05DE439414F20064005FF6B0 /* QuartzCore.framework */,
				05C99EC614F0585C00D09F3E /* photio */,
				05C99EBF14F0585C00D09F3E /* Frameworks */,
				05C99EBD14F0585C00D09F3E /* Products */,
			);
			sourceTree = "<group>";
		};
		05C99EBD14F0585C00D09F3E /* Products */ = {
			isa = PBXGroup;
			children = (
				05C99EBC14F0585C00D09F3E /* photio.app */,
			);
			name = Products;
			sourceTree = "<group>";
		};
		05C99EBF14F0585C00D09F3E /* Frameworks */ = {
			isa = PBXGroup;
			children = (
				05C99EC014F0585C00D09F3E /* UIKit.framework */,
				05C99EC214F0585C00D09F3E /* Foundation.framework */,
				05C99EC414F0585C00D09F3E /* CoreGraphics.framework */,
			);
			name = Frameworks;
			sourceTree = "<group>";
		};
		05C99EC614F0585C00D09F3E /* photio */ = {
			isa = PBXGroup;
			children = (
				05B837701530C33700D99A40 /* application */,
				05C59C2314F331A6009AC823 /* images */,
				05C59C1F14F31EF8009AC823 /* library */,
				059772E415277EE1008F3A1B /* models */,
				05C99EEB14F05A5500D09F3E /* photoAlbum */,
				05C99EC714F0585C00D09F3E /* Supporting Files */,
				05ACEF491532491B007F538E /* CalandarDateView.h */,
				05ACEF4A1532491B007F538E /* CalandarDateView.m */,
				05EE0E8115365AC400E5E541 /* CalendarDayBackgroundView.h */,
				05EE0E8215365AC400E5E541 /* CalendarDayBackgroundView.m */,
				05A1D693150BC86A009C9A11 /* CalendarEntryView.h */,
				05A1D694150BC86A009C9A11 /* CalendarEntryView.m */,
				0529A7D11503B35400235B95 /* CalendarViewController.h */,
				0529A7D21503B35400235B95 /* CalendarViewController.m */,
				0529A7D31503B35400235B95 /* CalendarViewController.xib */,
				050CF12514F96A9100A31059 /* ContainerViewController.h */,
				050CF12614F96A9100A31059 /* ContainerViewController.m */,
				050CF12714F96A9100A31059 /* ContainerViewController.xib */,
				05DE438614F1F46D005FF6B0 /* EntryViewController.h */,
				05DE438714F1F46D005FF6B0 /* EntryViewController.m */,
				05DE438814F1F46D005FF6B0 /* EntryViewController.xib */,
				058B4FB415196B1F0087F717 /* LocalesViewController.h */,
				058B4FB515196B1F0087F717 /* LocalesViewController.m */,
				058B4FB615196B1F0087F717 /* LocalesViewController.xib */,
				058B4FBA15196D840087F717 /* LocaleView.h */,
				058B4FBB15196D840087F717 /* LocaleView.m */,
				05C59C3B14F5D157009AC823 /* ViewGeneral.h */,
				05C59C3C14F5D157009AC823 /* ViewGeneral.m */,
			);
			path = photio;
			sourceTree = "<group>";
		};
		05C99EC714F0585C00D09F3E /* Supporting Files */ = {
			isa = PBXGroup;
			children = (
				05C99EC814F0585C00D09F3E /* photio-Info.plist */,
				05C99EC914F0585C00D09F3E /* InfoPlist.strings */,
				05C99ECC14F0585C00D09F3E /* main.m */,
				05C99ECE14F0585C00D09F3E /* photio-Prefix.pch */,
			);
			name = "Supporting Files";
			sourceTree = "<group>";
		};
		05C99EEB14F05A5500D09F3E /* photoAlbum */ = {
			isa = PBXGroup;
			children = (
				05DE436314F17503005FF6B0 /* UIImage-categories */,
				059772EF1527D787008F3A1B /* Camera.h */,
				059772F01527D787008F3A1B /* Camera.m */,
				059772F31527D787008F3A1B /* CameraViewController.h */,
				059772F41527D787008F3A1B /* CameraViewController.m */,
				050CF14F14F9A27D00A31059 /* CameraViewController.xib */,
				05B83718152E6C5F00D99A40 /* ImageInspectView.h */,
				05B83719152E6C5F00D99A40 /* ImageInspectView.m */,
				05DE436E14F1E51C005FF6B0 /* ImageInspectViewController.h */,
				05DE436F14F1E51C005FF6B0 /* ImageInspectViewController.m */,
				05DE437014F1E51C005FF6B0 /* ImageInspectViewController.xib */,
			);
			path = photoAlbum;
			sourceTree = "<group>";
		};
		05DE436314F17503005FF6B0 /* UIImage-categories */ = {
			isa = PBXGroup;
			children = (
				05DE436414F17503005FF6B0 /* UIImage+Alpha.h */,
				05DE436514F17503005FF6B0 /* UIImage+Alpha.m */,
				05DE436614F17503005FF6B0 /* UIImage+Resize.h */,
				05DE436714F17503005FF6B0 /* UIImage+Resize.m */,
				05DE436814F17503005FF6B0 /* UIImage+RoundedCorner.h */,
				05DE436914F17503005FF6B0 /* UIImage+RoundedCorner.m */,
			);
			path = "UIImage-categories";
			sourceTree = "<group>";
		};
/* End PBXGroup section */

/* Begin PBXNativeTarget section */
		05C99EBB14F0585C00D09F3E /* photio */ = {
			isa = PBXNativeTarget;
			buildConfigurationList = 05C99EDA14F0585C00D09F3E /* Build configuration list for PBXNativeTarget "photio" */;
			buildPhases = (
				05C99EB814F0585C00D09F3E /* Sources */,
				05C99EB914F0585C00D09F3E /* Frameworks */,
				05C99EBA14F0585C00D09F3E /* Resources */,
			);
			buildRules = (
			);
			dependencies = (
			);
			name = photio;
			productName = photio;
			productReference = 05C99EBC14F0585C00D09F3E /* photio.app */;
			productType = "com.apple.product-type.application";
		};
/* End PBXNativeTarget section */

/* Begin PBXProject section */
		05C99EB314F0585C00D09F3E /* Project object */ = {
			isa = PBXProject;
			attributes = {
				LastUpgradeCheck = 0430;
				ORGANIZATIONNAME = imaginaryProducts;
			};
			buildConfigurationList = 05C99EB614F0585C00D09F3E /* Build configuration list for PBXProject "photio" */;
			compatibilityVersion = "Xcode 3.2";
			developmentRegion = English;
			hasScannedForEncodings = 0;
			knownRegions = (
				en,
			);
			mainGroup = 05C99EB114F0585C00D09F3E;
			productRefGroup = 05C99EBD14F0585C00D09F3E /* Products */;
			projectDirPath = "";
			projectRoot = "";
			targets = (
				05C99EBB14F0585C00D09F3E /* photio */,
			);
		};
/* End PBXProject section */

/* Begin PBXResourcesBuildPhase section */
		05C99EBA14F0585C00D09F3E /* Resources */ = {
			isa = PBXResourcesBuildPhase;
			buildActionMask = 2147483647;
			files = (
				05C99ECB14F0585C00D09F3E /* InfoPlist.strings in Resources */,
				05DE437214F1E51D005FF6B0 /* ImageInspectViewController.xib in Resources */,
				05DE438A14F1F46E005FF6B0 /* EntryViewController.xib in Resources */,
				050CF12914F96A9100A31059 /* ContainerViewController.xib in Resources */,
				050CF15014F9A27D00A31059 /* CameraViewController.xib in Resources */,
				0529A7D51503B35400235B95 /* CalendarViewController.xib in Resources */,
				058B4FB815196B1F0087F717 /* LocalesViewController.xib in Resources */,
				0542DAF91523EDA7002C62A0 /* flash-on.png in Resources */,
				0542DAFA1523EDA7002C62A0 /* flash-on@2x.png in Resources */,
				059772E71527961B008F3A1B /* take-photo.png in Resources */,
				059772E9152798BA008F3A1B /* take-photo@2x.png in Resources */,
			);
			runOnlyForDeploymentPostprocessing = 0;
		};
/* End PBXResourcesBuildPhase section */

/* Begin PBXSourcesBuildPhase section */
		05C99EB814F0585C00D09F3E /* Sources */ = {
			isa = PBXSourcesBuildPhase;
			buildActionMask = 2147483647;
			files = (
				05C99ECD14F0585C00D09F3E /* main.m in Sources */,
				05C99ED114F0585C00D09F3E /* PhotioAppDelegate.m in Sources */,
				05DE436A14F17503005FF6B0 /* UIImage+Alpha.m in Sources */,
				05DE436B14F17503005FF6B0 /* UIImage+Resize.m in Sources */,
				05DE436C14F17503005FF6B0 /* UIImage+RoundedCorner.m in Sources */,
				05DE437114F1E51D005FF6B0 /* ImageInspectViewController.m in Sources */,
				05DE438914F1F46E005FF6B0 /* EntryViewController.m in Sources */,
				05C59C3D14F5D157009AC823 /* ViewGeneral.m in Sources */,
				050CF12814F96A9100A31059 /* ContainerViewController.m in Sources */,
				0529A7C71501D41900235B95 /* TransitionGestureRecognizer.m in Sources */,
				0529A7D41503B35400235B95 /* CalendarViewController.m in Sources */,
				0554A47B1503DDD000B9C76D /* DragGridView.m in Sources */,
				0554A47F1503DDFE00B9C76D /* DragRowView.m in Sources */,
				05A1D695150BC86A009C9A11 /* CalendarEntryView.m in Sources */,
				058B4FB715196B1F0087F717 /* LocalesViewController.m in Sources */,
				058B4FBC15196D840087F717 /* LocaleView.m in Sources */,
				0542DAE6151FFD85002C62A0 /* StreamOfViews.m in Sources */,
				059772F51527D787008F3A1B /* Camera.m in Sources */,
				059772F71527D787008F3A1B /* CameraViewController.m in Sources */,
				05B8371A152E6C5F00D99A40 /* ImageInspectView.m in Sources */,
				05B837621530B5B500D99A40 /* photio.xcdatamodeld in Sources */,
				05B837731530C45100D99A40 /* UIImageToDataTransformer.m in Sources */,
				05B837791530C6B800D99A40 /* Locale.m in Sources */,
				05AED929153119EF00E277BE /* Capture.m in Sources */,
				05AED9311531E7F500E277BE /* Tag.m in Sources */,
				05ACEF4B1532491B007F538E /* CalandarDateView.m in Sources */,
				05B2A7561533BBFC00499F6F /* Image.m in Sources */,
				05EE0E8315365AC400E5E541 /* CalendarDayBackgroundView.m in Sources */,
				05EE0E8715366ACF00E5E541 /* DiagonalGestrureRecognizer.m in Sources */,
			);
			runOnlyForDeploymentPostprocessing = 0;
		};
/* End PBXSourcesBuildPhase section */

/* Begin PBXVariantGroup section */
		05C99EC914F0585C00D09F3E /* InfoPlist.strings */ = {
			isa = PBXVariantGroup;
			children = (
				05C99ECA14F0585C00D09F3E /* en */,
			);
			name = InfoPlist.strings;
			sourceTree = "<group>";
		};
/* End PBXVariantGroup section */

/* Begin XCBuildConfiguration section */
		05C99ED814F0585C00D09F3E /* Debug */ = {
			isa = XCBuildConfiguration;
			buildSettings = {
				ALWAYS_SEARCH_USER_PATHS = NO;
				ARCHS = "$(ARCHS_STANDARD_32_BIT)";
				CLANG_ENABLE_OBJC_ARC = YES;
				CODE_SIGN_IDENTITY = "";
				"CODE_SIGN_IDENTITY[sdk=iphoneos*]" = "iPhone Developer: Troy Stribling (M8KL9DR9D4)";
				COPY_PHASE_STRIP = NO;
				GCC_C_LANGUAGE_STANDARD = gnu99;
				GCC_DYNAMIC_NO_PIC = NO;
				GCC_OPTIMIZATION_LEVEL = 0;
				GCC_PREPROCESSOR_DEFINITIONS = (
					"DEBUG=1",
					"$(inherited)",
				);
				GCC_SYMBOLS_PRIVATE_EXTERN = NO;
				GCC_VERSION = com.apple.compilers.llvm.clang.1_0;
				GCC_WARN_ABOUT_MISSING_PROTOTYPES = YES;
				GCC_WARN_ABOUT_RETURN_TYPE = YES;
				GCC_WARN_UNUSED_VARIABLE = YES;
				IPHONEOS_DEPLOYMENT_TARGET = 5.0;
				"PROVISIONING_PROFILE[sdk=iphoneos*]" = "E5BF5655-359D-425E-83FB-4A7126E4B5E6";
				SDKROOT = iphoneos;
			};
			name = Debug;
		};
		05C99ED914F0585C00D09F3E /* Release */ = {
			isa = XCBuildConfiguration;
			buildSettings = {
				ALWAYS_SEARCH_USER_PATHS = NO;
				ARCHS = "$(ARCHS_STANDARD_32_BIT)";
				CLANG_ENABLE_OBJC_ARC = YES;
				"CODE_SIGN_IDENTITY[sdk=iphoneos*]" = "iPhone Developer";
				COPY_PHASE_STRIP = YES;
				GCC_C_LANGUAGE_STANDARD = gnu99;
				GCC_VERSION = com.apple.compilers.llvm.clang.1_0;
				GCC_WARN_ABOUT_MISSING_PROTOTYPES = YES;
				GCC_WARN_ABOUT_RETURN_TYPE = YES;
				GCC_WARN_UNUSED_VARIABLE = YES;
				IPHONEOS_DEPLOYMENT_TARGET = 5.0;
				OTHER_CFLAGS = "-DNS_BLOCK_ASSERTIONS=1";
				SDKROOT = iphoneos;
				VALIDATE_PRODUCT = YES;
			};
			name = Release;
		};
		05C99EDB14F0585C00D09F3E /* Debug */ = {
			isa = XCBuildConfiguration;
			buildSettings = {
				GCC_PRECOMPILE_PREFIX_HEADER = YES;
				GCC_PREFIX_HEADER = "photio/photio-Prefix.pch";
				INFOPLIST_FILE = "photio/photio-Info.plist";
				PRODUCT_NAME = "$(TARGET_NAME)";
				WRAPPER_EXTENSION = app;
			};
			name = Debug;
		};
		05C99EDC14F0585C00D09F3E /* Release */ = {
			isa = XCBuildConfiguration;
			buildSettings = {
				GCC_PRECOMPILE_PREFIX_HEADER = YES;
				GCC_PREFIX_HEADER = "photio/photio-Prefix.pch";
				INFOPLIST_FILE = "photio/photio-Info.plist";
				PRODUCT_NAME = "$(TARGET_NAME)";
				WRAPPER_EXTENSION = app;
			};
			name = Release;
		};
/* End XCBuildConfiguration section */

/* Begin XCConfigurationList section */
		05C99EB614F0585C00D09F3E /* Build configuration list for PBXProject "photio" */ = {
			isa = XCConfigurationList;
			buildConfigurations = (
				05C99ED814F0585C00D09F3E /* Debug */,
				05C99ED914F0585C00D09F3E /* Release */,
			);
			defaultConfigurationIsVisible = 0;
			defaultConfigurationName = Release;
		};
		05C99EDA14F0585C00D09F3E /* Build configuration list for PBXNativeTarget "photio" */ = {
			isa = XCConfigurationList;
			buildConfigurations = (
				05C99EDB14F0585C00D09F3E /* Debug */,
				05C99EDC14F0585C00D09F3E /* Release */,
			);
			defaultConfigurationIsVisible = 0;
			defaultConfigurationName = Release;
		};
/* End XCConfigurationList section */

/* Begin XCVersionGroup section */
		05B837601530B5B500D99A40 /* photio.xcdatamodeld */ = {
			isa = XCVersionGroup;
			children = (
				05B837611530B5B500D99A40 /* photio.xcdatamodel */,
			);
			currentVersion = 05B837611530B5B500D99A40 /* photio.xcdatamodel */;
			path = photio.xcdatamodeld;
			sourceTree = "<group>";
			versionGroupType = wrapper.xcdatamodel;
		};
/* End XCVersionGroup section */
	};
	rootObject = 05C99EB314F0585C00D09F3E /* Project object */;
}
