// !$*UTF8*$!
{
	archiveVersion = 1;
	classes = {
	};
	objectVersion = 46;
	objects = {

/* Begin PBXBuildFile section */
		050462D11579A9080051818C /* FilteredCameraViewController.m in Sources */ = {isa = PBXBuildFile; fileRef = 050462D01579A9080051818C /* FilteredCameraViewController.m */; };
		050855391557074100609C31 /* pencil.png in Resources */ = {isa = PBXBuildFile; fileRef = 050855371557074100609C31 /* pencil.png */; };
		0508553A1557074100609C31 /* pencil@2x.png in Resources */ = {isa = PBXBuildFile; fileRef = 050855381557074100609C31 /* pencil@2x.png */; };
		050AF29215681AE600EC6C13 /* ParameterSelectionView.xib in Resources */ = {isa = PBXBuildFile; fileRef = 050AF29115681AE600EC6C13 /* ParameterSelectionView.xib */; };
		050AF29515681B1700EC6C13 /* ParameterSelectionView.m in Sources */ = {isa = PBXBuildFile; fileRef = 050AF29415681B1600EC6C13 /* ParameterSelectionView.m */; };
		050CF12814F96A9100A31059 /* ContainerViewController.m in Sources */ = {isa = PBXBuildFile; fileRef = 050CF12614F96A9100A31059 /* ContainerViewController.m */; };
		050CF12914F96A9100A31059 /* ContainerViewController.xib in Resources */ = {isa = PBXBuildFile; fileRef = 050CF12714F96A9100A31059 /* ContainerViewController.xib */; };
		050CF15014F9A27D00A31059 /* NativeCameraViewController.xib in Resources */ = {isa = PBXBuildFile; fileRef = 050CF14F14F9A27D00A31059 /* NativeCameraViewController.xib */; };
		0510A8E5157D9B1A00EC8F75 /* pixel.png in Resources */ = {isa = PBXBuildFile; fileRef = 0510A8E3157D9B1A00EC8F75 /* pixel.png */; };
		0510A8E6157D9B1A00EC8F75 /* pixel@2x.png in Resources */ = {isa = PBXBuildFile; fileRef = 0510A8E4157D9B1A00EC8F75 /* pixel@2x.png */; };
		05250E8D15686C150060F993 /* ParameterSelectionCell.m in Sources */ = {isa = PBXBuildFile; fileRef = 05250E8C15686C150060F993 /* ParameterSelectionCell.m */; };
		05250E9015686D690060F993 /* ParameterSelectionCell.xib in Resources */ = {isa = PBXBuildFile; fileRef = 05250E8F15686D680060F993 /* ParameterSelectionCell.xib */; };
		05250E92156878CD0060F993 /* Filters.plist in Resources */ = {isa = PBXBuildFile; fileRef = 05250E91156878CD0060F993 /* Filters.plist */; };
		05250E9415687A690060F993 /* FilterPalettes.plist in Resources */ = {isa = PBXBuildFile; fileRef = 05250E9315687A690060F993 /* FilterPalettes.plist */; };
		05250EB3156953620060F993 /* favorite.png in Resources */ = {isa = PBXBuildFile; fileRef = 05250EA5156953620060F993 /* favorite.png */; };
		05250EB4156953620060F993 /* favorite@2x.png in Resources */ = {isa = PBXBuildFile; fileRef = 05250EA6156953620060F993 /* favorite@2x.png */; };
		05250EB5156953620060F993 /* image-adjust.png in Resources */ = {isa = PBXBuildFile; fileRef = 05250EA7156953620060F993 /* image-adjust.png */; };
		05250EB6156953620060F993 /* image-adjust@2x.png in Resources */ = {isa = PBXBuildFile; fileRef = 05250EA8156953620060F993 /* image-adjust@2x.png */; };
		05250EB7156953620060F993 /* brightness.png in Resources */ = {isa = PBXBuildFile; fileRef = 05250EAB156953620060F993 /* brightness.png */; };
		05250EB8156953620060F993 /* brightness@2x.png in Resources */ = {isa = PBXBuildFile; fileRef = 05250EAC156953620060F993 /* brightness@2x.png */; };
		05250EB9156953620060F993 /* contrast.png in Resources */ = {isa = PBXBuildFile; fileRef = 05250EAD156953620060F993 /* contrast.png */; };
		05250EBA156953620060F993 /* contrast@2x.png in Resources */ = {isa = PBXBuildFile; fileRef = 05250EAE156953620060F993 /* contrast@2x.png */; };
		05250EBD156953620060F993 /* saturation.png in Resources */ = {isa = PBXBuildFile; fileRef = 05250EB1156953620060F993 /* saturation.png */; };
		05250EBE156953620060F993 /* saturation@2x.png in Resources */ = {isa = PBXBuildFile; fileRef = 05250EB2156953620060F993 /* saturation@2x.png */; };
		05250EC4156962B80060F993 /* UITableViewCell+Extensions.m in Sources */ = {isa = PBXBuildFile; fileRef = 05250EC3156962B80060F993 /* UITableViewCell+Extensions.m */; };
		05250ED81569B4870060F993 /* ImageFiltersView.m in Sources */ = {isa = PBXBuildFile; fileRef = 05250ED71569B4860060F993 /* ImageFiltersView.m */; };
		05250EE41569BBDE0060F993 /* FilterImageView.m in Sources */ = {isa = PBXBuildFile; fileRef = 05250EE31569BBDD0060F993 /* FilterImageView.m */; };
		05250EE71569FA720060F993 /* vignette.png in Resources */ = {isa = PBXBuildFile; fileRef = 05250EE51569FA720060F993 /* vignette.png */; };
		05250EE81569FA720060F993 /* vignette@2x.png in Resources */ = {isa = PBXBuildFile; fileRef = 05250EE61569FA720060F993 /* vignette@2x.png */; };
		0529A7C71501D41900235B95 /* TransitionGestureRecognizer.m in Sources */ = {isa = PBXBuildFile; fileRef = 0529A7C61501D41900235B95 /* TransitionGestureRecognizer.m */; };
		052AE17B1528941F005D57B1 /* AssetsLibrary.framework in Frameworks */ = {isa = PBXBuildFile; fileRef = 052AE17A1528941F005D57B1 /* AssetsLibrary.framework */; };
		052AE17E1528943E005D57B1 /* CoreMedia.framework in Frameworks */ = {isa = PBXBuildFile; fileRef = 052AE17D1528943E005D57B1 /* CoreMedia.framework */; };
		0539BA21157AE58F00A4A04B /* Album.m in Sources */ = {isa = PBXBuildFile; fileRef = 0539BA20157AE58F00A4A04B /* Album.m */; };
		0539BA2D157AE7A100A4A04B /* CameraUsed.m in Sources */ = {isa = PBXBuildFile; fileRef = 0539BA2C157AE7A100A4A04B /* CameraUsed.m */; };
		0539BA30157AE7B100A4A04B /* Capture.m in Sources */ = {isa = PBXBuildFile; fileRef = 0539BA2F157AE7B100A4A04B /* Capture.m */; };
		0539BA33157AE7D700A4A04B /* Filter.m in Sources */ = {isa = PBXBuildFile; fileRef = 0539BA32157AE7D700A4A04B /* Filter.m */; };
		0539BA36157AE7F700A4A04B /* FilterPalette.m in Sources */ = {isa = PBXBuildFile; fileRef = 0539BA35157AE7F700A4A04B /* FilterPalette.m */; };
		0539BA39157AE81F00A4A04B /* FilterUsed.m in Sources */ = {isa = PBXBuildFile; fileRef = 0539BA38157AE81F00A4A04B /* FilterUsed.m */; };
		0539BA3C157AE83E00A4A04B /* Image.m in Sources */ = {isa = PBXBuildFile; fileRef = 0539BA3B157AE83E00A4A04B /* Image.m */; };
		0539BA42157AE99600A4A04B /* CameraFactory.m in Sources */ = {isa = PBXBuildFile; fileRef = 0539BA41157AE99600A4A04B /* CameraFactory.m */; };
		0539BA47157AF51D00A4A04B /* Cameras.plist in Resources */ = {isa = PBXBuildFile; fileRef = 0539BA46157AF51D00A4A04B /* Cameras.plist */; };
		0539BA4A157AF9D600A4A04B /* Camera.m in Sources */ = {isa = PBXBuildFile; fileRef = 0539BA49157AF9D600A4A04B /* Camera.m */; };
		0539BA58157BCA9C00A4A04B /* configuration.png in Resources */ = {isa = PBXBuildFile; fileRef = 0539BA56157BCA9C00A4A04B /* configuration.png */; };
		0539BA59157BCA9C00A4A04B /* configuration@2x.png in Resources */ = {isa = PBXBuildFile; fileRef = 0539BA57157BCA9C00A4A04B /* configuration@2x.png */; };
		0542DAE6151FFD85002C62A0 /* StreamOfViews.m in Sources */ = {isa = PBXBuildFile; fileRef = 0542DAE5151FFD85002C62A0 /* StreamOfViews.m */; };
		0542DAF91523EDA7002C62A0 /* flash-on.png in Resources */ = {isa = PBXBuildFile; fileRef = 0542DAF71523EDA7002C62A0 /* flash-on.png */; };
		0542DAFA1523EDA7002C62A0 /* flash-on@2x.png in Resources */ = {isa = PBXBuildFile; fileRef = 0542DAF81523EDA7002C62A0 /* flash-on@2x.png */; };
		0554A47B1503DDD000B9C76D /* DragGridView.m in Sources */ = {isa = PBXBuildFile; fileRef = 0554A47A1503DDD000B9C76D /* DragGridView.m */; };
		0554A47F1503DDFE00B9C76D /* DragRowView.m in Sources */ = {isa = PBXBuildFile; fileRef = 0554A47E1503DDFE00B9C76D /* DragRowView.m */; };
		0577D417157A64AC00BA4C52 /* FilteredCameraViewController.xib in Resources */ = {isa = PBXBuildFile; fileRef = 0577D416157A64AC00BA4C52 /* FilteredCameraViewController.xib */; };
		0577D41A157A8F1A00BA4C52 /* capture-photo.png in Resources */ = {isa = PBXBuildFile; fileRef = 0577D418157A8F1A00BA4C52 /* capture-photo.png */; };
		0577D41B157A8F1A00BA4C52 /* capture-photo@2x.png in Resources */ = {isa = PBXBuildFile; fileRef = 0577D419157A8F1A00BA4C52 /* capture-photo@2x.png */; };
		0577D421157AA9E800BA4C52 /* instant.png in Resources */ = {isa = PBXBuildFile; fileRef = 0577D41D157AA9E800BA4C52 /* instant.png */; };
		0577D422157AA9E800BA4C52 /* instant@2x.png in Resources */ = {isa = PBXBuildFile; fileRef = 0577D41E157AA9E800BA4C52 /* instant@2x.png */; };
		0577D423157AA9E800BA4C52 /* iphone.png in Resources */ = {isa = PBXBuildFile; fileRef = 0577D41F157AA9E800BA4C52 /* iphone.png */; };
		0577D424157AA9E800BA4C52 /* iphone@2x.png in Resources */ = {isa = PBXBuildFile; fileRef = 0577D420157AA9E800BA4C52 /* iphone@2x.png */; };
		05809C9815573EC900AF2079 /* whitestar.png in Resources */ = {isa = PBXBuildFile; fileRef = 05809C9415573EC900AF2079 /* whitestar.png */; };
		05809C9915573EC900AF2079 /* whitestar@2x.png in Resources */ = {isa = PBXBuildFile; fileRef = 05809C9515573EC900AF2079 /* whitestar@2x.png */; };
		05809C9A15573EC900AF2079 /* yellowstar.png in Resources */ = {isa = PBXBuildFile; fileRef = 05809C9615573EC900AF2079 /* yellowstar.png */; };
		05809C9B15573EC900AF2079 /* yellowstar@2x.png in Resources */ = {isa = PBXBuildFile; fileRef = 05809C9715573EC900AF2079 /* yellowstar@2x.png */; };
		05809CB2155B3C6800AF2079 /* CommentViewController.m in Sources */ = {isa = PBXBuildFile; fileRef = 05809CB0155B3C6700AF2079 /* CommentViewController.m */; };
		05809CB3155B3C6800AF2079 /* CommentViewController.xib in Resources */ = {isa = PBXBuildFile; fileRef = 05809CB1155B3C6700AF2079 /* CommentViewController.xib */; };
		058736B815556898007A5654 /* ImageEditView.xib in Resources */ = {isa = PBXBuildFile; fileRef = 058736B715556897007A5654 /* ImageEditView.xib */; };
		058736BA15556941007A5654 /* ImageMetaDataEditView.xib in Resources */ = {isa = PBXBuildFile; fileRef = 058736B915556941007A5654 /* ImageMetaDataEditView.xib */; };
		058A48E415620959002199F7 /* CoreImage.framework in Frameworks */ = {isa = PBXBuildFile; fileRef = 058A48E315620959002199F7 /* CoreImage.framework */; };
		058A48EC1562CD02002199F7 /* ParameterSliderView.m in Sources */ = {isa = PBXBuildFile; fileRef = 058A48EB1562CD02002199F7 /* ParameterSliderView.m */; };
		058B4FB715196B1F0087F717 /* LocalesViewController.m in Sources */ = {isa = PBXBuildFile; fileRef = 058B4FB515196B1F0087F717 /* LocalesViewController.m */; };
		058B4FB815196B1F0087F717 /* LocalesViewController.xib in Resources */ = {isa = PBXBuildFile; fileRef = 058B4FB615196B1F0087F717 /* LocalesViewController.xib */; };
		058B4FBC15196D840087F717 /* LocaleView.m in Sources */ = {isa = PBXBuildFile; fileRef = 058B4FBB15196D840087F717 /* LocaleView.m */; };
		0590C743153B3D8F0065AB42 /* CalendarDayView.m in Sources */ = {isa = PBXBuildFile; fileRef = 0590C739153B3D8F0065AB42 /* CalendarDayView.m */; };
		0590C744153B3D8F0065AB42 /* CalendarDayBackgroundView.m in Sources */ = {isa = PBXBuildFile; fileRef = 0590C73B153B3D8F0065AB42 /* CalendarDayBackgroundView.m */; };
		0590C745153B3D8F0065AB42 /* CalendarDayOfWeekView.m in Sources */ = {isa = PBXBuildFile; fileRef = 0590C73D153B3D8F0065AB42 /* CalendarDayOfWeekView.m */; };
		0590C746153B3D8F0065AB42 /* CalendarEntryView.m in Sources */ = {isa = PBXBuildFile; fileRef = 0590C73F153B3D8F0065AB42 /* CalendarEntryView.m */; };
		0590C747153B3D8F0065AB42 /* CalendarViewController.m in Sources */ = {isa = PBXBuildFile; fileRef = 0590C741153B3D8F0065AB42 /* CalendarViewController.m */; };
		0590C748153B3D8F0065AB42 /* CalendarViewController.xib in Resources */ = {isa = PBXBuildFile; fileRef = 0590C742153B3D8F0065AB42 /* CalendarViewController.xib */; };
		059772F51527D787008F3A1B /* NativeCamera.m in Sources */ = {isa = PBXBuildFile; fileRef = 059772F01527D787008F3A1B /* NativeCamera.m */; };
		059772F71527D787008F3A1B /* NativeCameraViewController.m in Sources */ = {isa = PBXBuildFile; fileRef = 059772F41527D787008F3A1B /* NativeCameraViewController.m */; };
		059772F91527D7B5008F3A1B /* AVFoundation.framework in Frameworks */ = {isa = PBXBuildFile; fileRef = 059772F81527D7B5008F3A1B /* AVFoundation.framework */; };
		05A0F0B9154354410082947D /* CalendarMonthAndYearView.m in Sources */ = {isa = PBXBuildFile; fileRef = 05A0F0B8154354410082947D /* CalendarMonthAndYearView.m */; };
		05AB05EA1573D3890087C47B /* OpenGLES.framework in Frameworks */ = {isa = PBXBuildFile; fileRef = 05AB05E91573D3890087C47B /* OpenGLES.framework */; };
		05AB05F01573D3E00087C47B /* CoreVideo.framework in Frameworks */ = {isa = PBXBuildFile; fileRef = 052AE17F1528944F005D57B1 /* CoreVideo.framework */; };
		05AC025D1548CBCF00A29139 /* NSArray+Extensions.m in Sources */ = {isa = PBXBuildFile; fileRef = 05AC025C1548CBCF00A29139 /* NSArray+Extensions.m */; };
		05AF480F154DCCAE0099576A /* ImageEntriesView.m in Sources */ = {isa = PBXBuildFile; fileRef = 05AF480E154DCCAE0099576A /* ImageEntriesView.m */; };
		05B8371A152E6C5F00D99A40 /* ImageInspectView.m in Sources */ = {isa = PBXBuildFile; fileRef = 05B83719152E6C5F00D99A40 /* ImageInspectView.m */; };
		05B8372815309FB400D99A40 /* CoreData.framework in Frameworks */ = {isa = PBXBuildFile; fileRef = 05B8372715309FB400D99A40 /* CoreData.framework */; };
		05B837621530B5B500D99A40 /* photio.xcdatamodeld in Sources */ = {isa = PBXBuildFile; fileRef = 05B837601530B5B500D99A40 /* photio.xcdatamodeld */; };
		05B837731530C45100D99A40 /* UIImageToDataTransformer.m in Sources */ = {isa = PBXBuildFile; fileRef = 05B837721530C45100D99A40 /* UIImageToDataTransformer.m */; };
		05B837791530C6B800D99A40 /* Locale.m in Sources */ = {isa = PBXBuildFile; fileRef = 05B837781530C6B800D99A40 /* Locale.m */; };
		05B8377B1530DA1300D99A40 /* CoreLocation.framework in Frameworks */ = {isa = PBXBuildFile; fileRef = 05B8377A1530DA1200D99A40 /* CoreLocation.framework */; };
		05B8BB301561A0C80023346F /* ProgressView.m in Sources */ = {isa = PBXBuildFile; fileRef = 05B8BB2F1561A0C80023346F /* ProgressView.m */; };
		05B8BB331561A19A0023346F /* RoundedCornersView.m in Sources */ = {isa = PBXBuildFile; fileRef = 05B8BB321561A19A0023346F /* RoundedCornersView.m */; };
		05C501861578641600CB3561 /* blueColor.png in Resources */ = {isa = PBXBuildFile; fileRef = 05C501801578641600CB3561 /* blueColor.png */; };
		05C501871578641600CB3561 /* blueColor@2x.png in Resources */ = {isa = PBXBuildFile; fileRef = 05C501811578641600CB3561 /* blueColor@2x.png */; };
		05C501881578641600CB3561 /* greenColor.png in Resources */ = {isa = PBXBuildFile; fileRef = 05C501821578641600CB3561 /* greenColor.png */; };
		05C501891578641600CB3561 /* greenColor@2x.png in Resources */ = {isa = PBXBuildFile; fileRef = 05C501831578641600CB3561 /* greenColor@2x.png */; };
		05C5018B1578641600CB3561 /* redColor@2x.png in Resources */ = {isa = PBXBuildFile; fileRef = 05C501851578641600CB3561 /* redColor@2x.png */; };
		05C5018D1578698E00CB3561 /* redColor.png in Resources */ = {isa = PBXBuildFile; fileRef = 05C5018C1578698E00CB3561 /* redColor.png */; };
		05C59C3D14F5D157009AC823 /* ViewGeneral.m in Sources */ = {isa = PBXBuildFile; fileRef = 05C59C3C14F5D157009AC823 /* ViewGeneral.m */; };
		05C99EC114F0585C00D09F3E /* UIKit.framework in Frameworks */ = {isa = PBXBuildFile; fileRef = 05C99EC014F0585C00D09F3E /* UIKit.framework */; };
		05C99EC314F0585C00D09F3E /* Foundation.framework in Frameworks */ = {isa = PBXBuildFile; fileRef = 05C99EC214F0585C00D09F3E /* Foundation.framework */; };
		05C99EC514F0585C00D09F3E /* CoreGraphics.framework in Frameworks */ = {isa = PBXBuildFile; fileRef = 05C99EC414F0585C00D09F3E /* CoreGraphics.framework */; };
		05C99ECB14F0585C00D09F3E /* InfoPlist.strings in Resources */ = {isa = PBXBuildFile; fileRef = 05C99EC914F0585C00D09F3E /* InfoPlist.strings */; };
		05C99ECD14F0585C00D09F3E /* main.m in Sources */ = {isa = PBXBuildFile; fileRef = 05C99ECC14F0585C00D09F3E /* main.m */; };
		05C99ED114F0585C00D09F3E /* PhotioAppDelegate.m in Sources */ = {isa = PBXBuildFile; fileRef = 05C99ED014F0585C00D09F3E /* PhotioAppDelegate.m */; };
		05CCEF9E15557711004FBD21 /* NSObject+Extensions.m in Sources */ = {isa = PBXBuildFile; fileRef = 05CCEF9D15557711004FBD21 /* NSObject+Extensions.m */; };
		05CCEFA215558EFB004FBD21 /* UIView+Extensions.m in Sources */ = {isa = PBXBuildFile; fileRef = 05CCEFA115558EFB004FBD21 /* UIView+Extensions.m */; };
		05CCEFA51555E0E9004FBD21 /* ImageControlView.m in Sources */ = {isa = PBXBuildFile; fileRef = 05CCEFA41555E0E8004FBD21 /* ImageControlView.m */; };
		05CCEFB61555F459004FBD21 /* export.png in Resources */ = {isa = PBXBuildFile; fileRef = 05CCEFB41555F459004FBD21 /* export.png */; };
		05CCEFB71555F459004FBD21 /* export@2x.png in Resources */ = {isa = PBXBuildFile; fileRef = 05CCEFB51555F459004FBD21 /* export@2x.png */; };
		05CCEFBA1556302D004FBD21 /* twitter.png in Resources */ = {isa = PBXBuildFile; fileRef = 05CCEFB81556302D004FBD21 /* twitter.png */; };
		05CCEFBB1556302D004FBD21 /* twitter@2x.png in Resources */ = {isa = PBXBuildFile; fileRef = 05CCEFB91556302D004FBD21 /* twitter@2x.png */; };
		05CFEF8E1566AB3900755519 /* FilterFactory.m in Sources */ = {isa = PBXBuildFile; fileRef = 05CFEF8D1566AB3900755519 /* FilterFactory.m */; };
		05CFEF911566BA8900755519 /* apply.png in Resources */ = {isa = PBXBuildFile; fileRef = 05CFEF8F1566BA8900755519 /* apply.png */; };
		05CFEF921566BA8900755519 /* apply@2x.png in Resources */ = {isa = PBXBuildFile; fileRef = 05CFEF901566BA8900755519 /* apply@2x.png */; };
		05DDD9D91571B95C0034AF7C /* BouncingPanGestureRecognizer.m in Sources */ = {isa = PBXBuildFile; fileRef = 05DDD9D81571B95C0034AF7C /* BouncingPanGestureRecognizer.m */; };
		05DDD9E11572D9350034AF7C /* UIImage+Alpha.m in Sources */ = {isa = PBXBuildFile; fileRef = 05DDD9DC1572D9340034AF7C /* UIImage+Alpha.m */; };
		05DDD9E21572D9350034AF7C /* UIImage+Resize.m in Sources */ = {isa = PBXBuildFile; fileRef = 05DDD9DE1572D9340034AF7C /* UIImage+Resize.m */; };
		05DDD9E31572D9350034AF7C /* UIImage+RoundedCorner.m in Sources */ = {isa = PBXBuildFile; fileRef = 05DDD9E01572D9350034AF7C /* UIImage+RoundedCorner.m */; };
		05DDD9E61572D9750034AF7C /* UIImage+Extensions.m in Sources */ = {isa = PBXBuildFile; fileRef = 05DDD9E51572D9750034AF7C /* UIImage+Extensions.m */; };
		05DE437114F1E51D005FF6B0 /* ImageInspectViewController.m in Sources */ = {isa = PBXBuildFile; fileRef = 05DE436F14F1E51C005FF6B0 /* ImageInspectViewController.m */; };
		05DE437214F1E51D005FF6B0 /* ImageInspectViewController.xib in Resources */ = {isa = PBXBuildFile; fileRef = 05DE437014F1E51C005FF6B0 /* ImageInspectViewController.xib */; };
		05DE439514F20064005FF6B0 /* QuartzCore.framework in Frameworks */ = {isa = PBXBuildFile; fileRef = 05DE439414F20064005FF6B0 /* QuartzCore.framework */; };
		05E05B2A15730A11005FF6C1 /* libGPUImage.a in Frameworks */ = {isa = PBXBuildFile; fileRef = 05E05AF81573044E005FF6C1 /* libGPUImage.a */; };
		05E4C21F1552233600C7266E /* ImageEditViewController.m in Sources */ = {isa = PBXBuildFile; fileRef = 05E4C21D1552233600C7266E /* ImageEditViewController.m */; };
		05E4C2201552233600C7266E /* ImageEditViewController.xib in Resources */ = {isa = PBXBuildFile; fileRef = 05E4C21E1552233600C7266E /* ImageEditViewController.xib */; };
		05E4C224155224D400C7266E /* ImageMetaDataEditView.m in Sources */ = {isa = PBXBuildFile; fileRef = 05E4C223155224D400C7266E /* ImageMetaDataEditView.m */; };
		05E4C2271552259800C7266E /* ImageEditView.m in Sources */ = {isa = PBXBuildFile; fileRef = 05E4C2261552259800C7266E /* ImageEditView.m */; };
		05EE0E8715366ACF00E5E541 /* DiagonalGestureRecognizer.m in Sources */ = {isa = PBXBuildFile; fileRef = 05EE0E8615366ACF00E5E541 /* DiagonalGestureRecognizer.m */; };
/* End PBXBuildFile section */

/* Begin PBXContainerItemProxy section */
		05E05AF71573044E005FF6C1 /* PBXContainerItemProxy */ = {
			isa = PBXContainerItemProxy;
			containerPortal = 05E05AEE1573044E005FF6C1 /* GPUImage.xcodeproj */;
			proxyType = 2;
			remoteGlobalIDString = BCF1A33414DDB1EC00852800;
			remoteInfo = GPUImage;
		};
		05E05AF91573044E005FF6C1 /* PBXContainerItemProxy */ = {
			isa = PBXContainerItemProxy;
			containerPortal = 05E05AEE1573044E005FF6C1 /* GPUImage.xcodeproj */;
			proxyType = 2;
			remoteGlobalIDString = BCF1A34414DDB1EC00852800;
			remoteInfo = GPUImageTests;
		};
		05E05AFC157304B9005FF6C1 /* PBXContainerItemProxy */ = {
			isa = PBXContainerItemProxy;
			containerPortal = 05E05AEE1573044E005FF6C1 /* GPUImage.xcodeproj */;
			proxyType = 1;
			remoteGlobalIDString = BCF1A33314DDB1EC00852800;
			remoteInfo = GPUImage;
		};
/* End PBXContainerItemProxy section */

/* Begin PBXFileReference section */
		050462CF1579A9080051818C /* FilteredCameraViewController.h */ = {isa = PBXFileReference; fileEncoding = 4; lastKnownFileType = sourcecode.c.h; path = FilteredCameraViewController.h; sourceTree = "<group>"; };
		050462D01579A9080051818C /* FilteredCameraViewController.m */ = {isa = PBXFileReference; fileEncoding = 4; lastKnownFileType = sourcecode.c.objc; path = FilteredCameraViewController.m; sourceTree = "<group>"; };
		050855371557074100609C31 /* pencil.png */ = {isa = PBXFileReference; lastKnownFileType = image.png; name = pencil.png; path = photio/Images/pencil.png; sourceTree = SOURCE_ROOT; };
		050855381557074100609C31 /* pencil@2x.png */ = {isa = PBXFileReference; lastKnownFileType = image.png; name = "pencil@2x.png"; path = "photio/Images/pencil@2x.png"; sourceTree = SOURCE_ROOT; };
		050AF29115681AE600EC6C13 /* ParameterSelectionView.xib */ = {isa = PBXFileReference; fileEncoding = 4; lastKnownFileType = file.xib; name = ParameterSelectionView.xib; path = photio/PhotoAlbum/ParameterSelectionView.xib; sourceTree = SOURCE_ROOT; };
		050AF29315681B1600EC6C13 /* ParameterSelectionView.h */ = {isa = PBXFileReference; fileEncoding = 4; lastKnownFileType = sourcecode.c.h; name = ParameterSelectionView.h; path = photio/PhotoAlbum/ParameterSelectionView.h; sourceTree = SOURCE_ROOT; };
		050AF29415681B1600EC6C13 /* ParameterSelectionView.m */ = {isa = PBXFileReference; fileEncoding = 4; lastKnownFileType = sourcecode.c.objc; name = ParameterSelectionView.m; path = photio/PhotoAlbum/ParameterSelectionView.m; sourceTree = SOURCE_ROOT; };
		050CF12514F96A9100A31059 /* ContainerViewController.h */ = {isa = PBXFileReference; fileEncoding = 4; lastKnownFileType = sourcecode.c.h; path = ContainerViewController.h; sourceTree = "<group>"; };
		050CF12614F96A9100A31059 /* ContainerViewController.m */ = {isa = PBXFileReference; fileEncoding = 4; lastKnownFileType = sourcecode.c.objc; path = ContainerViewController.m; sourceTree = "<group>"; };
		050CF12714F96A9100A31059 /* ContainerViewController.xib */ = {isa = PBXFileReference; fileEncoding = 4; lastKnownFileType = file.xib; path = ContainerViewController.xib; sourceTree = "<group>"; };
		050CF14F14F9A27D00A31059 /* NativeCameraViewController.xib */ = {isa = PBXFileReference; fileEncoding = 4; lastKnownFileType = file.xib; path = NativeCameraViewController.xib; sourceTree = "<group>"; };
		0510A8E3157D9B1A00EC8F75 /* pixel.png */ = {isa = PBXFileReference; lastKnownFileType = image.png; path = pixel.png; sourceTree = "<group>"; };
		0510A8E4157D9B1A00EC8F75 /* pixel@2x.png */ = {isa = PBXFileReference; lastKnownFileType = image.png; path = "pixel@2x.png"; sourceTree = "<group>"; };
		05250E8B15686C150060F993 /* ParameterSelectionCell.h */ = {isa = PBXFileReference; fileEncoding = 4; lastKnownFileType = sourcecode.c.h; name = ParameterSelectionCell.h; path = photio/PhotoAlbum/ParameterSelectionCell.h; sourceTree = SOURCE_ROOT; };
		05250E8C15686C150060F993 /* ParameterSelectionCell.m */ = {isa = PBXFileReference; fileEncoding = 4; lastKnownFileType = sourcecode.c.objc; name = ParameterSelectionCell.m; path = photio/PhotoAlbum/ParameterSelectionCell.m; sourceTree = SOURCE_ROOT; };
		05250E8F15686D680060F993 /* ParameterSelectionCell.xib */ = {isa = PBXFileReference; fileEncoding = 4; lastKnownFileType = file.xib; name = ParameterSelectionCell.xib; path = photio/PhotoAlbum/ParameterSelectionCell.xib; sourceTree = SOURCE_ROOT; };
		05250E91156878CD0060F993 /* Filters.plist */ = {isa = PBXFileReference; fileEncoding = 4; lastKnownFileType = text.plist.xml; path = Filters.plist; sourceTree = "<group>"; };
		05250E9315687A690060F993 /* FilterPalettes.plist */ = {isa = PBXFileReference; fileEncoding = 4; lastKnownFileType = text.plist.xml; path = FilterPalettes.plist; sourceTree = "<group>"; };
		05250EA5156953620060F993 /* favorite.png */ = {isa = PBXFileReference; lastKnownFileType = image.png; path = favorite.png; sourceTree = "<group>"; };
		05250EA6156953620060F993 /* favorite@2x.png */ = {isa = PBXFileReference; lastKnownFileType = image.png; path = "favorite@2x.png"; sourceTree = "<group>"; };
		05250EA7156953620060F993 /* image-adjust.png */ = {isa = PBXFileReference; lastKnownFileType = image.png; path = "image-adjust.png"; sourceTree = "<group>"; };
		05250EA8156953620060F993 /* image-adjust@2x.png */ = {isa = PBXFileReference; lastKnownFileType = image.png; path = "image-adjust@2x.png"; sourceTree = "<group>"; };
		05250EAB156953620060F993 /* brightness.png */ = {isa = PBXFileReference; lastKnownFileType = image.png; path = brightness.png; sourceTree = "<group>"; };
		05250EAC156953620060F993 /* brightness@2x.png */ = {isa = PBXFileReference; lastKnownFileType = image.png; path = "brightness@2x.png"; sourceTree = "<group>"; };
		05250EAD156953620060F993 /* contrast.png */ = {isa = PBXFileReference; lastKnownFileType = image.png; path = contrast.png; sourceTree = "<group>"; };
		05250EAE156953620060F993 /* contrast@2x.png */ = {isa = PBXFileReference; lastKnownFileType = image.png; path = "contrast@2x.png"; sourceTree = "<group>"; };
		05250EB1156953620060F993 /* saturation.png */ = {isa = PBXFileReference; lastKnownFileType = image.png; path = saturation.png; sourceTree = "<group>"; };
		05250EB2156953620060F993 /* saturation@2x.png */ = {isa = PBXFileReference; lastKnownFileType = image.png; path = "saturation@2x.png"; sourceTree = "<group>"; };
		05250EC2156962B80060F993 /* UITableViewCell+Extensions.h */ = {isa = PBXFileReference; fileEncoding = 4; lastKnownFileType = sourcecode.c.h; name = "UITableViewCell+Extensions.h"; path = "photio/Library/UITableViewCell+Extensions.h"; sourceTree = SOURCE_ROOT; };
		05250EC3156962B80060F993 /* UITableViewCell+Extensions.m */ = {isa = PBXFileReference; fileEncoding = 4; lastKnownFileType = sourcecode.c.objc; name = "UITableViewCell+Extensions.m"; path = "photio/Library/UITableViewCell+Extensions.m"; sourceTree = SOURCE_ROOT; };
		05250ED61569B4850060F993 /* ImageFiltersView.h */ = {isa = PBXFileReference; fileEncoding = 4; lastKnownFileType = sourcecode.c.h; name = ImageFiltersView.h; path = photio/PhotoAlbum/ImageFiltersView.h; sourceTree = SOURCE_ROOT; };
		05250ED71569B4860060F993 /* ImageFiltersView.m */ = {isa = PBXFileReference; fileEncoding = 4; lastKnownFileType = sourcecode.c.objc; name = ImageFiltersView.m; path = photio/PhotoAlbum/ImageFiltersView.m; sourceTree = SOURCE_ROOT; };
		05250EE21569BBDC0060F993 /* FilterImageView.h */ = {isa = PBXFileReference; fileEncoding = 4; lastKnownFileType = sourcecode.c.h; name = FilterImageView.h; path = photio/PhotoAlbum/FilterImageView.h; sourceTree = SOURCE_ROOT; };
		05250EE31569BBDD0060F993 /* FilterImageView.m */ = {isa = PBXFileReference; fileEncoding = 4; lastKnownFileType = sourcecode.c.objc; name = FilterImageView.m; path = photio/PhotoAlbum/FilterImageView.m; sourceTree = SOURCE_ROOT; };
		05250EE51569FA720060F993 /* vignette.png */ = {isa = PBXFileReference; lastKnownFileType = image.png; path = vignette.png; sourceTree = "<group>"; };
		05250EE61569FA720060F993 /* vignette@2x.png */ = {isa = PBXFileReference; lastKnownFileType = image.png; path = "vignette@2x.png"; sourceTree = "<group>"; };
		0529A7C51501D41900235B95 /* TransitionGestureRecognizer.h */ = {isa = PBXFileReference; fileEncoding = 4; lastKnownFileType = sourcecode.c.h; path = TransitionGestureRecognizer.h; sourceTree = "<group>"; };
		0529A7C61501D41900235B95 /* TransitionGestureRecognizer.m */ = {isa = PBXFileReference; fileEncoding = 4; lastKnownFileType = sourcecode.c.objc; path = TransitionGestureRecognizer.m; sourceTree = "<group>"; };
		052AE17A1528941F005D57B1 /* AssetsLibrary.framework */ = {isa = PBXFileReference; lastKnownFileType = wrapper.framework; name = AssetsLibrary.framework; path = System/Library/Frameworks/AssetsLibrary.framework; sourceTree = SDKROOT; };
		052AE17D1528943E005D57B1 /* CoreMedia.framework */ = {isa = PBXFileReference; lastKnownFileType = wrapper.framework; name = CoreMedia.framework; path = System/Library/Frameworks/CoreMedia.framework; sourceTree = SDKROOT; };
		052AE17F1528944F005D57B1 /* CoreVideo.framework */ = {isa = PBXFileReference; lastKnownFileType = wrapper.framework; name = CoreVideo.framework; path = System/Library/Frameworks/CoreVideo.framework; sourceTree = SDKROOT; };
		0539BA1F157AE58F00A4A04B /* Album.h */ = {isa = PBXFileReference; fileEncoding = 4; lastKnownFileType = sourcecode.c.h; path = Album.h; sourceTree = "<group>"; };
		0539BA20157AE58F00A4A04B /* Album.m */ = {isa = PBXFileReference; fileEncoding = 4; lastKnownFileType = sourcecode.c.objc; path = Album.m; sourceTree = "<group>"; };
		0539BA2B157AE7A100A4A04B /* CameraUsed.h */ = {isa = PBXFileReference; fileEncoding = 4; lastKnownFileType = sourcecode.c.h; path = CameraUsed.h; sourceTree = "<group>"; };
		0539BA2C157AE7A100A4A04B /* CameraUsed.m */ = {isa = PBXFileReference; fileEncoding = 4; lastKnownFileType = sourcecode.c.objc; path = CameraUsed.m; sourceTree = "<group>"; };
		0539BA2E157AE7B100A4A04B /* Capture.h */ = {isa = PBXFileReference; fileEncoding = 4; lastKnownFileType = sourcecode.c.h; path = Capture.h; sourceTree = "<group>"; };
		0539BA2F157AE7B100A4A04B /* Capture.m */ = {isa = PBXFileReference; fileEncoding = 4; lastKnownFileType = sourcecode.c.objc; path = Capture.m; sourceTree = "<group>"; };
		0539BA31157AE7D700A4A04B /* Filter.h */ = {isa = PBXFileReference; fileEncoding = 4; lastKnownFileType = sourcecode.c.h; path = Filter.h; sourceTree = "<group>"; };
		0539BA32157AE7D700A4A04B /* Filter.m */ = {isa = PBXFileReference; fileEncoding = 4; lastKnownFileType = sourcecode.c.objc; path = Filter.m; sourceTree = "<group>"; };
		0539BA34157AE7F700A4A04B /* FilterPalette.h */ = {isa = PBXFileReference; fileEncoding = 4; lastKnownFileType = sourcecode.c.h; path = FilterPalette.h; sourceTree = "<group>"; };
		0539BA35157AE7F700A4A04B /* FilterPalette.m */ = {isa = PBXFileReference; fileEncoding = 4; lastKnownFileType = sourcecode.c.objc; path = FilterPalette.m; sourceTree = "<group>"; };
		0539BA37157AE81F00A4A04B /* FilterUsed.h */ = {isa = PBXFileReference; fileEncoding = 4; lastKnownFileType = sourcecode.c.h; path = FilterUsed.h; sourceTree = "<group>"; };
		0539BA38157AE81F00A4A04B /* FilterUsed.m */ = {isa = PBXFileReference; fileEncoding = 4; lastKnownFileType = sourcecode.c.objc; path = FilterUsed.m; sourceTree = "<group>"; };
		0539BA3A157AE83E00A4A04B /* Image.h */ = {isa = PBXFileReference; fileEncoding = 4; lastKnownFileType = sourcecode.c.h; path = Image.h; sourceTree = "<group>"; };
		0539BA3B157AE83E00A4A04B /* Image.m */ = {isa = PBXFileReference; fileEncoding = 4; lastKnownFileType = sourcecode.c.objc; path = Image.m; sourceTree = "<group>"; };
		0539BA40157AE99600A4A04B /* CameraFactory.h */ = {isa = PBXFileReference; fileEncoding = 4; lastKnownFileType = sourcecode.c.h; name = CameraFactory.h; path = Filters/CameraFactory.h; sourceTree = "<group>"; };
		0539BA41157AE99600A4A04B /* CameraFactory.m */ = {isa = PBXFileReference; fileEncoding = 4; lastKnownFileType = sourcecode.c.objc; name = CameraFactory.m; path = Filters/CameraFactory.m; sourceTree = "<group>"; };
		0539BA46157AF51D00A4A04B /* Cameras.plist */ = {isa = PBXFileReference; fileEncoding = 4; lastKnownFileType = text.plist.xml; path = Cameras.plist; sourceTree = "<group>"; };
		0539BA48157AF9D500A4A04B /* Camera.h */ = {isa = PBXFileReference; fileEncoding = 4; lastKnownFileType = sourcecode.c.h; path = Camera.h; sourceTree = "<group>"; };
		0539BA49157AF9D600A4A04B /* Camera.m */ = {isa = PBXFileReference; fileEncoding = 4; lastKnownFileType = sourcecode.c.objc; path = Camera.m; sourceTree = "<group>"; };
		0539BA56157BCA9C00A4A04B /* configuration.png */ = {isa = PBXFileReference; lastKnownFileType = image.png; path = configuration.png; sourceTree = "<group>"; };
		0539BA57157BCA9C00A4A04B /* configuration@2x.png */ = {isa = PBXFileReference; lastKnownFileType = image.png; path = "configuration@2x.png"; sourceTree = "<group>"; };
		0542DAE4151FFD85002C62A0 /* StreamOfViews.h */ = {isa = PBXFileReference; fileEncoding = 4; lastKnownFileType = sourcecode.c.h; path = StreamOfViews.h; sourceTree = "<group>"; };
		0542DAE5151FFD85002C62A0 /* StreamOfViews.m */ = {isa = PBXFileReference; fileEncoding = 4; lastKnownFileType = sourcecode.c.objc; path = StreamOfViews.m; sourceTree = "<group>"; };
		0542DAF71523EDA7002C62A0 /* flash-on.png */ = {isa = PBXFileReference; lastKnownFileType = image.png; path = "flash-on.png"; sourceTree = "<group>"; };
		0542DAF81523EDA7002C62A0 /* flash-on@2x.png */ = {isa = PBXFileReference; lastKnownFileType = image.png; path = "flash-on@2x.png"; sourceTree = "<group>"; };
		0554A4791503DDD000B9C76D /* DragGridView.h */ = {isa = PBXFileReference; fileEncoding = 4; lastKnownFileType = sourcecode.c.h; path = DragGridView.h; sourceTree = "<group>"; };
		0554A47A1503DDD000B9C76D /* DragGridView.m */ = {isa = PBXFileReference; fileEncoding = 4; lastKnownFileType = sourcecode.c.objc; path = DragGridView.m; sourceTree = "<group>"; };
		0554A47D1503DDFE00B9C76D /* DragRowView.h */ = {isa = PBXFileReference; fileEncoding = 4; lastKnownFileType = sourcecode.c.h; path = DragRowView.h; sourceTree = "<group>"; };
		0554A47E1503DDFE00B9C76D /* DragRowView.m */ = {isa = PBXFileReference; fileEncoding = 4; lastKnownFileType = sourcecode.c.objc; path = DragRowView.m; sourceTree = "<group>"; };
		0577D416157A64AC00BA4C52 /* FilteredCameraViewController.xib */ = {isa = PBXFileReference; fileEncoding = 4; lastKnownFileType = file.xib; path = FilteredCameraViewController.xib; sourceTree = "<group>"; };
		0577D418157A8F1A00BA4C52 /* capture-photo.png */ = {isa = PBXFileReference; lastKnownFileType = image.png; path = "capture-photo.png"; sourceTree = "<group>"; };
		0577D419157A8F1A00BA4C52 /* capture-photo@2x.png */ = {isa = PBXFileReference; lastKnownFileType = image.png; path = "capture-photo@2x.png"; sourceTree = "<group>"; };
		0577D41D157AA9E800BA4C52 /* instant.png */ = {isa = PBXFileReference; lastKnownFileType = image.png; path = instant.png; sourceTree = "<group>"; };
		0577D41E157AA9E800BA4C52 /* instant@2x.png */ = {isa = PBXFileReference; lastKnownFileType = image.png; path = "instant@2x.png"; sourceTree = "<group>"; };
		0577D41F157AA9E800BA4C52 /* iphone.png */ = {isa = PBXFileReference; lastKnownFileType = image.png; path = iphone.png; sourceTree = "<group>"; };
		0577D420157AA9E800BA4C52 /* iphone@2x.png */ = {isa = PBXFileReference; lastKnownFileType = image.png; path = "iphone@2x.png"; sourceTree = "<group>"; };
		05809C9415573EC900AF2079 /* whitestar.png */ = {isa = PBXFileReference; lastKnownFileType = image.png; name = whitestar.png; path = photio/Images/whitestar.png; sourceTree = SOURCE_ROOT; };
		05809C9515573EC900AF2079 /* whitestar@2x.png */ = {isa = PBXFileReference; lastKnownFileType = image.png; name = "whitestar@2x.png"; path = "photio/Images/whitestar@2x.png"; sourceTree = SOURCE_ROOT; };
		05809C9615573EC900AF2079 /* yellowstar.png */ = {isa = PBXFileReference; lastKnownFileType = image.png; name = yellowstar.png; path = photio/Images/yellowstar.png; sourceTree = SOURCE_ROOT; };
		05809C9715573EC900AF2079 /* yellowstar@2x.png */ = {isa = PBXFileReference; lastKnownFileType = image.png; name = "yellowstar@2x.png"; path = "photio/Images/yellowstar@2x.png"; sourceTree = SOURCE_ROOT; };
		05809CAF155B3C6700AF2079 /* CommentViewController.h */ = {isa = PBXFileReference; fileEncoding = 4; lastKnownFileType = sourcecode.c.h; name = CommentViewController.h; path = photio/PhotoAlbum/CommentViewController.h; sourceTree = SOURCE_ROOT; };
		05809CB0155B3C6700AF2079 /* CommentViewController.m */ = {isa = PBXFileReference; fileEncoding = 4; lastKnownFileType = sourcecode.c.objc; name = CommentViewController.m; path = photio/PhotoAlbum/CommentViewController.m; sourceTree = SOURCE_ROOT; };
		05809CB1155B3C6700AF2079 /* CommentViewController.xib */ = {isa = PBXFileReference; fileEncoding = 4; lastKnownFileType = file.xib; name = CommentViewController.xib; path = photio/PhotoAlbum/CommentViewController.xib; sourceTree = SOURCE_ROOT; };
		058736B715556897007A5654 /* ImageEditView.xib */ = {isa = PBXFileReference; fileEncoding = 4; lastKnownFileType = file.xib; name = ImageEditView.xib; path = photio/PhotoAlbum/ImageEditView.xib; sourceTree = SOURCE_ROOT; };
		058736B915556941007A5654 /* ImageMetaDataEditView.xib */ = {isa = PBXFileReference; fileEncoding = 4; lastKnownFileType = file.xib; name = ImageMetaDataEditView.xib; path = photio/PhotoAlbum/ImageMetaDataEditView.xib; sourceTree = SOURCE_ROOT; };
		058A48E315620959002199F7 /* CoreImage.framework */ = {isa = PBXFileReference; lastKnownFileType = wrapper.framework; name = CoreImage.framework; path = System/Library/Frameworks/CoreImage.framework; sourceTree = SDKROOT; };
		058A48EA1562CD02002199F7 /* ParameterSliderView.h */ = {isa = PBXFileReference; fileEncoding = 4; lastKnownFileType = sourcecode.c.h; name = ParameterSliderView.h; path = photio/Library/ParameterSliderView.h; sourceTree = SOURCE_ROOT; };
		058A48EB1562CD02002199F7 /* ParameterSliderView.m */ = {isa = PBXFileReference; fileEncoding = 4; lastKnownFileType = sourcecode.c.objc; name = ParameterSliderView.m; path = photio/Library/ParameterSliderView.m; sourceTree = SOURCE_ROOT; };
		058B4FB415196B1F0087F717 /* LocalesViewController.h */ = {isa = PBXFileReference; fileEncoding = 4; lastKnownFileType = sourcecode.c.h; path = LocalesViewController.h; sourceTree = "<group>"; };
		058B4FB515196B1F0087F717 /* LocalesViewController.m */ = {isa = PBXFileReference; fileEncoding = 4; lastKnownFileType = sourcecode.c.objc; path = LocalesViewController.m; sourceTree = "<group>"; };
		058B4FB615196B1F0087F717 /* LocalesViewController.xib */ = {isa = PBXFileReference; fileEncoding = 4; lastKnownFileType = file.xib; path = LocalesViewController.xib; sourceTree = "<group>"; };
		058B4FBA15196D840087F717 /* LocaleView.h */ = {isa = PBXFileReference; fileEncoding = 4; lastKnownFileType = sourcecode.c.h; path = LocaleView.h; sourceTree = "<group>"; };
		058B4FBB15196D840087F717 /* LocaleView.m */ = {isa = PBXFileReference; fileEncoding = 4; lastKnownFileType = sourcecode.c.objc; path = LocaleView.m; sourceTree = "<group>"; };
		0590C738153B3D8F0065AB42 /* CalendarDayView.h */ = {isa = PBXFileReference; fileEncoding = 4; lastKnownFileType = sourcecode.c.h; path = CalendarDayView.h; sourceTree = "<group>"; };
		0590C739153B3D8F0065AB42 /* CalendarDayView.m */ = {isa = PBXFileReference; fileEncoding = 4; lastKnownFileType = sourcecode.c.objc; path = CalendarDayView.m; sourceTree = "<group>"; };
		0590C73A153B3D8F0065AB42 /* CalendarDayBackgroundView.h */ = {isa = PBXFileReference; fileEncoding = 4; lastKnownFileType = sourcecode.c.h; path = CalendarDayBackgroundView.h; sourceTree = "<group>"; };
		0590C73B153B3D8F0065AB42 /* CalendarDayBackgroundView.m */ = {isa = PBXFileReference; fileEncoding = 4; lastKnownFileType = sourcecode.c.objc; path = CalendarDayBackgroundView.m; sourceTree = "<group>"; };
		0590C73C153B3D8F0065AB42 /* CalendarDayOfWeekView.h */ = {isa = PBXFileReference; fileEncoding = 4; lastKnownFileType = sourcecode.c.h; path = CalendarDayOfWeekView.h; sourceTree = "<group>"; };
		0590C73D153B3D8F0065AB42 /* CalendarDayOfWeekView.m */ = {isa = PBXFileReference; fileEncoding = 4; lastKnownFileType = sourcecode.c.objc; path = CalendarDayOfWeekView.m; sourceTree = "<group>"; };
		0590C73E153B3D8F0065AB42 /* CalendarEntryView.h */ = {isa = PBXFileReference; fileEncoding = 4; lastKnownFileType = sourcecode.c.h; path = CalendarEntryView.h; sourceTree = "<group>"; };
		0590C73F153B3D8F0065AB42 /* CalendarEntryView.m */ = {isa = PBXFileReference; fileEncoding = 4; lastKnownFileType = sourcecode.c.objc; path = CalendarEntryView.m; sourceTree = "<group>"; };
		0590C740153B3D8F0065AB42 /* CalendarViewController.h */ = {isa = PBXFileReference; fileEncoding = 4; lastKnownFileType = sourcecode.c.h; path = CalendarViewController.h; sourceTree = "<group>"; };
		0590C741153B3D8F0065AB42 /* CalendarViewController.m */ = {isa = PBXFileReference; fileEncoding = 4; lastKnownFileType = sourcecode.c.objc; path = CalendarViewController.m; sourceTree = "<group>"; };
		0590C742153B3D8F0065AB42 /* CalendarViewController.xib */ = {isa = PBXFileReference; fileEncoding = 4; lastKnownFileType = file.xib; path = CalendarViewController.xib; sourceTree = "<group>"; };
		059772EF1527D787008F3A1B /* NativeCamera.h */ = {isa = PBXFileReference; fileEncoding = 4; lastKnownFileType = sourcecode.c.h; path = NativeCamera.h; sourceTree = "<group>"; };
		059772F01527D787008F3A1B /* NativeCamera.m */ = {isa = PBXFileReference; fileEncoding = 4; lastKnownFileType = sourcecode.c.objc; path = NativeCamera.m; sourceTree = "<group>"; };
		059772F31527D787008F3A1B /* NativeCameraViewController.h */ = {isa = PBXFileReference; fileEncoding = 4; lastKnownFileType = sourcecode.c.h; path = NativeCameraViewController.h; sourceTree = "<group>"; };
		059772F41527D787008F3A1B /* NativeCameraViewController.m */ = {isa = PBXFileReference; fileEncoding = 4; lastKnownFileType = sourcecode.c.objc; path = NativeCameraViewController.m; sourceTree = "<group>"; };
		059772F81527D7B5008F3A1B /* AVFoundation.framework */ = {isa = PBXFileReference; lastKnownFileType = wrapper.framework; name = AVFoundation.framework; path = System/Library/Frameworks/AVFoundation.framework; sourceTree = SDKROOT; };
		05A0F0B7154354410082947D /* CalendarMonthAndYearView.h */ = {isa = PBXFileReference; fileEncoding = 4; lastKnownFileType = sourcecode.c.h; path = CalendarMonthAndYearView.h; sourceTree = "<group>"; };
		05A0F0B8154354410082947D /* CalendarMonthAndYearView.m */ = {isa = PBXFileReference; fileEncoding = 4; lastKnownFileType = sourcecode.c.objc; path = CalendarMonthAndYearView.m; sourceTree = "<group>"; };
		05AB05E91573D3890087C47B /* OpenGLES.framework */ = {isa = PBXFileReference; lastKnownFileType = wrapper.framework; name = OpenGLES.framework; path = System/Library/Frameworks/OpenGLES.framework; sourceTree = SDKROOT; };
		05AC025B1548CBCF00A29139 /* NSArray+Extensions.h */ = {isa = PBXFileReference; fileEncoding = 4; lastKnownFileType = sourcecode.c.h; path = "NSArray+Extensions.h"; sourceTree = "<group>"; };
		05AC025C1548CBCF00A29139 /* NSArray+Extensions.m */ = {isa = PBXFileReference; fileEncoding = 4; lastKnownFileType = sourcecode.c.objc; path = "NSArray+Extensions.m"; sourceTree = "<group>"; };
		05AF480D154DCCAE0099576A /* ImageEntriesView.h */ = {isa = PBXFileReference; fileEncoding = 4; lastKnownFileType = sourcecode.c.h; name = ImageEntriesView.h; path = photio/PhotoAlbum/ImageEntriesView.h; sourceTree = SOURCE_ROOT; };
		05AF480E154DCCAE0099576A /* ImageEntriesView.m */ = {isa = PBXFileReference; fileEncoding = 4; lastKnownFileType = sourcecode.c.objc; name = ImageEntriesView.m; path = photio/PhotoAlbum/ImageEntriesView.m; sourceTree = SOURCE_ROOT; };
		05B83718152E6C5F00D99A40 /* ImageInspectView.h */ = {isa = PBXFileReference; fileEncoding = 4; lastKnownFileType = sourcecode.c.h; path = ImageInspectView.h; sourceTree = "<group>"; };
		05B83719152E6C5F00D99A40 /* ImageInspectView.m */ = {isa = PBXFileReference; fileEncoding = 4; lastKnownFileType = sourcecode.c.objc; path = ImageInspectView.m; sourceTree = "<group>"; };
		05B8372715309FB400D99A40 /* CoreData.framework */ = {isa = PBXFileReference; lastKnownFileType = wrapper.framework; name = CoreData.framework; path = System/Library/Frameworks/CoreData.framework; sourceTree = SDKROOT; };
		05B837611530B5B500D99A40 /* photio.xcdatamodel */ = {isa = PBXFileReference; lastKnownFileType = wrapper.xcdatamodel; path = photio.xcdatamodel; sourceTree = "<group>"; };
		05B837711530C45100D99A40 /* UIImageToDataTransformer.h */ = {isa = PBXFileReference; fileEncoding = 4; lastKnownFileType = sourcecode.c.h; path = UIImageToDataTransformer.h; sourceTree = "<group>"; };
		05B837721530C45100D99A40 /* UIImageToDataTransformer.m */ = {isa = PBXFileReference; fileEncoding = 4; lastKnownFileType = sourcecode.c.objc; path = UIImageToDataTransformer.m; sourceTree = "<group>"; };
		05B837771530C6B800D99A40 /* Locale.h */ = {isa = PBXFileReference; fileEncoding = 4; lastKnownFileType = sourcecode.c.h; path = Locale.h; sourceTree = "<group>"; };
		05B837781530C6B800D99A40 /* Locale.m */ = {isa = PBXFileReference; fileEncoding = 4; lastKnownFileType = sourcecode.c.objc; path = Locale.m; sourceTree = "<group>"; };
		05B8377A1530DA1200D99A40 /* CoreLocation.framework */ = {isa = PBXFileReference; lastKnownFileType = wrapper.framework; name = CoreLocation.framework; path = System/Library/Frameworks/CoreLocation.framework; sourceTree = SDKROOT; };
		05B8BB2E1561A0C80023346F /* ProgressView.h */ = {isa = PBXFileReference; fileEncoding = 4; lastKnownFileType = sourcecode.c.h; name = ProgressView.h; path = photio/Library/ProgressView.h; sourceTree = SOURCE_ROOT; };
		05B8BB2F1561A0C80023346F /* ProgressView.m */ = {isa = PBXFileReference; fileEncoding = 4; lastKnownFileType = sourcecode.c.objc; name = ProgressView.m; path = photio/Library/ProgressView.m; sourceTree = SOURCE_ROOT; };
		05B8BB311561A19A0023346F /* RoundedCornersView.h */ = {isa = PBXFileReference; fileEncoding = 4; lastKnownFileType = sourcecode.c.h; name = RoundedCornersView.h; path = photio/Library/RoundedCornersView.h; sourceTree = SOURCE_ROOT; };
		05B8BB321561A19A0023346F /* RoundedCornersView.m */ = {isa = PBXFileReference; fileEncoding = 4; lastKnownFileType = sourcecode.c.objc; name = RoundedCornersView.m; path = photio/Library/RoundedCornersView.m; sourceTree = SOURCE_ROOT; };
		05C501801578641600CB3561 /* blueColor.png */ = {isa = PBXFileReference; lastKnownFileType = image.png; name = blueColor.png; path = photio/images/Filters/ImageAdjust/blueColor.png; sourceTree = SOURCE_ROOT; };
		05C501811578641600CB3561 /* blueColor@2x.png */ = {isa = PBXFileReference; lastKnownFileType = image.png; name = "blueColor@2x.png"; path = "photio/images/Filters/ImageAdjust/blueColor@2x.png"; sourceTree = SOURCE_ROOT; };
		05C501821578641600CB3561 /* greenColor.png */ = {isa = PBXFileReference; lastKnownFileType = image.png; name = greenColor.png; path = photio/images/Filters/ImageAdjust/greenColor.png; sourceTree = SOURCE_ROOT; };
		05C501831578641600CB3561 /* greenColor@2x.png */ = {isa = PBXFileReference; lastKnownFileType = image.png; name = "greenColor@2x.png"; path = "photio/images/Filters/ImageAdjust/greenColor@2x.png"; sourceTree = SOURCE_ROOT; };
		05C501851578641600CB3561 /* redColor@2x.png */ = {isa = PBXFileReference; lastKnownFileType = image.png; name = "redColor@2x.png"; path = "photio/images/Filters/ImageAdjust/redColor@2x.png"; sourceTree = SOURCE_ROOT; };
		05C5018C1578698E00CB3561 /* redColor.png */ = {isa = PBXFileReference; lastKnownFileType = image.png; name = redColor.png; path = photio/images/Filters/ImageAdjust/redColor.png; sourceTree = SOURCE_ROOT; };
		05C59C3B14F5D157009AC823 /* ViewGeneral.h */ = {isa = PBXFileReference; fileEncoding = 4; lastKnownFileType = sourcecode.c.h; path = ViewGeneral.h; sourceTree = "<group>"; };
		05C59C3C14F5D157009AC823 /* ViewGeneral.m */ = {isa = PBXFileReference; fileEncoding = 4; lastKnownFileType = sourcecode.c.objc; path = ViewGeneral.m; sourceTree = "<group>"; };
		05C99EBC14F0585C00D09F3E /* photio.app */ = {isa = PBXFileReference; explicitFileType = wrapper.application; includeInIndex = 0; path = photio.app; sourceTree = BUILT_PRODUCTS_DIR; };
		05C99EC014F0585C00D09F3E /* UIKit.framework */ = {isa = PBXFileReference; lastKnownFileType = wrapper.framework; name = UIKit.framework; path = System/Library/Frameworks/UIKit.framework; sourceTree = SDKROOT; };
		05C99EC214F0585C00D09F3E /* Foundation.framework */ = {isa = PBXFileReference; lastKnownFileType = wrapper.framework; name = Foundation.framework; path = System/Library/Frameworks/Foundation.framework; sourceTree = SDKROOT; };
		05C99EC414F0585C00D09F3E /* CoreGraphics.framework */ = {isa = PBXFileReference; lastKnownFileType = wrapper.framework; name = CoreGraphics.framework; path = System/Library/Frameworks/CoreGraphics.framework; sourceTree = SDKROOT; };
		05C99EC814F0585C00D09F3E /* photio-Info.plist */ = {isa = PBXFileReference; lastKnownFileType = text.plist.xml; path = "photio-Info.plist"; sourceTree = "<group>"; };
		05C99ECA14F0585C00D09F3E /* en */ = {isa = PBXFileReference; lastKnownFileType = text.plist.strings; name = en; path = en.lproj/InfoPlist.strings; sourceTree = "<group>"; };
		05C99ECC14F0585C00D09F3E /* main.m */ = {isa = PBXFileReference; lastKnownFileType = sourcecode.c.objc; path = main.m; sourceTree = "<group>"; };
		05C99ECE14F0585C00D09F3E /* photio-Prefix.pch */ = {isa = PBXFileReference; lastKnownFileType = sourcecode.c.h; path = "photio-Prefix.pch"; sourceTree = "<group>"; };
		05C99ECF14F0585C00D09F3E /* PhotioAppDelegate.h */ = {isa = PBXFileReference; lastKnownFileType = sourcecode.c.h; path = PhotioAppDelegate.h; sourceTree = "<group>"; };
		05C99ED014F0585C00D09F3E /* PhotioAppDelegate.m */ = {isa = PBXFileReference; lastKnownFileType = sourcecode.c.objc; path = PhotioAppDelegate.m; sourceTree = "<group>"; };
		05CCEF9C15557711004FBD21 /* NSObject+Extensions.h */ = {isa = PBXFileReference; fileEncoding = 4; lastKnownFileType = sourcecode.c.h; name = "NSObject+Extensions.h"; path = "photio/Library/NSObject+Extensions.h"; sourceTree = SOURCE_ROOT; };
		05CCEF9D15557711004FBD21 /* NSObject+Extensions.m */ = {isa = PBXFileReference; fileEncoding = 4; lastKnownFileType = sourcecode.c.objc; name = "NSObject+Extensions.m"; path = "photio/Library/NSObject+Extensions.m"; sourceTree = SOURCE_ROOT; };
		05CCEFA015558EFB004FBD21 /* UIView+Extensions.h */ = {isa = PBXFileReference; fileEncoding = 4; lastKnownFileType = sourcecode.c.h; name = "UIView+Extensions.h"; path = "photio/Library/UIView+Extensions.h"; sourceTree = SOURCE_ROOT; };
		05CCEFA115558EFB004FBD21 /* UIView+Extensions.m */ = {isa = PBXFileReference; fileEncoding = 4; lastKnownFileType = sourcecode.c.objc; name = "UIView+Extensions.m"; path = "photio/Library/UIView+Extensions.m"; sourceTree = SOURCE_ROOT; };
		05CCEFA31555E0E8004FBD21 /* ImageControlView.h */ = {isa = PBXFileReference; fileEncoding = 4; lastKnownFileType = sourcecode.c.h; name = ImageControlView.h; path = photio/PhotoAlbum/ImageControlView.h; sourceTree = SOURCE_ROOT; };
		05CCEFA41555E0E8004FBD21 /* ImageControlView.m */ = {isa = PBXFileReference; fileEncoding = 4; lastKnownFileType = sourcecode.c.objc; name = ImageControlView.m; path = photio/PhotoAlbum/ImageControlView.m; sourceTree = SOURCE_ROOT; };
		05CCEFB41555F459004FBD21 /* export.png */ = {isa = PBXFileReference; lastKnownFileType = image.png; name = export.png; path = photio/Images/export.png; sourceTree = SOURCE_ROOT; };
		05CCEFB51555F459004FBD21 /* export@2x.png */ = {isa = PBXFileReference; lastKnownFileType = image.png; name = "export@2x.png"; path = "photio/Images/export@2x.png"; sourceTree = SOURCE_ROOT; };
		05CCEFB81556302D004FBD21 /* twitter.png */ = {isa = PBXFileReference; lastKnownFileType = image.png; name = twitter.png; path = photio/Images/twitter.png; sourceTree = SOURCE_ROOT; };
		05CCEFB91556302D004FBD21 /* twitter@2x.png */ = {isa = PBXFileReference; lastKnownFileType = image.png; name = "twitter@2x.png"; path = "photio/Images/twitter@2x.png"; sourceTree = SOURCE_ROOT; };
		05CFEF8C1566AB3900755519 /* FilterFactory.h */ = {isa = PBXFileReference; fileEncoding = 4; lastKnownFileType = sourcecode.c.h; name = FilterFactory.h; path = Filters/FilterFactory.h; sourceTree = "<group>"; };
		05CFEF8D1566AB3900755519 /* FilterFactory.m */ = {isa = PBXFileReference; fileEncoding = 4; lastKnownFileType = sourcecode.c.objc; name = FilterFactory.m; path = Filters/FilterFactory.m; sourceTree = "<group>"; };
		05CFEF8F1566BA8900755519 /* apply.png */ = {isa = PBXFileReference; lastKnownFileType = image.png; name = apply.png; path = photio/Images/apply.png; sourceTree = SOURCE_ROOT; };
		05CFEF901566BA8900755519 /* apply@2x.png */ = {isa = PBXFileReference; lastKnownFileType = image.png; name = "apply@2x.png"; path = "photio/Images/apply@2x.png"; sourceTree = SOURCE_ROOT; };
		05DDD9D71571B95C0034AF7C /* BouncingPanGestureRecognizer.h */ = {isa = PBXFileReference; fileEncoding = 4; lastKnownFileType = sourcecode.c.h; name = BouncingPanGestureRecognizer.h; path = photio/Library/BouncingPanGestureRecognizer.h; sourceTree = SOURCE_ROOT; };
		05DDD9D81571B95C0034AF7C /* BouncingPanGestureRecognizer.m */ = {isa = PBXFileReference; fileEncoding = 4; lastKnownFileType = sourcecode.c.objc; name = BouncingPanGestureRecognizer.m; path = photio/Library/BouncingPanGestureRecognizer.m; sourceTree = SOURCE_ROOT; };
		05DDD9DB1572D9340034AF7C /* UIImage+Alpha.h */ = {isa = PBXFileReference; fileEncoding = 4; lastKnownFileType = sourcecode.c.h; name = "UIImage+Alpha.h"; path = "photio/Library/UIImage+Alpha.h"; sourceTree = SOURCE_ROOT; };
		05DDD9DC1572D9340034AF7C /* UIImage+Alpha.m */ = {isa = PBXFileReference; fileEncoding = 4; lastKnownFileType = sourcecode.c.objc; name = "UIImage+Alpha.m"; path = "photio/Library/UIImage+Alpha.m"; sourceTree = SOURCE_ROOT; };
		05DDD9DD1572D9340034AF7C /* UIImage+Resize.h */ = {isa = PBXFileReference; fileEncoding = 4; lastKnownFileType = sourcecode.c.h; name = "UIImage+Resize.h"; path = "photio/Library/UIImage+Resize.h"; sourceTree = SOURCE_ROOT; };
		05DDD9DE1572D9340034AF7C /* UIImage+Resize.m */ = {isa = PBXFileReference; fileEncoding = 4; lastKnownFileType = sourcecode.c.objc; name = "UIImage+Resize.m"; path = "photio/Library/UIImage+Resize.m"; sourceTree = SOURCE_ROOT; };
		05DDD9DF1572D9340034AF7C /* UIImage+RoundedCorner.h */ = {isa = PBXFileReference; fileEncoding = 4; lastKnownFileType = sourcecode.c.h; name = "UIImage+RoundedCorner.h"; path = "photio/Library/UIImage+RoundedCorner.h"; sourceTree = SOURCE_ROOT; };
		05DDD9E01572D9350034AF7C /* UIImage+RoundedCorner.m */ = {isa = PBXFileReference; fileEncoding = 4; lastKnownFileType = sourcecode.c.objc; name = "UIImage+RoundedCorner.m"; path = "photio/Library/UIImage+RoundedCorner.m"; sourceTree = SOURCE_ROOT; };
		05DDD9E41572D9740034AF7C /* UIImage+Extensions.h */ = {isa = PBXFileReference; fileEncoding = 4; lastKnownFileType = sourcecode.c.h; name = "UIImage+Extensions.h"; path = "photio/Library/UIImage+Extensions.h"; sourceTree = SOURCE_ROOT; };
		05DDD9E51572D9750034AF7C /* UIImage+Extensions.m */ = {isa = PBXFileReference; fileEncoding = 4; lastKnownFileType = sourcecode.c.objc; name = "UIImage+Extensions.m"; path = "photio/Library/UIImage+Extensions.m"; sourceTree = SOURCE_ROOT; };
		05DE436E14F1E51C005FF6B0 /* ImageInspectViewController.h */ = {isa = PBXFileReference; fileEncoding = 4; lastKnownFileType = sourcecode.c.h; path = ImageInspectViewController.h; sourceTree = "<group>"; };
		05DE436F14F1E51C005FF6B0 /* ImageInspectViewController.m */ = {isa = PBXFileReference; fileEncoding = 4; lastKnownFileType = sourcecode.c.objc; path = ImageInspectViewController.m; sourceTree = "<group>"; };
		05DE437014F1E51C005FF6B0 /* ImageInspectViewController.xib */ = {isa = PBXFileReference; fileEncoding = 4; lastKnownFileType = file.xib; path = ImageInspectViewController.xib; sourceTree = "<group>"; };
		05DE439414F20064005FF6B0 /* QuartzCore.framework */ = {isa = PBXFileReference; lastKnownFileType = wrapper.framework; name = QuartzCore.framework; path = System/Library/Frameworks/QuartzCore.framework; sourceTree = SDKROOT; };
		05E05AEE1573044E005FF6C1 /* GPUImage.xcodeproj */ = {isa = PBXFileReference; lastKnownFileType = "wrapper.pb-project"; name = GPUImage.xcodeproj; path = ../GPUImage/framework/GPUImage.xcodeproj; sourceTree = "<group>"; };
		05E4C21C1552233500C7266E /* ImageEditViewController.h */ = {isa = PBXFileReference; fileEncoding = 4; lastKnownFileType = sourcecode.c.h; name = ImageEditViewController.h; path = photio/PhotoAlbum/ImageEditViewController.h; sourceTree = SOURCE_ROOT; };
		05E4C21D1552233600C7266E /* ImageEditViewController.m */ = {isa = PBXFileReference; fileEncoding = 4; lastKnownFileType = sourcecode.c.objc; name = ImageEditViewController.m; path = photio/PhotoAlbum/ImageEditViewController.m; sourceTree = SOURCE_ROOT; };
		05E4C21E1552233600C7266E /* ImageEditViewController.xib */ = {isa = PBXFileReference; fileEncoding = 4; lastKnownFileType = file.xib; name = ImageEditViewController.xib; path = photio/PhotoAlbum/ImageEditViewController.xib; sourceTree = SOURCE_ROOT; };
		05E4C222155224D400C7266E /* ImageMetaDataEditView.h */ = {isa = PBXFileReference; fileEncoding = 4; lastKnownFileType = sourcecode.c.h; name = ImageMetaDataEditView.h; path = photio/PhotoAlbum/ImageMetaDataEditView.h; sourceTree = SOURCE_ROOT; };
		05E4C223155224D400C7266E /* ImageMetaDataEditView.m */ = {isa = PBXFileReference; fileEncoding = 4; lastKnownFileType = sourcecode.c.objc; name = ImageMetaDataEditView.m; path = photio/PhotoAlbum/ImageMetaDataEditView.m; sourceTree = SOURCE_ROOT; };
		05E4C2251552259800C7266E /* ImageEditView.h */ = {isa = PBXFileReference; fileEncoding = 4; lastKnownFileType = sourcecode.c.h; name = ImageEditView.h; path = photio/PhotoAlbum/ImageEditView.h; sourceTree = SOURCE_ROOT; };
		05E4C2261552259800C7266E /* ImageEditView.m */ = {isa = PBXFileReference; fileEncoding = 4; lastKnownFileType = sourcecode.c.objc; name = ImageEditView.m; path = photio/PhotoAlbum/ImageEditView.m; sourceTree = SOURCE_ROOT; };
		05EE0E8515366ACF00E5E541 /* DiagonalGestureRecognizer.h */ = {isa = PBXFileReference; fileEncoding = 4; lastKnownFileType = sourcecode.c.h; path = DiagonalGestureRecognizer.h; sourceTree = "<group>"; };
		05EE0E8615366ACF00E5E541 /* DiagonalGestureRecognizer.m */ = {isa = PBXFileReference; fileEncoding = 4; lastKnownFileType = sourcecode.c.objc; path = DiagonalGestureRecognizer.m; sourceTree = "<group>"; };
/* End PBXFileReference section */

/* Begin PBXFrameworksBuildPhase section */
		05C99EB914F0585C00D09F3E /* Frameworks */ = {
			isa = PBXFrameworksBuildPhase;
			buildActionMask = 2147483647;
			files = (
				05AB05F01573D3E00087C47B /* CoreVideo.framework in Frameworks */,
				05AB05EA1573D3890087C47B /* OpenGLES.framework in Frameworks */,
				05E05B2A15730A11005FF6C1 /* libGPUImage.a in Frameworks */,
				058A48E415620959002199F7 /* CoreImage.framework in Frameworks */,
				05B8377B1530DA1300D99A40 /* CoreLocation.framework in Frameworks */,
				05B8372815309FB400D99A40 /* CoreData.framework in Frameworks */,
				052AE17B1528941F005D57B1 /* AssetsLibrary.framework in Frameworks */,
				059772F91527D7B5008F3A1B /* AVFoundation.framework in Frameworks */,
				052AE17E1528943E005D57B1 /* CoreMedia.framework in Frameworks */,
				05DE439514F20064005FF6B0 /* QuartzCore.framework in Frameworks */,
				05C99EC114F0585C00D09F3E /* UIKit.framework in Frameworks */,
				05C99EC314F0585C00D09F3E /* Foundation.framework in Frameworks */,
				05C99EC514F0585C00D09F3E /* CoreGraphics.framework in Frameworks */,
			);
			runOnlyForDeploymentPostprocessing = 0;
		};
/* End PBXFrameworksBuildPhase section */

/* Begin PBXGroup section */
		05250EA4156953620060F993 /* FilterClasses */ = {
			isa = PBXGroup;
			children = (
				05250EA5156953620060F993 /* favorite.png */,
				05250EA6156953620060F993 /* favorite@2x.png */,
				05250EA7156953620060F993 /* image-adjust.png */,
				05250EA8156953620060F993 /* image-adjust@2x.png */,
			);
			name = FilterClasses;
			path = photio/Images/FilterClasses;
			sourceTree = SOURCE_ROOT;
		};
		05250EA9156953620060F993 /* Filters */ = {
			isa = PBXGroup;
			children = (
				05250EAA156953620060F993 /* ImageAdjust */,
			);
			name = Filters;
			path = photio/Images/Filters;
			sourceTree = SOURCE_ROOT;
		};
		05250EAA156953620060F993 /* ImageAdjust */ = {
			isa = PBXGroup;
			children = (
				05C501801578641600CB3561 /* blueColor.png */,
				05C501811578641600CB3561 /* blueColor@2x.png */,
				05250EAB156953620060F993 /* brightness.png */,
				05250EAC156953620060F993 /* brightness@2x.png */,
				05250EAD156953620060F993 /* contrast.png */,
				05250EAE156953620060F993 /* contrast@2x.png */,
				05C501821578641600CB3561 /* greenColor.png */,
				05C501831578641600CB3561 /* greenColor@2x.png */,
				05C5018C1578698E00CB3561 /* redColor.png */,
				05C501851578641600CB3561 /* redColor@2x.png */,
				05250EB1156953620060F993 /* saturation.png */,
				05250EB2156953620060F993 /* saturation@2x.png */,
				05250EE51569FA720060F993 /* vignette.png */,
				05250EE61569FA720060F993 /* vignette@2x.png */,
			);
			path = ImageAdjust;
			sourceTree = "<group>";
		};
		0577D41C157AA9E800BA4C52 /* Cameras */ = {
			isa = PBXGroup;
			children = (
				0510A8E3157D9B1A00EC8F75 /* pixel.png */,
				0510A8E4157D9B1A00EC8F75 /* pixel@2x.png */,
				0577D41D157AA9E800BA4C52 /* instant.png */,
				0577D41E157AA9E800BA4C52 /* instant@2x.png */,
				0577D41F157AA9E800BA4C52 /* iphone.png */,
				0577D420157AA9E800BA4C52 /* iphone@2x.png */,
			);
			path = Cameras;
			sourceTree = "<group>";
		};
		0590C737153B3D8F0065AB42 /* Calendar */ = {
			isa = PBXGroup;
			children = (
				0590C738153B3D8F0065AB42 /* CalendarDayView.h */,
				0590C739153B3D8F0065AB42 /* CalendarDayView.m */,
				0590C73A153B3D8F0065AB42 /* CalendarDayBackgroundView.h */,
				0590C73B153B3D8F0065AB42 /* CalendarDayBackgroundView.m */,
				0590C73C153B3D8F0065AB42 /* CalendarDayOfWeekView.h */,
				0590C73D153B3D8F0065AB42 /* CalendarDayOfWeekView.m */,
				0590C73E153B3D8F0065AB42 /* CalendarEntryView.h */,
				0590C73F153B3D8F0065AB42 /* CalendarEntryView.m */,
				05A0F0B7154354410082947D /* CalendarMonthAndYearView.h */,
				05A0F0B8154354410082947D /* CalendarMonthAndYearView.m */,
				0590C740153B3D8F0065AB42 /* CalendarViewController.h */,
				0590C741153B3D8F0065AB42 /* CalendarViewController.m */,
				0590C742153B3D8F0065AB42 /* CalendarViewController.xib */,
			);
			path = Calendar;
			sourceTree = "<group>";
		};
		059772E415277EE1008F3A1B /* Models */ = {
			isa = PBXGroup;
			children = (
				05B837601530B5B500D99A40 /* photio.xcdatamodeld */,
				0539BA1F157AE58F00A4A04B /* Album.h */,
				0539BA20157AE58F00A4A04B /* Album.m */,
				0539BA48157AF9D500A4A04B /* Camera.h */,
				0539BA49157AF9D600A4A04B /* Camera.m */,
				0539BA2B157AE7A100A4A04B /* CameraUsed.h */,
				0539BA2C157AE7A100A4A04B /* CameraUsed.m */,
				0539BA2E157AE7B100A4A04B /* Capture.h */,
				0539BA2F157AE7B100A4A04B /* Capture.m */,
				0539BA31157AE7D700A4A04B /* Filter.h */,
				0539BA32157AE7D700A4A04B /* Filter.m */,
				0539BA34157AE7F700A4A04B /* FilterPalette.h */,
				0539BA35157AE7F700A4A04B /* FilterPalette.m */,
				0539BA37157AE81F00A4A04B /* FilterUsed.h */,
				0539BA38157AE81F00A4A04B /* FilterUsed.m */,
				0539BA3A157AE83E00A4A04B /* Image.h */,
				0539BA3B157AE83E00A4A04B /* Image.m */,
				05B837771530C6B800D99A40 /* Locale.h */,
				05B837781530C6B800D99A40 /* Locale.m */,
			);
			name = Models;
			sourceTree = "<group>";
		};
		05B837701530C33700D99A40 /* Application */ = {
			isa = PBXGroup;
			children = (
				05C99ECF14F0585C00D09F3E /* PhotioAppDelegate.h */,
				05C99ED014F0585C00D09F3E /* PhotioAppDelegate.m */,
			);
			name = Application;
			sourceTree = "<group>";
		};
		05C59C1F14F31EF8009AC823 /* Library */ = {
			isa = PBXGroup;
			children = (
				05DDD9D71571B95C0034AF7C /* BouncingPanGestureRecognizer.h */,
				05DDD9D81571B95C0034AF7C /* BouncingPanGestureRecognizer.m */,
				05EE0E8515366ACF00E5E541 /* DiagonalGestureRecognizer.h */,
				05EE0E8615366ACF00E5E541 /* DiagonalGestureRecognizer.m */,
				0554A4791503DDD000B9C76D /* DragGridView.h */,
				0554A47A1503DDD000B9C76D /* DragGridView.m */,
				0554A47D1503DDFE00B9C76D /* DragRowView.h */,
				0554A47E1503DDFE00B9C76D /* DragRowView.m */,
				05AC025B1548CBCF00A29139 /* NSArray+Extensions.h */,
				05AC025C1548CBCF00A29139 /* NSArray+Extensions.m */,
				05CCEF9C15557711004FBD21 /* NSObject+Extensions.h */,
				05CCEF9D15557711004FBD21 /* NSObject+Extensions.m */,
				058A48EA1562CD02002199F7 /* ParameterSliderView.h */,
				058A48EB1562CD02002199F7 /* ParameterSliderView.m */,
				05B8BB2E1561A0C80023346F /* ProgressView.h */,
				05B8BB2F1561A0C80023346F /* ProgressView.m */,
				05B8BB311561A19A0023346F /* RoundedCornersView.h */,
				05B8BB321561A19A0023346F /* RoundedCornersView.m */,
				0542DAE4151FFD85002C62A0 /* StreamOfViews.h */,
				0542DAE5151FFD85002C62A0 /* StreamOfViews.m */,
				0529A7C51501D41900235B95 /* TransitionGestureRecognizer.h */,
				0529A7C61501D41900235B95 /* TransitionGestureRecognizer.m */,
				05DDD9DB1572D9340034AF7C /* UIImage+Alpha.h */,
				05DDD9DC1572D9340034AF7C /* UIImage+Alpha.m */,
				05DDD9E41572D9740034AF7C /* UIImage+Extensions.h */,
				05DDD9E51572D9750034AF7C /* UIImage+Extensions.m */,
				05DDD9DD1572D9340034AF7C /* UIImage+Resize.h */,
				05DDD9DE1572D9340034AF7C /* UIImage+Resize.m */,
				05DDD9DF1572D9340034AF7C /* UIImage+RoundedCorner.h */,
				05DDD9E01572D9350034AF7C /* UIImage+RoundedCorner.m */,
				05B837711530C45100D99A40 /* UIImageToDataTransformer.h */,
				05B837721530C45100D99A40 /* UIImageToDataTransformer.m */,
				05250EC2156962B80060F993 /* UITableViewCell+Extensions.h */,
				05250EC3156962B80060F993 /* UITableViewCell+Extensions.m */,
				05CCEFA015558EFB004FBD21 /* UIView+Extensions.h */,
				05CCEFA115558EFB004FBD21 /* UIView+Extensions.m */,
			);
			name = Library;
			path = library;
			sourceTree = "<group>";
		};
		05C59C2314F331A6009AC823 /* Images */ = {
			isa = PBXGroup;
			children = (
				05CFEF8F1566BA8900755519 /* apply.png */,
				05CFEF901566BA8900755519 /* apply@2x.png */,
				0577D41C157AA9E800BA4C52 /* Cameras */,
				0577D418157A8F1A00BA4C52 /* capture-photo.png */,
				0577D419157A8F1A00BA4C52 /* capture-photo@2x.png */,
				0539BA56157BCA9C00A4A04B /* configuration.png */,
				0539BA57157BCA9C00A4A04B /* configuration@2x.png */,
				05CCEFB41555F459004FBD21 /* export.png */,
				05CCEFB51555F459004FBD21 /* export@2x.png */,
				05250EA4156953620060F993 /* FilterClasses */,
				05250EA9156953620060F993 /* Filters */,
				0542DAF71523EDA7002C62A0 /* flash-on.png */,
				0542DAF81523EDA7002C62A0 /* flash-on@2x.png */,
				050855371557074100609C31 /* pencil.png */,
				050855381557074100609C31 /* pencil@2x.png */,
				05CCEFB81556302D004FBD21 /* twitter.png */,
				05CCEFB91556302D004FBD21 /* twitter@2x.png */,
				05809C9415573EC900AF2079 /* whitestar.png */,
				05809C9515573EC900AF2079 /* whitestar@2x.png */,
				05809C9615573EC900AF2079 /* yellowstar.png */,
				05809C9715573EC900AF2079 /* yellowstar@2x.png */,
			);
			name = Images;
			path = images;
			sourceTree = "<group>";
		};
		05C6050E156402C400E02532 /* Filters */ = {
			isa = PBXGroup;
			children = (
				05CFEF8C1566AB3900755519 /* FilterFactory.h */,
				05CFEF8D1566AB3900755519 /* FilterFactory.m */,
				0539BA40157AE99600A4A04B /* CameraFactory.h */,
				0539BA41157AE99600A4A04B /* CameraFactory.m */,
			);
			name = Filters;
			sourceTree = "<group>";
		};
		05C99EB114F0585C00D09F3E = {
			isa = PBXGroup;
			children = (
				05C99EC614F0585C00D09F3E /* photio */,
				05C99EBF14F0585C00D09F3E /* Frameworks */,
				05C99EBD14F0585C00D09F3E /* Products */,
			);
			sourceTree = "<group>";
		};
		05C99EBD14F0585C00D09F3E /* Products */ = {
			isa = PBXGroup;
			children = (
				05C99EBC14F0585C00D09F3E /* photio.app */,
			);
			name = Products;
			sourceTree = "<group>";
		};
		05C99EBF14F0585C00D09F3E /* Frameworks */ = {
			isa = PBXGroup;
			children = (
				05E05AEE1573044E005FF6C1 /* GPUImage.xcodeproj */,
				05AB05E91573D3890087C47B /* OpenGLES.framework */,
				058A48E315620959002199F7 /* CoreImage.framework */,
				05B8377A1530DA1200D99A40 /* CoreLocation.framework */,
				05B8372715309FB400D99A40 /* CoreData.framework */,
				052AE17F1528944F005D57B1 /* CoreVideo.framework */,
				052AE17D1528943E005D57B1 /* CoreMedia.framework */,
				052AE17A1528941F005D57B1 /* AssetsLibrary.framework */,
				059772F81527D7B5008F3A1B /* AVFoundation.framework */,
				05DE439414F20064005FF6B0 /* QuartzCore.framework */,
				05C99EC014F0585C00D09F3E /* UIKit.framework */,
				05C99EC214F0585C00D09F3E /* Foundation.framework */,
				05C99EC414F0585C00D09F3E /* CoreGraphics.framework */,
			);
			name = Frameworks;
			sourceTree = "<group>";
		};
		05C99EC614F0585C00D09F3E /* photio */ = {
			isa = PBXGroup;
			children = (
				05C6050E156402C400E02532 /* Filters */,
				0590C737153B3D8F0065AB42 /* Calendar */,
				05B837701530C33700D99A40 /* Application */,
				05C59C2314F331A6009AC823 /* Images */,
				05C59C1F14F31EF8009AC823 /* Library */,
				059772E415277EE1008F3A1B /* Models */,
				05C99EEB14F05A5500D09F3E /* PhotoAlbum */,
				05C99EC714F0585C00D09F3E /* Supporting Files */,
				050CF12514F96A9100A31059 /* ContainerViewController.h */,
				050CF12614F96A9100A31059 /* ContainerViewController.m */,
				050CF12714F96A9100A31059 /* ContainerViewController.xib */,
				058B4FB415196B1F0087F717 /* LocalesViewController.h */,
				058B4FB515196B1F0087F717 /* LocalesViewController.m */,
				058B4FB615196B1F0087F717 /* LocalesViewController.xib */,
				058B4FBA15196D840087F717 /* LocaleView.h */,
				058B4FBB15196D840087F717 /* LocaleView.m */,
				05C59C3B14F5D157009AC823 /* ViewGeneral.h */,
				05C59C3C14F5D157009AC823 /* ViewGeneral.m */,
			);
			path = photio;
			sourceTree = "<group>";
		};
		05C99EC714F0585C00D09F3E /* Supporting Files */ = {
			isa = PBXGroup;
			children = (
				0539BA46157AF51D00A4A04B /* Cameras.plist */,
				05250E9315687A690060F993 /* FilterPalettes.plist */,
				05250E91156878CD0060F993 /* Filters.plist */,
				05C99EC914F0585C00D09F3E /* InfoPlist.strings */,
				05C99ECC14F0585C00D09F3E /* main.m */,
				05C99EC814F0585C00D09F3E /* photio-Info.plist */,
				05C99ECE14F0585C00D09F3E /* photio-Prefix.pch */,
			);
			name = "Supporting Files";
			sourceTree = "<group>";
		};
		05C99EEB14F05A5500D09F3E /* PhotoAlbum */ = {
			isa = PBXGroup;
			children = (
				05809CAF155B3C6700AF2079 /* CommentViewController.h */,
				05809CB0155B3C6700AF2079 /* CommentViewController.m */,
				05809CB1155B3C6700AF2079 /* CommentViewController.xib */,
				050462CF1579A9080051818C /* FilteredCameraViewController.h */,
				050462D01579A9080051818C /* FilteredCameraViewController.m */,
				0577D416157A64AC00BA4C52 /* FilteredCameraViewController.xib */,
				05250EE21569BBDC0060F993 /* FilterImageView.h */,
				05250EE31569BBDD0060F993 /* FilterImageView.m */,
				05CCEFA31555E0E8004FBD21 /* ImageControlView.h */,
				05CCEFA41555E0E8004FBD21 /* ImageControlView.m */,
				05E4C2251552259800C7266E /* ImageEditView.h */,
				05E4C2261552259800C7266E /* ImageEditView.m */,
				058736B715556897007A5654 /* ImageEditView.xib */,
				05E4C21C1552233500C7266E /* ImageEditViewController.h */,
				05E4C21D1552233600C7266E /* ImageEditViewController.m */,
				05E4C21E1552233600C7266E /* ImageEditViewController.xib */,
				05AF480D154DCCAE0099576A /* ImageEntriesView.h */,
				05AF480E154DCCAE0099576A /* ImageEntriesView.m */,
				05250ED61569B4850060F993 /* ImageFiltersView.h */,
				05250ED71569B4860060F993 /* ImageFiltersView.m */,
				05B83718152E6C5F00D99A40 /* ImageInspectView.h */,
				05B83719152E6C5F00D99A40 /* ImageInspectView.m */,
				05DE436E14F1E51C005FF6B0 /* ImageInspectViewController.h */,
				05DE436F14F1E51C005FF6B0 /* ImageInspectViewController.m */,
				05DE437014F1E51C005FF6B0 /* ImageInspectViewController.xib */,
				05E4C222155224D400C7266E /* ImageMetaDataEditView.h */,
				05E4C223155224D400C7266E /* ImageMetaDataEditView.m */,
				058736B915556941007A5654 /* ImageMetaDataEditView.xib */,
				059772EF1527D787008F3A1B /* NativeCamera.h */,
				059772F01527D787008F3A1B /* NativeCamera.m */,
				059772F31527D787008F3A1B /* NativeCameraViewController.h */,
				059772F41527D787008F3A1B /* NativeCameraViewController.m */,
				050CF14F14F9A27D00A31059 /* NativeCameraViewController.xib */,
				05250E8B15686C150060F993 /* ParameterSelectionCell.h */,
				05250E8C15686C150060F993 /* ParameterSelectionCell.m */,
				05250E8F15686D680060F993 /* ParameterSelectionCell.xib */,
				050AF29315681B1600EC6C13 /* ParameterSelectionView.h */,
				050AF29415681B1600EC6C13 /* ParameterSelectionView.m */,
				050AF29115681AE600EC6C13 /* ParameterSelectionView.xib */,
			);
			name = PhotoAlbum;
			path = photoAlbum;
			sourceTree = "<group>";
		};
		05E05AEF1573044E005FF6C1 /* Products */ = {
			isa = PBXGroup;
			children = (
				05E05AF81573044E005FF6C1 /* libGPUImage.a */,
				05E05AFA1573044E005FF6C1 /* GPUImageTests.octest */,
			);
			name = Products;
			sourceTree = "<group>";
		};
/* End PBXGroup section */

/* Begin PBXNativeTarget section */
		05C99EBB14F0585C00D09F3E /* photio */ = {
			isa = PBXNativeTarget;
			buildConfigurationList = 05C99EDA14F0585C00D09F3E /* Build configuration list for PBXNativeTarget "photio" */;
			buildPhases = (
				05C99EB814F0585C00D09F3E /* Sources */,
				05C99EB914F0585C00D09F3E /* Frameworks */,
				05C99EBA14F0585C00D09F3E /* Resources */,
			);
			buildRules = (
			);
			dependencies = (
				05E05AFD157304B9005FF6C1 /* PBXTargetDependency */,
			);
			name = photio;
			productName = photio;
			productReference = 05C99EBC14F0585C00D09F3E /* photio.app */;
			productType = "com.apple.product-type.application";
		};
/* End PBXNativeTarget section */

/* Begin PBXProject section */
		05C99EB314F0585C00D09F3E /* Project object */ = {
			isa = PBXProject;
			attributes = {
				LastUpgradeCheck = 0430;
				ORGANIZATIONNAME = imaginaryProducts;
			};
			buildConfigurationList = 05C99EB614F0585C00D09F3E /* Build configuration list for PBXProject "photio" */;
			compatibilityVersion = "Xcode 3.2";
			developmentRegion = English;
			hasScannedForEncodings = 0;
			knownRegions = (
				en,
			);
			mainGroup = 05C99EB114F0585C00D09F3E;
			productRefGroup = 05C99EBD14F0585C00D09F3E /* Products */;
			projectDirPath = "";
			projectReferences = (
				{
					ProductGroup = 05E05AEF1573044E005FF6C1 /* Products */;
					ProjectRef = 05E05AEE1573044E005FF6C1 /* GPUImage.xcodeproj */;
				},
			);
			projectRoot = "";
			targets = (
				05C99EBB14F0585C00D09F3E /* photio */,
			);
		};
/* End PBXProject section */

/* Begin PBXReferenceProxy section */
		05E05AF81573044E005FF6C1 /* libGPUImage.a */ = {
			isa = PBXReferenceProxy;
			fileType = archive.ar;
			path = libGPUImage.a;
			remoteRef = 05E05AF71573044E005FF6C1 /* PBXContainerItemProxy */;
			sourceTree = BUILT_PRODUCTS_DIR;
		};
		05E05AFA1573044E005FF6C1 /* GPUImageTests.octest */ = {
			isa = PBXReferenceProxy;
			fileType = wrapper.cfbundle;
			path = GPUImageTests.octest;
			remoteRef = 05E05AF91573044E005FF6C1 /* PBXContainerItemProxy */;
			sourceTree = BUILT_PRODUCTS_DIR;
		};
/* End PBXReferenceProxy section */

/* Begin PBXResourcesBuildPhase section */
		05C99EBA14F0585C00D09F3E /* Resources */ = {
			isa = PBXResourcesBuildPhase;
			buildActionMask = 2147483647;
			files = (
				05C99ECB14F0585C00D09F3E /* InfoPlist.strings in Resources */,
				05DE437214F1E51D005FF6B0 /* ImageInspectViewController.xib in Resources */,
				050CF12914F96A9100A31059 /* ContainerViewController.xib in Resources */,
				050CF15014F9A27D00A31059 /* NativeCameraViewController.xib in Resources */,
				058B4FB815196B1F0087F717 /* LocalesViewController.xib in Resources */,
				0542DAF91523EDA7002C62A0 /* flash-on.png in Resources */,
				0542DAFA1523EDA7002C62A0 /* flash-on@2x.png in Resources */,
				0590C748153B3D8F0065AB42 /* CalendarViewController.xib in Resources */,
				05E4C2201552233600C7266E /* ImageEditViewController.xib in Resources */,
				058736B815556898007A5654 /* ImageEditView.xib in Resources */,
				058736BA15556941007A5654 /* ImageMetaDataEditView.xib in Resources */,
				05CCEFB61555F459004FBD21 /* export.png in Resources */,
				05CCEFB71555F459004FBD21 /* export@2x.png in Resources */,
				05CCEFBA1556302D004FBD21 /* twitter.png in Resources */,
				05CCEFBB1556302D004FBD21 /* twitter@2x.png in Resources */,
				050855391557074100609C31 /* pencil.png in Resources */,
				0508553A1557074100609C31 /* pencil@2x.png in Resources */,
				05809C9815573EC900AF2079 /* whitestar.png in Resources */,
				05809C9915573EC900AF2079 /* whitestar@2x.png in Resources */,
				05809C9A15573EC900AF2079 /* yellowstar.png in Resources */,
				05809C9B15573EC900AF2079 /* yellowstar@2x.png in Resources */,
				05809CB3155B3C6800AF2079 /* CommentViewController.xib in Resources */,
				05CFEF911566BA8900755519 /* apply.png in Resources */,
				05CFEF921566BA8900755519 /* apply@2x.png in Resources */,
				050AF29215681AE600EC6C13 /* ParameterSelectionView.xib in Resources */,
				05250E9015686D690060F993 /* ParameterSelectionCell.xib in Resources */,
				05250E92156878CD0060F993 /* Filters.plist in Resources */,
				05250E9415687A690060F993 /* FilterPalettes.plist in Resources */,
				05250EB3156953620060F993 /* favorite.png in Resources */,
				05250EB4156953620060F993 /* favorite@2x.png in Resources */,
				05250EB5156953620060F993 /* image-adjust.png in Resources */,
				05250EB6156953620060F993 /* image-adjust@2x.png in Resources */,
				05250EB7156953620060F993 /* brightness.png in Resources */,
				05250EB8156953620060F993 /* brightness@2x.png in Resources */,
				05250EB9156953620060F993 /* contrast.png in Resources */,
				05250EBA156953620060F993 /* contrast@2x.png in Resources */,
				05250EBD156953620060F993 /* saturation.png in Resources */,
				05250EBE156953620060F993 /* saturation@2x.png in Resources */,
				05250EE71569FA720060F993 /* vignette.png in Resources */,
				05250EE81569FA720060F993 /* vignette@2x.png in Resources */,
				05C501861578641600CB3561 /* blueColor.png in Resources */,
				05C501871578641600CB3561 /* blueColor@2x.png in Resources */,
				05C501881578641600CB3561 /* greenColor.png in Resources */,
				05C501891578641600CB3561 /* greenColor@2x.png in Resources */,
				05C5018B1578641600CB3561 /* redColor@2x.png in Resources */,
				05C5018D1578698E00CB3561 /* redColor.png in Resources */,
				0577D417157A64AC00BA4C52 /* FilteredCameraViewController.xib in Resources */,
				0577D41A157A8F1A00BA4C52 /* capture-photo.png in Resources */,
				0577D41B157A8F1A00BA4C52 /* capture-photo@2x.png in Resources */,
				0577D421157AA9E800BA4C52 /* instant.png in Resources */,
				0577D422157AA9E800BA4C52 /* instant@2x.png in Resources */,
				0577D423157AA9E800BA4C52 /* iphone.png in Resources */,
				0577D424157AA9E800BA4C52 /* iphone@2x.png in Resources */,
				0539BA47157AF51D00A4A04B /* Cameras.plist in Resources */,
				0539BA58157BCA9C00A4A04B /* configuration.png in Resources */,
				0539BA59157BCA9C00A4A04B /* configuration@2x.png in Resources */,
				0510A8E5157D9B1A00EC8F75 /* pixel.png in Resources */,
				0510A8E6157D9B1A00EC8F75 /* pixel@2x.png in Resources */,
			);
			runOnlyForDeploymentPostprocessing = 0;
		};
/* End PBXResourcesBuildPhase section */

/* Begin PBXSourcesBuildPhase section */
		05C99EB814F0585C00D09F3E /* Sources */ = {
			isa = PBXSourcesBuildPhase;
			buildActionMask = 2147483647;
			files = (
				05C99ECD14F0585C00D09F3E /* main.m in Sources */,
				05C99ED114F0585C00D09F3E /* PhotioAppDelegate.m in Sources */,
				05DE437114F1E51D005FF6B0 /* ImageInspectViewController.m in Sources */,
				05C59C3D14F5D157009AC823 /* ViewGeneral.m in Sources */,
				050CF12814F96A9100A31059 /* ContainerViewController.m in Sources */,
				0529A7C71501D41900235B95 /* TransitionGestureRecognizer.m in Sources */,
				0554A47B1503DDD000B9C76D /* DragGridView.m in Sources */,
				0554A47F1503DDFE00B9C76D /* DragRowView.m in Sources */,
				058B4FB715196B1F0087F717 /* LocalesViewController.m in Sources */,
				058B4FBC15196D840087F717 /* LocaleView.m in Sources */,
				0542DAE6151FFD85002C62A0 /* StreamOfViews.m in Sources */,
				059772F51527D787008F3A1B /* NativeCamera.m in Sources */,
				059772F71527D787008F3A1B /* NativeCameraViewController.m in Sources */,
				05B8371A152E6C5F00D99A40 /* ImageInspectView.m in Sources */,
				05B837621530B5B500D99A40 /* photio.xcdatamodeld in Sources */,
				05B837731530C45100D99A40 /* UIImageToDataTransformer.m in Sources */,
				05B837791530C6B800D99A40 /* Locale.m in Sources */,
				05EE0E8715366ACF00E5E541 /* DiagonalGestureRecognizer.m in Sources */,
				0590C743153B3D8F0065AB42 /* CalendarDayView.m in Sources */,
				0590C744153B3D8F0065AB42 /* CalendarDayBackgroundView.m in Sources */,
				0590C745153B3D8F0065AB42 /* CalendarDayOfWeekView.m in Sources */,
				0590C746153B3D8F0065AB42 /* CalendarEntryView.m in Sources */,
				0590C747153B3D8F0065AB42 /* CalendarViewController.m in Sources */,
				05A0F0B9154354410082947D /* CalendarMonthAndYearView.m in Sources */,
				05AC025D1548CBCF00A29139 /* NSArray+Extensions.m in Sources */,
				05AF480F154DCCAE0099576A /* ImageEntriesView.m in Sources */,
				05E4C21F1552233600C7266E /* ImageEditViewController.m in Sources */,
				05E4C224155224D400C7266E /* ImageMetaDataEditView.m in Sources */,
				05E4C2271552259800C7266E /* ImageEditView.m in Sources */,
				05CCEF9E15557711004FBD21 /* NSObject+Extensions.m in Sources */,
				05CCEFA215558EFB004FBD21 /* UIView+Extensions.m in Sources */,
				05CCEFA51555E0E9004FBD21 /* ImageControlView.m in Sources */,
				05809CB2155B3C6800AF2079 /* CommentViewController.m in Sources */,
				05B8BB301561A0C80023346F /* ProgressView.m in Sources */,
				05B8BB331561A19A0023346F /* RoundedCornersView.m in Sources */,
				058A48EC1562CD02002199F7 /* ParameterSliderView.m in Sources */,
				05CFEF8E1566AB3900755519 /* FilterFactory.m in Sources */,
				050AF29515681B1700EC6C13 /* ParameterSelectionView.m in Sources */,
				05250E8D15686C150060F993 /* ParameterSelectionCell.m in Sources */,
				05250EC4156962B80060F993 /* UITableViewCell+Extensions.m in Sources */,
				05250ED81569B4870060F993 /* ImageFiltersView.m in Sources */,
				05250EE41569BBDE0060F993 /* FilterImageView.m in Sources */,
				05DDD9D91571B95C0034AF7C /* BouncingPanGestureRecognizer.m in Sources */,
				05DDD9E11572D9350034AF7C /* UIImage+Alpha.m in Sources */,
				05DDD9E21572D9350034AF7C /* UIImage+Resize.m in Sources */,
				05DDD9E31572D9350034AF7C /* UIImage+RoundedCorner.m in Sources */,
				05DDD9E61572D9750034AF7C /* UIImage+Extensions.m in Sources */,
				050462D11579A9080051818C /* FilteredCameraViewController.m in Sources */,
				0539BA21157AE58F00A4A04B /* Album.m in Sources */,
				0539BA2D157AE7A100A4A04B /* CameraUsed.m in Sources */,
				0539BA30157AE7B100A4A04B /* Capture.m in Sources */,
				0539BA33157AE7D700A4A04B /* Filter.m in Sources */,
				0539BA36157AE7F700A4A04B /* FilterPalette.m in Sources */,
				0539BA39157AE81F00A4A04B /* FilterUsed.m in Sources */,
				0539BA3C157AE83E00A4A04B /* Image.m in Sources */,
				0539BA42157AE99600A4A04B /* CameraFactory.m in Sources */,
				0539BA4A157AF9D600A4A04B /* Camera.m in Sources */,
			);
			runOnlyForDeploymentPostprocessing = 0;
		};
/* End PBXSourcesBuildPhase section */

/* Begin PBXTargetDependency section */
		05E05AFD157304B9005FF6C1 /* PBXTargetDependency */ = {
			isa = PBXTargetDependency;
			name = GPUImage;
			targetProxy = 05E05AFC157304B9005FF6C1 /* PBXContainerItemProxy */;
		};
/* End PBXTargetDependency section */

/* Begin PBXVariantGroup section */
		05C99EC914F0585C00D09F3E /* InfoPlist.strings */ = {
			isa = PBXVariantGroup;
			children = (
				05C99ECA14F0585C00D09F3E /* en */,
			);
			name = InfoPlist.strings;
			sourceTree = "<group>";
		};
/* End PBXVariantGroup section */

/* Begin XCBuildConfiguration section */
		05C99ED814F0585C00D09F3E /* Debug */ = {
			isa = XCBuildConfiguration;
			buildSettings = {
				ALWAYS_SEARCH_USER_PATHS = NO;
				ARCHS = "$(ARCHS_STANDARD_32_BIT)";
				CLANG_ENABLE_OBJC_ARC = YES;
				CODE_SIGN_IDENTITY = "";
				"CODE_SIGN_IDENTITY[sdk=iphoneos*]" = "iPhone Developer: Troy Stribling (M8KL9DR9D4)";
				COPY_PHASE_STRIP = NO;
				GCC_C_LANGUAGE_STANDARD = gnu99;
				GCC_DYNAMIC_NO_PIC = NO;
				GCC_OPTIMIZATION_LEVEL = 0;
				GCC_PREPROCESSOR_DEFINITIONS = (
					"DEBUG=1",
					"$(inherited)",
				);
				GCC_SYMBOLS_PRIVATE_EXTERN = NO;
				GCC_VERSION = com.apple.compilers.llvm.clang.1_0;
				GCC_WARN_ABOUT_MISSING_PROTOTYPES = YES;
				GCC_WARN_ABOUT_RETURN_TYPE = YES;
				GCC_WARN_UNUSED_VARIABLE = YES;
				HEADER_SEARCH_PATHS = "../GPUImage/framework/**";
				IPHONEOS_DEPLOYMENT_TARGET = 5.0;
				OTHER_LDFLAGS = "-ObjC";
				"OTHER_LDFLAGS[arch=*]" = "-ObjC";
				"PROVISIONING_PROFILE[sdk=iphoneos*]" = "E5BF5655-359D-425E-83FB-4A7126E4B5E6";
				SDKROOT = iphoneos;
			};
			name = Debug;
		};
		05C99ED914F0585C00D09F3E /* Release */ = {
			isa = XCBuildConfiguration;
			buildSettings = {
				ALWAYS_SEARCH_USER_PATHS = NO;
				ARCHS = "$(ARCHS_STANDARD_32_BIT)";
				CLANG_ENABLE_OBJC_ARC = YES;
				"CODE_SIGN_IDENTITY[sdk=iphoneos*]" = "iPhone Developer";
				COPY_PHASE_STRIP = YES;
				GCC_C_LANGUAGE_STANDARD = gnu99;
				GCC_VERSION = com.apple.compilers.llvm.clang.1_0;
				GCC_WARN_ABOUT_MISSING_PROTOTYPES = YES;
				GCC_WARN_ABOUT_RETURN_TYPE = YES;
				GCC_WARN_UNUSED_VARIABLE = YES;
				HEADER_SEARCH_PATHS = "../GPUImage/framework/**";
				IPHONEOS_DEPLOYMENT_TARGET = 5.0;
				OTHER_CFLAGS = "-DNS_BLOCK_ASSERTIONS=1";
				OTHER_LDFLAGS = "-ObjC";
				"OTHER_LDFLAGS[arch=*]" = "-ObjC";
				SDKROOT = iphoneos;
				VALIDATE_PRODUCT = YES;
			};
			name = Release;
		};
		05C99EDB14F0585C00D09F3E /* Debug */ = {
			isa = XCBuildConfiguration;
			buildSettings = {
				GCC_PRECOMPILE_PREFIX_HEADER = YES;
				GCC_PREFIX_HEADER = "photio/photio-Prefix.pch";
				INFOPLIST_FILE = "photio/photio-Info.plist";
				PRODUCT_NAME = "$(TARGET_NAME)";
				WRAPPER_EXTENSION = app;
			};
			name = Debug;
		};
		05C99EDC14F0585C00D09F3E /* Release */ = {
			isa = XCBuildConfiguration;
			buildSettings = {
				GCC_PRECOMPILE_PREFIX_HEADER = YES;
				GCC_PREFIX_HEADER = "photio/photio-Prefix.pch";
				INFOPLIST_FILE = "photio/photio-Info.plist";
				PRODUCT_NAME = "$(TARGET_NAME)";
				WRAPPER_EXTENSION = app;
			};
			name = Release;
		};
/* End XCBuildConfiguration section */

/* Begin XCConfigurationList section */
		05C99EB614F0585C00D09F3E /* Build configuration list for PBXProject "photio" */ = {
			isa = XCConfigurationList;
			buildConfigurations = (
				05C99ED814F0585C00D09F3E /* Debug */,
				05C99ED914F0585C00D09F3E /* Release */,
			);
			defaultConfigurationIsVisible = 0;
			defaultConfigurationName = Release;
		};
		05C99EDA14F0585C00D09F3E /* Build configuration list for PBXNativeTarget "photio" */ = {
			isa = XCConfigurationList;
			buildConfigurations = (
				05C99EDB14F0585C00D09F3E /* Debug */,
				05C99EDC14F0585C00D09F3E /* Release */,
			);
			defaultConfigurationIsVisible = 0;
			defaultConfigurationName = Release;
		};
/* End XCConfigurationList section */

/* Begin XCVersionGroup section */
		05B837601530B5B500D99A40 /* photio.xcdatamodeld */ = {
			isa = XCVersionGroup;
			children = (
				05B837611530B5B500D99A40 /* photio.xcdatamodel */,
			);
			currentVersion = 05B837611530B5B500D99A40 /* photio.xcdatamodel */;
			path = photio.xcdatamodeld;
			sourceTree = "<group>";
			versionGroupType = wrapper.xcdatamodel;
		};
/* End XCVersionGroup section */
	};
	rootObject = 05C99EB314F0585C00D09F3E /* Project object */;
}
